
Microsoft Visual Studio Solution File, Format Version 12.00
# Visual Studio Version 17
Project("{8BC9CEB8-8B4A-11D0-8D11-00A0C91BC942}") = "ALL_BUILD", "ALL_BUILD.vcxproj", "{D64B344F-EEC8-3694-B368-C392B765391D}"
	ProjectSection(ProjectDependencies) = postProject
		{25DF73EC-F007-3E44-A90A-6E9B30231FED} = {25DF73EC-F007-3E44-A90A-6E9B30231FED}
	EndProjectSection
EndProject
Project("{8BC9CEB8-8B4A-11D0-8D11-00A0C91BC942}") = "INSTALL", "INSTALL.vcxproj", "{C8CFA7C2-F522-3FFF-9F61-BFA5D8EC2244}"
	ProjectSection(ProjectDependencies) = postProject
		{D64B344F-EEC8-3694-B368-C392B765391D} = {D64B344F-EEC8-3694-B368-C392B765391D}
		{25DF73EC-F007-3E44-A90A-6E9B30231FED} = {25DF73EC-F007-3E44-A90A-6E9B30231FED}
	EndProjectSection
EndProject
Project("{8BC9CEB8-8B4A-11D0-8D11-00A0C91BC942}") = "PACKAGE", "PACKAGE.vcxproj", "{495BACC6-54C4-3A84-9DE8-97AD3D3D839A}"
	ProjectSection(ProjectDependencies) = postProject
		{D64B344F-EEC8-3694-B368-C392B765391D} = {D64B344F-EEC8-3694-B368-C392B765391D}
		{25DF73EC-F007-3E44-A90A-6E9B30231FED} = {25DF73EC-F007-3E44-A90A-6E9B30231FED}
	EndProjectSection
EndProject
Project("{8BC9CEB8-8B4A-11D0-8D11-00A0C91BC942}") = "ZERO_CHECK", "..\..\\ZERO_CHECK.vcxproj", "{25DF73EC-F007-3E44-A90A-6E9B30231FED}"
	ProjectSection(ProjectDependencies) = postProject
	EndProjectSection
EndProject
Global
	GlobalSection(SolutionConfigurationPlatforms) = preSolution
		Debug|x64 = Debug|x64
		Release|x64 = Release|x64
		MinSizeRel|x64 = MinSizeRel|x64
		RelWithDebInfo|x64 = RelWithDebInfo|x64
	EndGlobalSection
	GlobalSection(ProjectConfigurationPlatforms) = postSolution
		{D64B344F-EEC8-3694-B368-C392B765391D}.Debug|x64.ActiveCfg = Debug|x64
		{D64B344F-EEC8-3694-B368-C392B765391D}.Debug|x64.Build.0 = Debug|x64
		{D64B344F-EEC8-3694-B368-C392B765391D}.Release|x64.ActiveCfg = Release|x64
		{D64B344F-EEC8-3694-B368-C392B765391D}.Release|x64.Build.0 = Release|x64
		{D64B344F-EEC8-3694-B368-C392B765391D}.MinSizeRel|x64.ActiveCfg = MinSizeRel|x64
		{D64B344F-EEC8-3694-B368-C392B765391D}.MinSizeRel|x64.Build.0 = MinSizeRel|x64
		{D64B344F-EEC8-3694-B368-C392B765391D}.RelWithDebInfo|x64.ActiveCfg = RelWithDebInfo|x64
		{D64B344F-EEC8-3694-B368-C392B765391D}.RelWithDebInfo|x64.Build.0 = RelWithDebInfo|x64
		{C8CFA7C2-F522-3FFF-9F61-BFA5D8EC2244}.Debug|x64.ActiveCfg = Debug|x64
		{C8CFA7C2-F522-3FFF-9F61-BFA5D8EC2244}.Release|x64.ActiveCfg = Release|x64
		{C8CFA7C2-F522-3FFF-9F61-BFA5D8EC2244}.MinSizeRel|x64.ActiveCfg = MinSizeRel|x64
		{C8CFA7C2-F522-3FFF-9F61-BFA5D8EC2244}.RelWithDebInfo|x64.ActiveCfg = RelWithDebInfo|x64
		{495BACC6-54C4-3A84-9DE8-97AD3D3D839A}.Debug|x64.ActiveCfg = Debug|x64
		{495BACC6-54C4-3A84-9DE8-97AD3D3D839A}.Release|x64.ActiveCfg = Release|x64
		{495BACC6-54C4-3A84-9DE8-97AD3D3D839A}.MinSizeRel|x64.ActiveCfg = MinSizeRel|x64
		{495BACC6-54C4-3A84-9DE8-97AD3D3D839A}.RelWithDebInfo|x64.ActiveCfg = RelWithDebInfo|x64
		{25DF73EC-F007-3E44-A90A-6E9B30231FED}.Debug|x64.ActiveCfg = Debug|x64
		{25DF73EC-F007-3E44-A90A-6E9B30231FED}.Debug|x64.Build.0 = Debug|x64
		{25DF73EC-F007-3E44-A90A-6E9B30231FED}.Release|x64.ActiveCfg = Release|x64
		{25DF73EC-F007-3E44-A90A-6E9B30231FED}.Release|x64.Build.0 = Release|x64
		{25DF73EC-F007-3E44-A90A-6E9B30231FED}.MinSizeRel|x64.ActiveCfg = MinSizeRel|x64
		{25DF73EC-F007-3E44-A90A-6E9B30231FED}.MinSizeRel|x64.Build.0 = MinSizeRel|x64
		{25DF73EC-F007-3E44-A90A-6E9B30231FED}.RelWithDebInfo|x64.ActiveCfg = RelWithDebInfo|x64
		{25DF73EC-F007-3E44-A90A-6E9B30231FED}.RelWithDebInfo|x64.Build.0 = RelWithDebInfo|x64
	EndGlobalSection
	GlobalSection(ExtensibilityGlobals) = postSolution
		SolutionGuid = {485997A3-EEEA-360D-8F6D-B3D65723B4A5}
	EndGlobalSection
	GlobalSection(ExtensibilityAddIns) = postSolution
	EndGlobalSection
EndGlobal
