
Microsoft Visual Studio Solution File, Format Version 12.00
# Visual Studio Version 17
Project("{8BC9CEB8-8B4A-11D0-8D11-00A0C91BC942}") = "ALL_BUILD", "ALL_BUILD.vcxproj", "{D64B344F-EEC8-3694-B368-C392B765391D}"
	ProjectSection(ProjectDependencies) = postProject
		{25DF73EC-F007-3E44-A90A-6E9B30231FED} = {25DF73EC-F007-3E44-A90A-6E9B30231FED}
		{2676B927-D3C8-3056-9D1C-50C3BBDF86C7} = {2676B927-D3C8-3056-9D1C-50C3BBDF86C7}
		{76F4C2AA-CC85-3D84-B0C0-BFF6BA6A5138} = {76F4C2AA-CC85-3D84-B0C0-BFF6BA6A5138}
		{C828BE31-696F-32D6-A13C-002E3F1C0D54} = {C828BE31-696F-32D6-A13C-002E3F1C0D54}
		{1EDED40C-37E3-34A2-BD12-6EDC989A97D2} = {1EDED40C-37E3-34A2-BD12-6EDC989A97D2}
		{24FE81BF-9D7E-3676-A2A3-A749403F2DD9} = {24FE81BF-9D7E-3676-A2A3-A749403F2DD9}
		{98DD37A4-173F-3797-8F5C-BB7B6255FF15} = {98DD37A4-173F-3797-8F5C-BB7B6255FF15}
		{513531B3-646C-3D40-994F-1BA64183B1E4} = {513531B3-646C-3D40-994F-1BA64183B1E4}
		{7E5803F8-CD0E-3911-8467-826F8F057AD0} = {7E5803F8-CD0E-3911-8467-826F8F057AD0}
	EndProjectSection
EndProject
Project("{8BC9CEB8-8B4A-11D0-8D11-00A0C91BC942}") = "INSTALL", "INSTALL.vcxproj", "{C8CFA7C2-F522-3FFF-9F61-BFA5D8EC2244}"
	ProjectSection(ProjectDependencies) = postProject
		{D64B344F-EEC8-3694-B368-C392B765391D} = {D64B344F-EEC8-3694-B368-C392B765391D}
		{25DF73EC-F007-3E44-A90A-6E9B30231FED} = {25DF73EC-F007-3E44-A90A-6E9B30231FED}
	EndProjectSection
EndProject
Project("{8BC9CEB8-8B4A-11D0-8D11-00A0C91BC942}") = "PACKAGE", "PACKAGE.vcxproj", "{495BACC6-54C4-3A84-9DE8-97AD3D3D839A}"
	ProjectSection(ProjectDependencies) = postProject
		{D64B344F-EEC8-3694-B368-C392B765391D} = {D64B344F-EEC8-3694-B368-C392B765391D}
		{25DF73EC-F007-3E44-A90A-6E9B30231FED} = {25DF73EC-F007-3E44-A90A-6E9B30231FED}
	EndProjectSection
EndProject
Project("{8BC9CEB8-8B4A-11D0-8D11-00A0C91BC942}") = "ZERO_CHECK", "..\..\\ZERO_CHECK.vcxproj", "{25DF73EC-F007-3E44-A90A-6E9B30231FED}"
	ProjectSection(ProjectDependencies) = postProject
	EndProjectSection
EndProject
Project("{8BC9CEB8-8B4A-11D0-8D11-00A0C91BC942}") = "cmr", "libcmr\cmr.vcxproj", "{2676B927-D3C8-3056-9D1C-50C3BBDF86C7}"
	ProjectSection(ProjectDependencies) = postProject
		{25DF73EC-F007-3E44-A90A-6E9B30231FED} = {25DF73EC-F007-3E44-A90A-6E9B30231FED}
		{21920D71-B0E7-36DB-9E72-FFC77F6776B6} = {21920D71-B0E7-36DB-9E72-FFC77F6776B6}
		{C19650DF-F544-3B84-BC90-B109F323D6B7} = {C19650DF-F544-3B84-BC90-B109F323D6B7}
		{D3035629-2D29-3454-A2A4-4321D79084A2} = {D3035629-2D29-3454-A2A4-4321D79084A2}
		{76F4C2AA-CC85-3D84-B0C0-BFF6BA6A5138} = {76F4C2AA-CC85-3D84-B0C0-BFF6BA6A5138}
		{0E41D812-7E32-3358-A5ED-771AC272DFDD} = {0E41D812-7E32-3358-A5ED-771AC272DFDD}
		{C932210E-9D7F-3563-9D79-25A49BF48185} = {C932210E-9D7F-3563-9D79-25A49BF48185}
	EndProjectSection
EndProject
Project("{8BC9CEB8-8B4A-11D0-8D11-00A0C91BC942}") = "dcmdata", "..\dcmdata\libsrc\dcmdata.vcxproj", "{21920D71-B0E7-36DB-9E72-FFC77F6776B6}"
	ProjectSection(ProjectDependencies) = postProject
		{25DF73EC-F007-3E44-A90A-6E9B30231FED} = {25DF73EC-F007-3E44-A90A-6E9B30231FED}
		{0E41D812-7E32-3358-A5ED-771AC272DFDD} = {0E41D812-7E32-3358-A5ED-771AC272DFDD}
		{C932210E-9D7F-3563-9D79-25A49BF48185} = {C932210E-9D7F-3563-9D79-25A49BF48185}
	EndProjectSection
EndProject
Project("{8BC9CEB8-8B4A-11D0-8D11-00A0C91BC942}") = "dcmimage", "..\dcmimage\libsrc\dcmimage.vcxproj", "{C19650DF-F544-3B84-BC90-B109F323D6B7}"
	ProjectSection(ProjectDependencies) = postProject
		{25DF73EC-F007-3E44-A90A-6E9B30231FED} = {25DF73EC-F007-3E44-A90A-6E9B30231FED}
		{21920D71-B0E7-36DB-9E72-FFC77F6776B6} = {21920D71-B0E7-36DB-9E72-FFC77F6776B6}
		{D3035629-2D29-3454-A2A4-4321D79084A2} = {D3035629-2D29-3454-A2A4-4321D79084A2}
		{0E41D812-7E32-3358-A5ED-771AC272DFDD} = {0E41D812-7E32-3358-A5ED-771AC272DFDD}
		{C932210E-9D7F-3563-9D79-25A49BF48185} = {C932210E-9D7F-3563-9D79-25A49BF48185}
	EndProjectSection
EndProject
Project("{8BC9CEB8-8B4A-11D0-8D11-00A0C91BC942}") = "dcmimgle", "..\dcmimgle\libsrc\dcmimgle.vcxproj", "{D3035629-2D29-3454-A2A4-4321D79084A2}"
	ProjectSection(ProjectDependencies) = postProject
		{25DF73EC-F007-3E44-A90A-6E9B30231FED} = {25DF73EC-F007-3E44-A90A-6E9B30231FED}
		{21920D71-B0E7-36DB-9E72-FFC77F6776B6} = {21920D71-B0E7-36DB-9E72-FFC77F6776B6}
		{0E41D812-7E32-3358-A5ED-771AC272DFDD} = {0E41D812-7E32-3358-A5ED-771AC272DFDD}
		{C932210E-9D7F-3563-9D79-25A49BF48185} = {C932210E-9D7F-3563-9D79-25A49BF48185}
	EndProjectSection
EndProject
Project("{8BC9CEB8-8B4A-11D0-8D11-00A0C91BC942}") = "dcmsr", "libsrc\dcmsr.vcxproj", "{76F4C2AA-CC85-3D84-B0C0-BFF6BA6A5138}"
	ProjectSection(ProjectDependencies) = postProject
		{25DF73EC-F007-3E44-A90A-6E9B30231FED} = {25DF73EC-F007-3E44-A90A-6E9B30231FED}
		{21920D71-B0E7-36DB-9E72-FFC77F6776B6} = {21920D71-B0E7-36DB-9E72-FFC77F6776B6}
		{C19650DF-F544-3B84-BC90-B109F323D6B7} = {C19650DF-F544-3B84-BC90-B109F323D6B7}
		{D3035629-2D29-3454-A2A4-4321D79084A2} = {D3035629-2D29-3454-A2A4-4321D79084A2}
		{0E41D812-7E32-3358-A5ED-771AC272DFDD} = {0E41D812-7E32-3358-A5ED-771AC272DFDD}
		{C932210E-9D7F-3563-9D79-25A49BF48185} = {C932210E-9D7F-3563-9D79-25A49BF48185}
	EndProjectSection
EndProject
Project("{8BC9CEB8-8B4A-11D0-8D11-00A0C91BC942}") = "dcmsr-test-exhaustive", "tests\dcmsr-test-exhaustive.vcxproj", "{A9FE46FC-9515-3E1D-B2F8-95A6CEB5C4D0}"
	ProjectSection(ProjectDependencies) = postProject
		{25DF73EC-F007-3E44-A90A-6E9B30231FED} = {25DF73EC-F007-3E44-A90A-6E9B30231FED}
	EndProjectSection
EndProject
Project("{8BC9CEB8-8B4A-11D0-8D11-00A0C91BC942}") = "dcmsr_tests", "tests\dcmsr_tests.vcxproj", "{C828BE31-696F-32D6-A13C-002E3F1C0D54}"
	ProjectSection(ProjectDependencies) = postProject
		{25DF73EC-F007-3E44-A90A-6E9B30231FED} = {25DF73EC-F007-3E44-A90A-6E9B30231FED}
		{2676B927-D3C8-3056-9D1C-50C3BBDF86C7} = {2676B927-D3C8-3056-9D1C-50C3BBDF86C7}
		{21920D71-B0E7-36DB-9E72-FFC77F6776B6} = {21920D71-B0E7-36DB-9E72-FFC77F6776B6}
		{C19650DF-F544-3B84-BC90-B109F323D6B7} = {C19650DF-F544-3B84-BC90-B109F323D6B7}
		{D3035629-2D29-3454-A2A4-4321D79084A2} = {D3035629-2D29-3454-A2A4-4321D79084A2}
		{76F4C2AA-CC85-3D84-B0C0-BFF6BA6A5138} = {76F4C2AA-CC85-3D84-B0C0-BFF6BA6A5138}
		{0E41D812-7E32-3358-A5ED-771AC272DFDD} = {0E41D812-7E32-3358-A5ED-771AC272DFDD}
		{C932210E-9D7F-3563-9D79-25A49BF48185} = {C932210E-9D7F-3563-9D79-25A49BF48185}
	EndProjectSection
EndProject
Project("{8BC9CEB8-8B4A-11D0-8D11-00A0C91BC942}") = "dsr2html", "apps\dsr2html.vcxproj", "{1EDED40C-37E3-34A2-BD12-6EDC989A97D2}"
	ProjectSection(ProjectDependencies) = postProject
		{25DF73EC-F007-3E44-A90A-6E9B30231FED} = {25DF73EC-F007-3E44-A90A-6E9B30231FED}
		{21920D71-B0E7-36DB-9E72-FFC77F6776B6} = {21920D71-B0E7-36DB-9E72-FFC77F6776B6}
		{C19650DF-F544-3B84-BC90-B109F323D6B7} = {C19650DF-F544-3B84-BC90-B109F323D6B7}
		{D3035629-2D29-3454-A2A4-4321D79084A2} = {D3035629-2D29-3454-A2A4-4321D79084A2}
		{76F4C2AA-CC85-3D84-B0C0-BFF6BA6A5138} = {76F4C2AA-CC85-3D84-B0C0-BFF6BA6A5138}
		{0E41D812-7E32-3358-A5ED-771AC272DFDD} = {0E41D812-7E32-3358-A5ED-771AC272DFDD}
		{C932210E-9D7F-3563-9D79-25A49BF48185} = {C932210E-9D7F-3563-9D79-25A49BF48185}
	EndProjectSection
EndProject
Project("{8BC9CEB8-8B4A-11D0-8D11-00A0C91BC942}") = "dsr2xml", "apps\dsr2xml.vcxproj", "{24FE81BF-9D7E-3676-A2A3-A749403F2DD9}"
	ProjectSection(ProjectDependencies) = postProject
		{25DF73EC-F007-3E44-A90A-6E9B30231FED} = {25DF73EC-F007-3E44-A90A-6E9B30231FED}
		{21920D71-B0E7-36DB-9E72-FFC77F6776B6} = {21920D71-B0E7-36DB-9E72-FFC77F6776B6}
		{C19650DF-F544-3B84-BC90-B109F323D6B7} = {C19650DF-F544-3B84-BC90-B109F323D6B7}
		{D3035629-2D29-3454-A2A4-4321D79084A2} = {D3035629-2D29-3454-A2A4-4321D79084A2}
		{76F4C2AA-CC85-3D84-B0C0-BFF6BA6A5138} = {76F4C2AA-CC85-3D84-B0C0-BFF6BA6A5138}
		{0E41D812-7E32-3358-A5ED-771AC272DFDD} = {0E41D812-7E32-3358-A5ED-771AC272DFDD}
		{C932210E-9D7F-3563-9D79-25A49BF48185} = {C932210E-9D7F-3563-9D79-25A49BF48185}
	EndProjectSection
EndProject
Project("{8BC9CEB8-8B4A-11D0-8D11-00A0C91BC942}") = "dsrdump", "apps\dsrdump.vcxproj", "{98DD37A4-173F-3797-8F5C-BB7B6255FF15}"
	ProjectSection(ProjectDependencies) = postProject
		{25DF73EC-F007-3E44-A90A-6E9B30231FED} = {25DF73EC-F007-3E44-A90A-6E9B30231FED}
		{21920D71-B0E7-36DB-9E72-FFC77F6776B6} = {21920D71-B0E7-36DB-9E72-FFC77F6776B6}
		{C19650DF-F544-3B84-BC90-B109F323D6B7} = {C19650DF-F544-3B84-BC90-B109F323D6B7}
		{D3035629-2D29-3454-A2A4-4321D79084A2} = {D3035629-2D29-3454-A2A4-4321D79084A2}
		{76F4C2AA-CC85-3D84-B0C0-BFF6BA6A5138} = {76F4C2AA-CC85-3D84-B0C0-BFF6BA6A5138}
		{0E41D812-7E32-3358-A5ED-771AC272DFDD} = {0E41D812-7E32-3358-A5ED-771AC272DFDD}
		{C932210E-9D7F-3563-9D79-25A49BF48185} = {C932210E-9D7F-3563-9D79-25A49BF48185}
	EndProjectSection
EndProject
Project("{8BC9CEB8-8B4A-11D0-8D11-00A0C91BC942}") = "mkreport", "tests\mkreport.vcxproj", "{513531B3-646C-3D40-994F-1BA64183B1E4}"
	ProjectSection(ProjectDependencies) = postProject
		{25DF73EC-F007-3E44-A90A-6E9B30231FED} = {25DF73EC-F007-3E44-A90A-6E9B30231FED}
		{21920D71-B0E7-36DB-9E72-FFC77F6776B6} = {21920D71-B0E7-36DB-9E72-FFC77F6776B6}
		{C19650DF-F544-3B84-BC90-B109F323D6B7} = {C19650DF-F544-3B84-BC90-B109F323D6B7}
		{D3035629-2D29-3454-A2A4-4321D79084A2} = {D3035629-2D29-3454-A2A4-4321D79084A2}
		{76F4C2AA-CC85-3D84-B0C0-BFF6BA6A5138} = {76F4C2AA-CC85-3D84-B0C0-BFF6BA6A5138}
		{0E41D812-7E32-3358-A5ED-771AC272DFDD} = {0E41D812-7E32-3358-A5ED-771AC272DFDD}
		{C932210E-9D7F-3563-9D79-25A49BF48185} = {C932210E-9D7F-3563-9D79-25A49BF48185}
	EndProjectSection
EndProject
Project("{8BC9CEB8-8B4A-11D0-8D11-00A0C91BC942}") = "oflog", "..\oflog\libsrc\oflog.vcxproj", "{0E41D812-7E32-3358-A5ED-771AC272DFDD}"
	ProjectSection(ProjectDependencies) = postProject
		{25DF73EC-F007-3E44-A90A-6E9B30231FED} = {25DF73EC-F007-3E44-A90A-6E9B30231FED}
		{C932210E-9D7F-3563-9D79-25A49BF48185} = {C932210E-9D7F-3563-9D79-25A49BF48185}
	EndProjectSection
EndProject
Project("{8BC9CEB8-8B4A-11D0-8D11-00A0C91BC942}") = "ofstd", "..\ofstd\libsrc\ofstd.vcxproj", "{C932210E-9D7F-3563-9D79-25A49BF48185}"
	ProjectSection(ProjectDependencies) = postProject
		{25DF73EC-F007-3E44-A90A-6E9B30231FED} = {25DF73EC-F007-3E44-A90A-6E9B30231FED}
	EndProjectSection
EndProject
Project("{8BC9CEB8-8B4A-11D0-8D11-00A0C91BC942}") = "xml2dsr", "apps\xml2dsr.vcxproj", "{7E5803F8-CD0E-3911-8467-826F8F057AD0}"
	ProjectSection(ProjectDependencies) = postProject
		{25DF73EC-F007-3E44-A90A-6E9B30231FED} = {25DF73EC-F007-3E44-A90A-6E9B30231FED}
		{21920D71-B0E7-36DB-9E72-FFC77F6776B6} = {21920D71-B0E7-36DB-9E72-FFC77F6776B6}
		{C19650DF-F544-3B84-BC90-B109F323D6B7} = {C19650DF-F544-3B84-BC90-B109F323D6B7}
		{D3035629-2D29-3454-A2A4-4321D79084A2} = {D3035629-2D29-3454-A2A4-4321D79084A2}
		{76F4C2AA-CC85-3D84-B0C0-BFF6BA6A5138} = {76F4C2AA-CC85-3D84-B0C0-BFF6BA6A5138}
		{0E41D812-7E32-3358-A5ED-771AC272DFDD} = {0E41D812-7E32-3358-A5ED-771AC272DFDD}
		{C932210E-9D7F-3563-9D79-25A49BF48185} = {C932210E-9D7F-3563-9D79-25A49BF48185}
	EndProjectSection
EndProject
Global
	GlobalSection(SolutionConfigurationPlatforms) = preSolution
		Debug|x64 = Debug|x64
		Release|x64 = Release|x64
		MinSizeRel|x64 = MinSizeRel|x64
		RelWithDebInfo|x64 = RelWithDebInfo|x64
	EndGlobalSection
	GlobalSection(ProjectConfigurationPlatforms) = postSolution
		{D64B344F-EEC8-3694-B368-C392B765391D}.Debug|x64.ActiveCfg = Debug|x64
		{D64B344F-EEC8-3694-B368-C392B765391D}.Debug|x64.Build.0 = Debug|x64
		{D64B344F-EEC8-3694-B368-C392B765391D}.Release|x64.ActiveCfg = Release|x64
		{D64B344F-EEC8-3694-B368-C392B765391D}.Release|x64.Build.0 = Release|x64
		{D64B344F-EEC8-3694-B368-C392B765391D}.MinSizeRel|x64.ActiveCfg = MinSizeRel|x64
		{D64B344F-EEC8-3694-B368-C392B765391D}.MinSizeRel|x64.Build.0 = MinSizeRel|x64
		{D64B344F-EEC8-3694-B368-C392B765391D}.RelWithDebInfo|x64.ActiveCfg = RelWithDebInfo|x64
		{D64B344F-EEC8-3694-B368-C392B765391D}.RelWithDebInfo|x64.Build.0 = RelWithDebInfo|x64
		{C8CFA7C2-F522-3FFF-9F61-BFA5D8EC2244}.Debug|x64.ActiveCfg = Debug|x64
		{C8CFA7C2-F522-3FFF-9F61-BFA5D8EC2244}.Release|x64.ActiveCfg = Release|x64
		{C8CFA7C2-F522-3FFF-9F61-BFA5D8EC2244}.MinSizeRel|x64.ActiveCfg = MinSizeRel|x64
		{C8CFA7C2-F522-3FFF-9F61-BFA5D8EC2244}.RelWithDebInfo|x64.ActiveCfg = RelWithDebInfo|x64
		{495BACC6-54C4-3A84-9DE8-97AD3D3D839A}.Debug|x64.ActiveCfg = Debug|x64
		{495BACC6-54C4-3A84-9DE8-97AD3D3D839A}.Release|x64.ActiveCfg = Release|x64
		{495BACC6-54C4-3A84-9DE8-97AD3D3D839A}.MinSizeRel|x64.ActiveCfg = MinSizeRel|x64
		{495BACC6-54C4-3A84-9DE8-97AD3D3D839A}.RelWithDebInfo|x64.ActiveCfg = RelWithDebInfo|x64
		{25DF73EC-F007-3E44-A90A-6E9B30231FED}.Debug|x64.ActiveCfg = Debug|x64
		{25DF73EC-F007-3E44-A90A-6E9B30231FED}.Debug|x64.Build.0 = Debug|x64
		{25DF73EC-F007-3E44-A90A-6E9B30231FED}.Release|x64.ActiveCfg = Release|x64
		{25DF73EC-F007-3E44-A90A-6E9B30231FED}.Release|x64.Build.0 = Release|x64
		{25DF73EC-F007-3E44-A90A-6E9B30231FED}.MinSizeRel|x64.ActiveCfg = MinSizeRel|x64
		{25DF73EC-F007-3E44-A90A-6E9B30231FED}.MinSizeRel|x64.Build.0 = MinSizeRel|x64
		{25DF73EC-F007-3E44-A90A-6E9B30231FED}.RelWithDebInfo|x64.ActiveCfg = RelWithDebInfo|x64
		{25DF73EC-F007-3E44-A90A-6E9B30231FED}.RelWithDebInfo|x64.Build.0 = RelWithDebInfo|x64
		{2676B927-D3C8-3056-9D1C-50C3BBDF86C7}.Debug|x64.ActiveCfg = Debug|x64
		{2676B927-D3C8-3056-9D1C-50C3BBDF86C7}.Debug|x64.Build.0 = Debug|x64
		{2676B927-D3C8-3056-9D1C-50C3BBDF86C7}.Release|x64.ActiveCfg = Release|x64
		{2676B927-D3C8-3056-9D1C-50C3BBDF86C7}.Release|x64.Build.0 = Release|x64
		{2676B927-D3C8-3056-9D1C-50C3BBDF86C7}.MinSizeRel|x64.ActiveCfg = MinSizeRel|x64
		{2676B927-D3C8-3056-9D1C-50C3BBDF86C7}.MinSizeRel|x64.Build.0 = MinSizeRel|x64
		{2676B927-D3C8-3056-9D1C-50C3BBDF86C7}.RelWithDebInfo|x64.ActiveCfg = RelWithDebInfo|x64
		{2676B927-D3C8-3056-9D1C-50C3BBDF86C7}.RelWithDebInfo|x64.Build.0 = RelWithDebInfo|x64
		{21920D71-B0E7-36DB-9E72-FFC77F6776B6}.Debug|x64.ActiveCfg = Debug|x64
		{21920D71-B0E7-36DB-9E72-FFC77F6776B6}.Debug|x64.Build.0 = Debug|x64
		{21920D71-B0E7-36DB-9E72-FFC77F6776B6}.Release|x64.ActiveCfg = Release|x64
		{21920D71-B0E7-36DB-9E72-FFC77F6776B6}.Release|x64.Build.0 = Release|x64
		{21920D71-B0E7-36DB-9E72-FFC77F6776B6}.MinSizeRel|x64.ActiveCfg = MinSizeRel|x64
		{21920D71-B0E7-36DB-9E72-FFC77F6776B6}.MinSizeRel|x64.Build.0 = MinSizeRel|x64
		{21920D71-B0E7-36DB-9E72-FFC77F6776B6}.RelWithDebInfo|x64.ActiveCfg = RelWithDebInfo|x64
		{21920D71-B0E7-36DB-9E72-FFC77F6776B6}.RelWithDebInfo|x64.Build.0 = RelWithDebInfo|x64
		{C19650DF-F544-3B84-BC90-B109F323D6B7}.Debug|x64.ActiveCfg = Debug|x64
		{C19650DF-F544-3B84-BC90-B109F323D6B7}.Debug|x64.Build.0 = Debug|x64
		{C19650DF-F544-3B84-BC90-B109F323D6B7}.Release|x64.ActiveCfg = Release|x64
		{C19650DF-F544-3B84-BC90-B109F323D6B7}.Release|x64.Build.0 = Release|x64
		{C19650DF-F544-3B84-BC90-B109F323D6B7}.MinSizeRel|x64.ActiveCfg = MinSizeRel|x64
		{C19650DF-F544-3B84-BC90-B109F323D6B7}.MinSizeRel|x64.Build.0 = MinSizeRel|x64
		{C19650DF-F544-3B84-BC90-B109F323D6B7}.RelWithDebInfo|x64.ActiveCfg = RelWithDebInfo|x64
		{C19650DF-F544-3B84-BC90-B109F323D6B7}.RelWithDebInfo|x64.Build.0 = RelWithDebInfo|x64
		{D3035629-2D29-3454-A2A4-4321D79084A2}.Debug|x64.ActiveCfg = Debug|x64
		{D3035629-2D29-3454-A2A4-4321D79084A2}.Debug|x64.Build.0 = Debug|x64
		{D3035629-2D29-3454-A2A4-4321D79084A2}.Release|x64.ActiveCfg = Release|x64
		{D3035629-2D29-3454-A2A4-4321D79084A2}.Release|x64.Build.0 = Release|x64
		{D3035629-2D29-3454-A2A4-4321D79084A2}.MinSizeRel|x64.ActiveCfg = MinSizeRel|x64
		{D3035629-2D29-3454-A2A4-4321D79084A2}.MinSizeRel|x64.Build.0 = MinSizeRel|x64
		{D3035629-2D29-3454-A2A4-4321D79084A2}.RelWithDebInfo|x64.ActiveCfg = RelWithDebInfo|x64
		{D3035629-2D29-3454-A2A4-4321D79084A2}.RelWithDebInfo|x64.Build.0 = RelWithDebInfo|x64
		{76F4C2AA-CC85-3D84-B0C0-BFF6BA6A5138}.Debug|x64.ActiveCfg = Debug|x64
		{76F4C2AA-CC85-3D84-B0C0-BFF6BA6A5138}.Debug|x64.Build.0 = Debug|x64
		{76F4C2AA-CC85-3D84-B0C0-BFF6BA6A5138}.Release|x64.ActiveCfg = Release|x64
		{76F4C2AA-CC85-3D84-B0C0-BFF6BA6A5138}.Release|x64.Build.0 = Release|x64
		{76F4C2AA-CC85-3D84-B0C0-BFF6BA6A5138}.MinSizeRel|x64.ActiveCfg = MinSizeRel|x64
		{76F4C2AA-CC85-3D84-B0C0-BFF6BA6A5138}.MinSizeRel|x64.Build.0 = MinSizeRel|x64
		{76F4C2AA-CC85-3D84-B0C0-BFF6BA6A5138}.RelWithDebInfo|x64.ActiveCfg = RelWithDebInfo|x64
		{76F4C2AA-CC85-3D84-B0C0-BFF6BA6A5138}.RelWithDebInfo|x64.Build.0 = RelWithDebInfo|x64
		{A9FE46FC-9515-3E1D-B2F8-95A6CEB5C4D0}.Debug|x64.ActiveCfg = Debug|x64
		{A9FE46FC-9515-3E1D-B2F8-95A6CEB5C4D0}.Release|x64.ActiveCfg = Release|x64
		{A9FE46FC-9515-3E1D-B2F8-95A6CEB5C4D0}.MinSizeRel|x64.ActiveCfg = MinSizeRel|x64
		{A9FE46FC-9515-3E1D-B2F8-95A6CEB5C4D0}.RelWithDebInfo|x64.ActiveCfg = RelWithDebInfo|x64
		{C828BE31-696F-32D6-A13C-002E3F1C0D54}.Debug|x64.ActiveCfg = Debug|x64
		{C828BE31-696F-32D6-A13C-002E3F1C0D54}.Debug|x64.Build.0 = Debug|x64
		{C828BE31-696F-32D6-A13C-002E3F1C0D54}.Release|x64.ActiveCfg = Release|x64
		{C828BE31-696F-32D6-A13C-002E3F1C0D54}.Release|x64.Build.0 = Release|x64
		{C828BE31-696F-32D6-A13C-002E3F1C0D54}.MinSizeRel|x64.ActiveCfg = MinSizeRel|x64
		{C828BE31-696F-32D6-A13C-002E3F1C0D54}.MinSizeRel|x64.Build.0 = MinSizeRel|x64
		{C828BE31-696F-32D6-A13C-002E3F1C0D54}.RelWithDebInfo|x64.ActiveCfg = RelWithDebInfo|x64
		{C828BE31-696F-32D6-A13C-002E3F1C0D54}.RelWithDebInfo|x64.Build.0 = RelWithDebInfo|x64
		{1EDED40C-37E3-34A2-BD12-6EDC989A97D2}.Debug|x64.ActiveCfg = Debug|x64
		{1EDED40C-37E3-34A2-BD12-6EDC989A97D2}.Debug|x64.Build.0 = Debug|x64
		{1EDED40C-37E3-34A2-BD12-6EDC989A97D2}.Release|x64.ActiveCfg = Release|x64
		{1EDED40C-37E3-34A2-BD12-6EDC989A97D2}.Release|x64.Build.0 = Release|x64
		{1EDED40C-37E3-34A2-BD12-6EDC989A97D2}.MinSizeRel|x64.ActiveCfg = MinSizeRel|x64
		{1EDED40C-37E3-34A2-BD12-6EDC989A97D2}.MinSizeRel|x64.Build.0 = MinSizeRel|x64
		{1EDED40C-37E3-34A2-BD12-6EDC989A97D2}.RelWithDebInfo|x64.ActiveCfg = RelWithDebInfo|x64
		{1EDED40C-37E3-34A2-BD12-6EDC989A97D2}.RelWithDebInfo|x64.Build.0 = RelWithDebInfo|x64
		{24FE81BF-9D7E-3676-A2A3-A749403F2DD9}.Debug|x64.ActiveCfg = Debug|x64
		{24FE81BF-9D7E-3676-A2A3-A749403F2DD9}.Debug|x64.Build.0 = Debug|x64
		{24FE81BF-9D7E-3676-A2A3-A749403F2DD9}.Release|x64.ActiveCfg = Release|x64
		{24FE81BF-9D7E-3676-A2A3-A749403F2DD9}.Release|x64.Build.0 = Release|x64
		{24FE81BF-9D7E-3676-A2A3-A749403F2DD9}.MinSizeRel|x64.ActiveCfg = MinSizeRel|x64
		{24FE81BF-9D7E-3676-A2A3-A749403F2DD9}.MinSizeRel|x64.Build.0 = MinSizeRel|x64
		{24FE81BF-9D7E-3676-A2A3-A749403F2DD9}.RelWithDebInfo|x64.ActiveCfg = RelWithDebInfo|x64
		{24FE81BF-9D7E-3676-A2A3-A749403F2DD9}.RelWithDebInfo|x64.Build.0 = RelWithDebInfo|x64
		{98DD37A4-173F-3797-8F5C-BB7B6255FF15}.Debug|x64.ActiveCfg = Debug|x64
		{98DD37A4-173F-3797-8F5C-BB7B6255FF15}.Debug|x64.Build.0 = Debug|x64
		{98DD37A4-173F-3797-8F5C-BB7B6255FF15}.Release|x64.ActiveCfg = Release|x64
		{98DD37A4-173F-3797-8F5C-BB7B6255FF15}.Release|x64.Build.0 = Release|x64
		{98DD37A4-173F-3797-8F5C-BB7B6255FF15}.MinSizeRel|x64.ActiveCfg = MinSizeRel|x64
		{98DD37A4-173F-3797-8F5C-BB7B6255FF15}.MinSizeRel|x64.Build.0 = MinSizeRel|x64
		{98DD37A4-173F-3797-8F5C-BB7B6255FF15}.RelWithDebInfo|x64.ActiveCfg = RelWithDebInfo|x64
		{98DD37A4-173F-3797-8F5C-BB7B6255FF15}.RelWithDebInfo|x64.Build.0 = RelWithDebInfo|x64
		{513531B3-646C-3D40-994F-1BA64183B1E4}.Debug|x64.ActiveCfg = Debug|x64
		{513531B3-646C-3D40-994F-1BA64183B1E4}.Debug|x64.Build.0 = Debug|x64
		{513531B3-646C-3D40-994F-1BA64183B1E4}.Release|x64.ActiveCfg = Release|x64
		{513531B3-646C-3D40-994F-1BA64183B1E4}.Release|x64.Build.0 = Release|x64
		{513531B3-646C-3D40-994F-1BA64183B1E4}.MinSizeRel|x64.ActiveCfg = MinSizeRel|x64
		{513531B3-646C-3D40-994F-1BA64183B1E4}.MinSizeRel|x64.Build.0 = MinSizeRel|x64
		{513531B3-646C-3D40-994F-1BA64183B1E4}.RelWithDebInfo|x64.ActiveCfg = RelWithDebInfo|x64
		{513531B3-646C-3D40-994F-1BA64183B1E4}.RelWithDebInfo|x64.Build.0 = RelWithDebInfo|x64
		{0E41D812-7E32-3358-A5ED-771AC272DFDD}.Debug|x64.ActiveCfg = Debug|x64
		{0E41D812-7E32-3358-A5ED-771AC272DFDD}.Debug|x64.Build.0 = Debug|x64
		{0E41D812-7E32-3358-A5ED-771AC272DFDD}.Release|x64.ActiveCfg = Release|x64
		{0E41D812-7E32-3358-A5ED-771AC272DFDD}.Release|x64.Build.0 = Release|x64
		{0E41D812-7E32-3358-A5ED-771AC272DFDD}.MinSizeRel|x64.ActiveCfg = MinSizeRel|x64
		{0E41D812-7E32-3358-A5ED-771AC272DFDD}.MinSizeRel|x64.Build.0 = MinSizeRel|x64
		{0E41D812-7E32-3358-A5ED-771AC272DFDD}.RelWithDebInfo|x64.ActiveCfg = RelWithDebInfo|x64
		{0E41D812-7E32-3358-A5ED-771AC272DFDD}.RelWithDebInfo|x64.Build.0 = RelWithDebInfo|x64
		{C932210E-9D7F-3563-9D79-25A49BF48185}.Debug|x64.ActiveCfg = Debug|x64
		{C932210E-9D7F-3563-9D79-25A49BF48185}.Debug|x64.Build.0 = Debug|x64
		{C932210E-9D7F-3563-9D79-25A49BF48185}.Release|x64.ActiveCfg = Release|x64
		{C932210E-9D7F-3563-9D79-25A49BF48185}.Release|x64.Build.0 = Release|x64
		{C932210E-9D7F-3563-9D79-25A49BF48185}.MinSizeRel|x64.ActiveCfg = MinSizeRel|x64
		{C932210E-9D7F-3563-9D79-25A49BF48185}.MinSizeRel|x64.Build.0 = MinSizeRel|x64
		{C932210E-9D7F-3563-9D79-25A49BF48185}.RelWithDebInfo|x64.ActiveCfg = RelWithDebInfo|x64
		{C932210E-9D7F-3563-9D79-25A49BF48185}.RelWithDebInfo|x64.Build.0 = RelWithDebInfo|x64
		{7E5803F8-CD0E-3911-8467-826F8F057AD0}.Debug|x64.ActiveCfg = Debug|x64
		{7E5803F8-CD0E-3911-8467-826F8F057AD0}.Debug|x64.Build.0 = Debug|x64
		{7E5803F8-CD0E-3911-8467-826F8F057AD0}.Release|x64.ActiveCfg = Release|x64
		{7E5803F8-CD0E-3911-8467-826F8F057AD0}.Release|x64.Build.0 = Release|x64
		{7E5803F8-CD0E-3911-8467-826F8F057AD0}.MinSizeRel|x64.ActiveCfg = MinSizeRel|x64
		{7E5803F8-CD0E-3911-8467-826F8F057AD0}.MinSizeRel|x64.Build.0 = MinSizeRel|x64
		{7E5803F8-CD0E-3911-8467-826F8F057AD0}.RelWithDebInfo|x64.ActiveCfg = RelWithDebInfo|x64
		{7E5803F8-CD0E-3911-8467-826F8F057AD0}.RelWithDebInfo|x64.Build.0 = RelWithDebInfo|x64
	EndGlobalSection
	GlobalSection(ExtensibilityGlobals) = postSolution
		SolutionGuid = {69C311FC-ECD4-35ED-8229-9643CEE45769}
	EndGlobalSection
	GlobalSection(ExtensibilityAddIns) = postSolution
	EndGlobalSection
EndGlobal
