
Microsoft Visual Studio Solution File, Format Version 12.00
# Visual Studio Version 17
Project("{8BC9CEB8-8B4A-11D0-8D11-00A0C91BC942}") = "ALL_BUILD", "ALL_BUILD.vcxproj", "{D64B344F-EEC8-3694-B368-C392B765391D}"
	ProjectSection(ProjectDependencies) = postProject
		{25DF73EC-F007-3E44-A90A-6E9B30231FED} = {25DF73EC-F007-3E44-A90A-6E9B30231FED}
		{666F1FF3-C3A3-3C78-9C1B-54F9E1CD6329} = {666F1FF3-C3A3-3C78-9C1B-54F9E1CD6329}
		{A6C077A7-2E13-3015-AD1B-36D6D5168327} = {A6C077A7-2E13-3015-AD1B-36D6D5168327}
		{1EAD6BD6-58C4-34FF-99DD-91CFCF439943} = {1EAD6BD6-58C4-34FF-99DD-91CFCF439943}
		{6ED45339-F290-3611-8C14-4481300A8EE7} = {6ED45339-F290-3611-8C14-4481300A8EE7}
		{F49B337A-498B-30CF-A6C9-4A12E9871014} = {F49B337A-498B-30CF-A6C9-4A12E9871014}
		{8057D385-5FE2-3079-A0A6-36FF2DBF0DAA} = {8057D385-5FE2-3079-A0A6-36FF2DBF0DAA}
		{A77D6836-FAA8-3305-A489-525B578BB3B5} = {A77D6836-FAA8-3305-A489-525B578BB3B5}
		{7632CB4C-FF54-3F1F-AFB1-04C51233D9EF} = {7632CB4C-FF54-3F1F-AFB1-04C51233D9EF}
		{7A5D1EC1-D68B-345E-AB56-6B405D22AD89} = {7A5D1EC1-D68B-345E-AB56-6B405D22AD89}
		{823B3E11-F0DC-3C63-A6A4-690FE95F2C8A} = {823B3E11-F0DC-3C63-A6A4-690FE95F2C8A}
		{77CC5C48-E5A8-305D-B3A0-FC41A9FB5D4B} = {77CC5C48-E5A8-305D-B3A0-FC41A9FB5D4B}
		{0F7EB6E3-5F50-357E-9A7D-86EFD4F3B666} = {0F7EB6E3-5F50-357E-9A7D-86EFD4F3B666}
		{B403A84A-8FBF-3BF3-9AA4-2D40DAAFC34A} = {B403A84A-8FBF-3BF3-9AA4-2D40DAAFC34A}
		{7C30EAC4-7F35-3EBB-8922-C15602036218} = {7C30EAC4-7F35-3EBB-8922-C15602036218}
		{A77911E4-BFDD-3C22-89FC-857C2C8C3DE9} = {A77911E4-BFDD-3C22-89FC-857C2C8C3DE9}
		{5469732B-E4E0-3C0D-A2F8-1E088BBACA3C} = {5469732B-E4E0-3C0D-A2F8-1E088BBACA3C}
		{64E74418-637D-3B81-98E2-0257134A493C} = {64E74418-637D-3B81-98E2-0257134A493C}
		{3D629DF5-38C3-34E7-9BE4-F3BCF74C7DCE} = {3D629DF5-38C3-34E7-9BE4-F3BCF74C7DCE}
		{45BABE37-3087-3790-BE9D-FE241AE6D6B2} = {45BABE37-3087-3790-BE9D-FE241AE6D6B2}
		{ADBDAD6C-1AF0-3592-9A03-494505E889B9} = {ADBDAD6C-1AF0-3592-9A03-494505E889B9}
		{DE2D0C0F-7EB1-37B5-956C-F1BE58DA20B4} = {DE2D0C0F-7EB1-37B5-956C-F1BE58DA20B4}
		{EB9979EF-0299-3B95-A86F-E0C0FE2A195A} = {EB9979EF-0299-3B95-A86F-E0C0FE2A195A}
		{1D10FB95-FC80-3A49-A076-7A0ADB120776} = {1D10FB95-FC80-3A49-A076-7A0ADB120776}
		{4D059D76-8C66-3379-979A-719C4395D052} = {4D059D76-8C66-3379-979A-719C4395D052}
		{4E1EA354-E9DE-39E2-976D-F4485841AD9C} = {4E1EA354-E9DE-39E2-976D-F4485841AD9C}
		{5A5FAAD7-1824-37CA-8223-0432F74106C4} = {5A5FAAD7-1824-37CA-8223-0432F74106C4}
		{5C97BC32-5F0C-3141-A72A-B9A4298FF1D3} = {5C97BC32-5F0C-3141-A72A-B9A4298FF1D3}
		{38CF4D7E-FE7E-35FA-9530-3CC7E4AD3E50} = {38CF4D7E-FE7E-35FA-9530-3CC7E4AD3E50}
		{22F376EF-43F2-35E4-B928-CEB8BEF383CD} = {22F376EF-43F2-35E4-B928-CEB8BEF383CD}
		{EF170A75-195C-3C21-910E-33978F53A543} = {EF170A75-195C-3C21-910E-33978F53A543}
		{786408FF-E13A-38C5-921C-697A8D4BEF35} = {786408FF-E13A-38C5-921C-697A8D4BEF35}
		{AAFA15F9-9211-36AB-ADA9-84133B0D11AB} = {AAFA15F9-9211-36AB-ADA9-84133B0D11AB}
		{4D606F32-CA62-3B32-975E-189B00DD07B4} = {4D606F32-CA62-3B32-975E-189B00DD07B4}
		{BBDC61DC-5C13-31EF-9282-319D107E6726} = {BBDC61DC-5C13-31EF-9282-319D107E6726}
		{CE075B58-A3F4-312B-B6D3-EA9363D49DEE} = {CE075B58-A3F4-312B-B6D3-EA9363D49DEE}
		{277F8B29-F5C8-3B92-B2B9-823FF1DDCE99} = {277F8B29-F5C8-3B92-B2B9-823FF1DDCE99}
	EndProjectSection
EndProject
Project("{8BC9CEB8-8B4A-11D0-8D11-00A0C91BC942}") = "INSTALL", "INSTALL.vcxproj", "{C8CFA7C2-F522-3FFF-9F61-BFA5D8EC2244}"
	ProjectSection(ProjectDependencies) = postProject
		{D64B344F-EEC8-3694-B368-C392B765391D} = {D64B344F-EEC8-3694-B368-C392B765391D}
		{25DF73EC-F007-3E44-A90A-6E9B30231FED} = {25DF73EC-F007-3E44-A90A-6E9B30231FED}
	EndProjectSection
EndProject
Project("{8BC9CEB8-8B4A-11D0-8D11-00A0C91BC942}") = "PACKAGE", "PACKAGE.vcxproj", "{495BACC6-54C4-3A84-9DE8-97AD3D3D839A}"
	ProjectSection(ProjectDependencies) = postProject
		{D64B344F-EEC8-3694-B368-C392B765391D} = {D64B344F-EEC8-3694-B368-C392B765391D}
		{25DF73EC-F007-3E44-A90A-6E9B30231FED} = {25DF73EC-F007-3E44-A90A-6E9B30231FED}
	EndProjectSection
EndProject
Project("{8BC9CEB8-8B4A-11D0-8D11-00A0C91BC942}") = "ZERO_CHECK", "..\..\..\\ZERO_CHECK.vcxproj", "{25DF73EC-F007-3E44-A90A-6E9B30231FED}"
	ProjectSection(ProjectDependencies) = postProject
	EndProjectSection
EndProject
Project("{8BC9CEB8-8B4A-11D0-8D11-00A0C91BC942}") = "aggregation1", "aggregation1.vcxproj", "{666F1FF3-C3A3-3C78-9C1B-54F9E1CD6329}"
	ProjectSection(ProjectDependencies) = postProject
		{25DF73EC-F007-3E44-A90A-6E9B30231FED} = {25DF73EC-F007-3E44-A90A-6E9B30231FED}
		{2F316CB7-6DC3-3087-A891-31706CFF170F} = {2F316CB7-6DC3-3087-A891-31706CFF170F}
		{786408FF-E13A-38C5-921C-697A8D4BEF35} = {786408FF-E13A-38C5-921C-697A8D4BEF35}
	EndProjectSection
EndProject
Project("{8BC9CEB8-8B4A-11D0-8D11-00A0C91BC942}") = "basic-aggregation", "basic-aggregation.vcxproj", "{A6C077A7-2E13-3015-AD1B-36D6D5168327}"
	ProjectSection(ProjectDependencies) = postProject
		{25DF73EC-F007-3E44-A90A-6E9B30231FED} = {25DF73EC-F007-3E44-A90A-6E9B30231FED}
		{2F316CB7-6DC3-3087-A891-31706CFF170F} = {2F316CB7-6DC3-3087-A891-31706CFF170F}
		{786408FF-E13A-38C5-921C-697A8D4BEF35} = {786408FF-E13A-38C5-921C-697A8D4BEF35}
	EndProjectSection
EndProject
Project("{8BC9CEB8-8B4A-11D0-8D11-00A0C91BC942}") = "bson_shared", "..\libbson\bson_shared.vcxproj", "{2F316CB7-6DC3-3087-A891-31706CFF170F}"
	ProjectSection(ProjectDependencies) = postProject
		{25DF73EC-F007-3E44-A90A-6E9B30231FED} = {25DF73EC-F007-3E44-A90A-6E9B30231FED}
	EndProjectSection
EndProject
Project("{8BC9CEB8-8B4A-11D0-8D11-00A0C91BC942}") = "bson_static", "..\libbson\bson_static.vcxproj", "{CCF2CF50-41CD-369B-AEDE-892BB60E9BCE}"
	ProjectSection(ProjectDependencies) = postProject
		{25DF73EC-F007-3E44-A90A-6E9B30231FED} = {25DF73EC-F007-3E44-A90A-6E9B30231FED}
	EndProjectSection
EndProject
Project("{8BC9CEB8-8B4A-11D0-8D11-00A0C91BC942}") = "bulk-collation", "bulk-collation.vcxproj", "{1EAD6BD6-58C4-34FF-99DD-91CFCF439943}"
	ProjectSection(ProjectDependencies) = postProject
		{25DF73EC-F007-3E44-A90A-6E9B30231FED} = {25DF73EC-F007-3E44-A90A-6E9B30231FED}
		{2F316CB7-6DC3-3087-A891-31706CFF170F} = {2F316CB7-6DC3-3087-A891-31706CFF170F}
		{786408FF-E13A-38C5-921C-697A8D4BEF35} = {786408FF-E13A-38C5-921C-697A8D4BEF35}
	EndProjectSection
EndProject
Project("{8BC9CEB8-8B4A-11D0-8D11-00A0C91BC942}") = "bulk1", "bulk1.vcxproj", "{6ED45339-F290-3611-8C14-4481300A8EE7}"
	ProjectSection(ProjectDependencies) = postProject
		{25DF73EC-F007-3E44-A90A-6E9B30231FED} = {25DF73EC-F007-3E44-A90A-6E9B30231FED}
		{2F316CB7-6DC3-3087-A891-31706CFF170F} = {2F316CB7-6DC3-3087-A891-31706CFF170F}
		{786408FF-E13A-38C5-921C-697A8D4BEF35} = {786408FF-E13A-38C5-921C-697A8D4BEF35}
	EndProjectSection
EndProject
Project("{8BC9CEB8-8B4A-11D0-8D11-00A0C91BC942}") = "bulk2", "bulk2.vcxproj", "{F49B337A-498B-30CF-A6C9-4A12E9871014}"
	ProjectSection(ProjectDependencies) = postProject
		{25DF73EC-F007-3E44-A90A-6E9B30231FED} = {25DF73EC-F007-3E44-A90A-6E9B30231FED}
		{2F316CB7-6DC3-3087-A891-31706CFF170F} = {2F316CB7-6DC3-3087-A891-31706CFF170F}
		{786408FF-E13A-38C5-921C-697A8D4BEF35} = {786408FF-E13A-38C5-921C-697A8D4BEF35}
	EndProjectSection
EndProject
Project("{8BC9CEB8-8B4A-11D0-8D11-00A0C91BC942}") = "bulk3", "bulk3.vcxproj", "{8057D385-5FE2-3079-A0A6-36FF2DBF0DAA}"
	ProjectSection(ProjectDependencies) = postProject
		{25DF73EC-F007-3E44-A90A-6E9B30231FED} = {25DF73EC-F007-3E44-A90A-6E9B30231FED}
		{2F316CB7-6DC3-3087-A891-31706CFF170F} = {2F316CB7-6DC3-3087-A891-31706CFF170F}
		{786408FF-E13A-38C5-921C-697A8D4BEF35} = {786408FF-E13A-38C5-921C-697A8D4BEF35}
	EndProjectSection
EndProject
Project("{8BC9CEB8-8B4A-11D0-8D11-00A0C91BC942}") = "bulk4", "bulk4.vcxproj", "{A77D6836-FAA8-3305-A489-525B578BB3B5}"
	ProjectSection(ProjectDependencies) = postProject
		{25DF73EC-F007-3E44-A90A-6E9B30231FED} = {25DF73EC-F007-3E44-A90A-6E9B30231FED}
		{2F316CB7-6DC3-3087-A891-31706CFF170F} = {2F316CB7-6DC3-3087-A891-31706CFF170F}
		{786408FF-E13A-38C5-921C-697A8D4BEF35} = {786408FF-E13A-38C5-921C-697A8D4BEF35}
	EndProjectSection
EndProject
Project("{8BC9CEB8-8B4A-11D0-8D11-00A0C91BC942}") = "bulk5", "bulk5.vcxproj", "{7632CB4C-FF54-3F1F-AFB1-04C51233D9EF}"
	ProjectSection(ProjectDependencies) = postProject
		{25DF73EC-F007-3E44-A90A-6E9B30231FED} = {25DF73EC-F007-3E44-A90A-6E9B30231FED}
		{2F316CB7-6DC3-3087-A891-31706CFF170F} = {2F316CB7-6DC3-3087-A891-31706CFF170F}
		{786408FF-E13A-38C5-921C-697A8D4BEF35} = {786408FF-E13A-38C5-921C-697A8D4BEF35}
	EndProjectSection
EndProject
Project("{8BC9CEB8-8B4A-11D0-8D11-00A0C91BC942}") = "bulk6", "bulk6.vcxproj", "{7A5D1EC1-D68B-345E-AB56-6B405D22AD89}"
	ProjectSection(ProjectDependencies) = postProject
		{25DF73EC-F007-3E44-A90A-6E9B30231FED} = {25DF73EC-F007-3E44-A90A-6E9B30231FED}
		{2F316CB7-6DC3-3087-A891-31706CFF170F} = {2F316CB7-6DC3-3087-A891-31706CFF170F}
		{786408FF-E13A-38C5-921C-697A8D4BEF35} = {786408FF-E13A-38C5-921C-697A8D4BEF35}
	EndProjectSection
EndProject
Project("{8BC9CEB8-8B4A-11D0-8D11-00A0C91BC942}") = "check", "check.vcxproj", "{A0390F7B-05A8-318C-8F87-8D2AA42EBDF2}"
	ProjectSection(ProjectDependencies) = postProject
		{25DF73EC-F007-3E44-A90A-6E9B30231FED} = {25DF73EC-F007-3E44-A90A-6E9B30231FED}
		{4D606F32-CA62-3B32-975E-189B00DD07B4} = {4D606F32-CA62-3B32-975E-189B00DD07B4}
	EndProjectSection
EndProject
Project("{8BC9CEB8-8B4A-11D0-8D11-00A0C91BC942}") = "common-operations", "common-operations.vcxproj", "{823B3E11-F0DC-3C63-A6A4-690FE95F2C8A}"
	ProjectSection(ProjectDependencies) = postProject
		{25DF73EC-F007-3E44-A90A-6E9B30231FED} = {25DF73EC-F007-3E44-A90A-6E9B30231FED}
		{2F316CB7-6DC3-3087-A891-31706CFF170F} = {2F316CB7-6DC3-3087-A891-31706CFF170F}
		{786408FF-E13A-38C5-921C-697A8D4BEF35} = {786408FF-E13A-38C5-921C-697A8D4BEF35}
	EndProjectSection
EndProject
Project("{8BC9CEB8-8B4A-11D0-8D11-00A0C91BC942}") = "example-client", "example-client.vcxproj", "{77CC5C48-E5A8-305D-B3A0-FC41A9FB5D4B}"
	ProjectSection(ProjectDependencies) = postProject
		{25DF73EC-F007-3E44-A90A-6E9B30231FED} = {25DF73EC-F007-3E44-A90A-6E9B30231FED}
		{2F316CB7-6DC3-3087-A891-31706CFF170F} = {2F316CB7-6DC3-3087-A891-31706CFF170F}
		{786408FF-E13A-38C5-921C-697A8D4BEF35} = {786408FF-E13A-38C5-921C-697A8D4BEF35}
	EndProjectSection
EndProject
Project("{8BC9CEB8-8B4A-11D0-8D11-00A0C91BC942}") = "example-collection-watch", "example-collection-watch.vcxproj", "{0F7EB6E3-5F50-357E-9A7D-86EFD4F3B666}"
	ProjectSection(ProjectDependencies) = postProject
		{25DF73EC-F007-3E44-A90A-6E9B30231FED} = {25DF73EC-F007-3E44-A90A-6E9B30231FED}
		{2F316CB7-6DC3-3087-A891-31706CFF170F} = {2F316CB7-6DC3-3087-A891-31706CFF170F}
		{786408FF-E13A-38C5-921C-697A8D4BEF35} = {786408FF-E13A-38C5-921C-697A8D4BEF35}
	EndProjectSection
EndProject
Project("{8BC9CEB8-8B4A-11D0-8D11-00A0C91BC942}") = "example-command-monitoring", "example-command-monitoring.vcxproj", "{B403A84A-8FBF-3BF3-9AA4-2D40DAAFC34A}"
	ProjectSection(ProjectDependencies) = postProject
		{25DF73EC-F007-3E44-A90A-6E9B30231FED} = {25DF73EC-F007-3E44-A90A-6E9B30231FED}
		{2F316CB7-6DC3-3087-A891-31706CFF170F} = {2F316CB7-6DC3-3087-A891-31706CFF170F}
		{786408FF-E13A-38C5-921C-697A8D4BEF35} = {786408FF-E13A-38C5-921C-697A8D4BEF35}
	EndProjectSection
EndProject
Project("{8BC9CEB8-8B4A-11D0-8D11-00A0C91BC942}") = "example-command-with-opts", "example-command-with-opts.vcxproj", "{7C30EAC4-7F35-3EBB-8922-C15602036218}"
	ProjectSection(ProjectDependencies) = postProject
		{25DF73EC-F007-3E44-A90A-6E9B30231FED} = {25DF73EC-F007-3E44-A90A-6E9B30231FED}
		{2F316CB7-6DC3-3087-A891-31706CFF170F} = {2F316CB7-6DC3-3087-A891-31706CFF170F}
		{786408FF-E13A-38C5-921C-697A8D4BEF35} = {786408FF-E13A-38C5-921C-697A8D4BEF35}
	EndProjectSection
EndProject
Project("{8BC9CEB8-8B4A-11D0-8D11-00A0C91BC942}") = "example-create-indexes", "example-create-indexes.vcxproj", "{A77911E4-BFDD-3C22-89FC-857C2C8C3DE9}"
	ProjectSection(ProjectDependencies) = postProject
		{25DF73EC-F007-3E44-A90A-6E9B30231FED} = {25DF73EC-F007-3E44-A90A-6E9B30231FED}
		{2F316CB7-6DC3-3087-A891-31706CFF170F} = {2F316CB7-6DC3-3087-A891-31706CFF170F}
		{786408FF-E13A-38C5-921C-697A8D4BEF35} = {786408FF-E13A-38C5-921C-697A8D4BEF35}
	EndProjectSection
EndProject
Project("{8BC9CEB8-8B4A-11D0-8D11-00A0C91BC942}") = "example-gridfs", "example-gridfs.vcxproj", "{5469732B-E4E0-3C0D-A2F8-1E088BBACA3C}"
	ProjectSection(ProjectDependencies) = postProject
		{25DF73EC-F007-3E44-A90A-6E9B30231FED} = {25DF73EC-F007-3E44-A90A-6E9B30231FED}
		{2F316CB7-6DC3-3087-A891-31706CFF170F} = {2F316CB7-6DC3-3087-A891-31706CFF170F}
		{786408FF-E13A-38C5-921C-697A8D4BEF35} = {786408FF-E13A-38C5-921C-697A8D4BEF35}
	EndProjectSection
EndProject
Project("{8BC9CEB8-8B4A-11D0-8D11-00A0C91BC942}") = "example-gridfs-bucket", "example-gridfs-bucket.vcxproj", "{64E74418-637D-3B81-98E2-0257134A493C}"
	ProjectSection(ProjectDependencies) = postProject
		{25DF73EC-F007-3E44-A90A-6E9B30231FED} = {25DF73EC-F007-3E44-A90A-6E9B30231FED}
		{2F316CB7-6DC3-3087-A891-31706CFF170F} = {2F316CB7-6DC3-3087-A891-31706CFF170F}
		{786408FF-E13A-38C5-921C-697A8D4BEF35} = {786408FF-E13A-38C5-921C-697A8D4BEF35}
	EndProjectSection
EndProject
Project("{8BC9CEB8-8B4A-11D0-8D11-00A0C91BC942}") = "example-scram", "example-scram.vcxproj", "{3D629DF5-38C3-34E7-9BE4-F3BCF74C7DCE}"
	ProjectSection(ProjectDependencies) = postProject
		{25DF73EC-F007-3E44-A90A-6E9B30231FED} = {25DF73EC-F007-3E44-A90A-6E9B30231FED}
		{2F316CB7-6DC3-3087-A891-31706CFF170F} = {2F316CB7-6DC3-3087-A891-31706CFF170F}
		{786408FF-E13A-38C5-921C-697A8D4BEF35} = {786408FF-E13A-38C5-921C-697A8D4BEF35}
	EndProjectSection
EndProject
Project("{8BC9CEB8-8B4A-11D0-8D11-00A0C91BC942}") = "example-sdam-monitoring", "example-sdam-monitoring.vcxproj", "{45BABE37-3087-3790-BE9D-FE241AE6D6B2}"
	ProjectSection(ProjectDependencies) = postProject
		{25DF73EC-F007-3E44-A90A-6E9B30231FED} = {25DF73EC-F007-3E44-A90A-6E9B30231FED}
		{2F316CB7-6DC3-3087-A891-31706CFF170F} = {2F316CB7-6DC3-3087-A891-31706CFF170F}
		{786408FF-E13A-38C5-921C-697A8D4BEF35} = {786408FF-E13A-38C5-921C-697A8D4BEF35}
	EndProjectSection
EndProject
Project("{8BC9CEB8-8B4A-11D0-8D11-00A0C91BC942}") = "example-session", "example-session.vcxproj", "{ADBDAD6C-1AF0-3592-9A03-494505E889B9}"
	ProjectSection(ProjectDependencies) = postProject
		{25DF73EC-F007-3E44-A90A-6E9B30231FED} = {25DF73EC-F007-3E44-A90A-6E9B30231FED}
		{2F316CB7-6DC3-3087-A891-31706CFF170F} = {2F316CB7-6DC3-3087-A891-31706CFF170F}
		{786408FF-E13A-38C5-921C-697A8D4BEF35} = {786408FF-E13A-38C5-921C-697A8D4BEF35}
	EndProjectSection
EndProject
Project("{8BC9CEB8-8B4A-11D0-8D11-00A0C91BC942}") = "example-start-at-optime", "example-start-at-optime.vcxproj", "{DE2D0C0F-7EB1-37B5-956C-F1BE58DA20B4}"
	ProjectSection(ProjectDependencies) = postProject
		{25DF73EC-F007-3E44-A90A-6E9B30231FED} = {25DF73EC-F007-3E44-A90A-6E9B30231FED}
		{2F316CB7-6DC3-3087-A891-31706CFF170F} = {2F316CB7-6DC3-3087-A891-31706CFF170F}
		{786408FF-E13A-38C5-921C-697A8D4BEF35} = {786408FF-E13A-38C5-921C-697A8D4BEF35}
	EndProjectSection
EndProject
Project("{8BC9CEB8-8B4A-11D0-8D11-00A0C91BC942}") = "example-transaction", "example-transaction.vcxproj", "{EB9979EF-0299-3B95-A86F-E0C0FE2A195A}"
	ProjectSection(ProjectDependencies) = postProject
		{25DF73EC-F007-3E44-A90A-6E9B30231FED} = {25DF73EC-F007-3E44-A90A-6E9B30231FED}
		{2F316CB7-6DC3-3087-A891-31706CFF170F} = {2F316CB7-6DC3-3087-A891-31706CFF170F}
		{786408FF-E13A-38C5-921C-697A8D4BEF35} = {786408FF-E13A-38C5-921C-697A8D4BEF35}
	EndProjectSection
EndProject
Project("{8BC9CEB8-8B4A-11D0-8D11-00A0C91BC942}") = "example-update", "example-update.vcxproj", "{1D10FB95-FC80-3A49-A076-7A0ADB120776}"
	ProjectSection(ProjectDependencies) = postProject
		{25DF73EC-F007-3E44-A90A-6E9B30231FED} = {25DF73EC-F007-3E44-A90A-6E9B30231FED}
		{2F316CB7-6DC3-3087-A891-31706CFF170F} = {2F316CB7-6DC3-3087-A891-31706CFF170F}
		{786408FF-E13A-38C5-921C-697A8D4BEF35} = {786408FF-E13A-38C5-921C-697A8D4BEF35}
	EndProjectSection
EndProject
Project("{8BC9CEB8-8B4A-11D0-8D11-00A0C91BC942}") = "fam", "fam.vcxproj", "{4D059D76-8C66-3379-979A-719C4395D052}"
	ProjectSection(ProjectDependencies) = postProject
		{25DF73EC-F007-3E44-A90A-6E9B30231FED} = {25DF73EC-F007-3E44-A90A-6E9B30231FED}
		{2F316CB7-6DC3-3087-A891-31706CFF170F} = {2F316CB7-6DC3-3087-A891-31706CFF170F}
		{786408FF-E13A-38C5-921C-697A8D4BEF35} = {786408FF-E13A-38C5-921C-697A8D4BEF35}
	EndProjectSection
EndProject
Project("{8BC9CEB8-8B4A-11D0-8D11-00A0C91BC942}") = "find-and-modify", "find-and-modify.vcxproj", "{4E1EA354-E9DE-39E2-976D-F4485841AD9C}"
	ProjectSection(ProjectDependencies) = postProject
		{25DF73EC-F007-3E44-A90A-6E9B30231FED} = {25DF73EC-F007-3E44-A90A-6E9B30231FED}
		{2F316CB7-6DC3-3087-A891-31706CFF170F} = {2F316CB7-6DC3-3087-A891-31706CFF170F}
		{786408FF-E13A-38C5-921C-697A8D4BEF35} = {786408FF-E13A-38C5-921C-697A8D4BEF35}
	EndProjectSection
EndProject
Project("{8BC9CEB8-8B4A-11D0-8D11-00A0C91BC942}") = "hello_mongoc", "hello_mongoc.vcxproj", "{5A5FAAD7-1824-37CA-8223-0432F74106C4}"
	ProjectSection(ProjectDependencies) = postProject
		{25DF73EC-F007-3E44-A90A-6E9B30231FED} = {25DF73EC-F007-3E44-A90A-6E9B30231FED}
		{2F316CB7-6DC3-3087-A891-31706CFF170F} = {2F316CB7-6DC3-3087-A891-31706CFF170F}
		{786408FF-E13A-38C5-921C-697A8D4BEF35} = {786408FF-E13A-38C5-921C-697A8D4BEF35}
	EndProjectSection
EndProject
Project("{8BC9CEB8-8B4A-11D0-8D11-00A0C91BC942}") = "mongoc-dump", "mongoc-dump.vcxproj", "{5C97BC32-5F0C-3141-A72A-B9A4298FF1D3}"
	ProjectSection(ProjectDependencies) = postProject
		{25DF73EC-F007-3E44-A90A-6E9B30231FED} = {25DF73EC-F007-3E44-A90A-6E9B30231FED}
		{2F316CB7-6DC3-3087-A891-31706CFF170F} = {2F316CB7-6DC3-3087-A891-31706CFF170F}
		{786408FF-E13A-38C5-921C-697A8D4BEF35} = {786408FF-E13A-38C5-921C-697A8D4BEF35}
	EndProjectSection
EndProject
Project("{8BC9CEB8-8B4A-11D0-8D11-00A0C91BC942}") = "mongoc-ping", "mongoc-ping.vcxproj", "{38CF4D7E-FE7E-35FA-9530-3CC7E4AD3E50}"
	ProjectSection(ProjectDependencies) = postProject
		{25DF73EC-F007-3E44-A90A-6E9B30231FED} = {25DF73EC-F007-3E44-A90A-6E9B30231FED}
		{2F316CB7-6DC3-3087-A891-31706CFF170F} = {2F316CB7-6DC3-3087-A891-31706CFF170F}
		{786408FF-E13A-38C5-921C-697A8D4BEF35} = {786408FF-E13A-38C5-921C-697A8D4BEF35}
	EndProjectSection
EndProject
Project("{8BC9CEB8-8B4A-11D0-8D11-00A0C91BC942}") = "mongoc-stat", "mongoc-stat.vcxproj", "{22F376EF-43F2-35E4-B928-CEB8BEF383CD}"
	ProjectSection(ProjectDependencies) = postProject
		{25DF73EC-F007-3E44-A90A-6E9B30231FED} = {25DF73EC-F007-3E44-A90A-6E9B30231FED}
		{2F316CB7-6DC3-3087-A891-31706CFF170F} = {2F316CB7-6DC3-3087-A891-31706CFF170F}
		{786408FF-E13A-38C5-921C-697A8D4BEF35} = {786408FF-E13A-38C5-921C-697A8D4BEF35}
	EndProjectSection
EndProject
Project("{8BC9CEB8-8B4A-11D0-8D11-00A0C91BC942}") = "mongoc-tail", "mongoc-tail.vcxproj", "{EF170A75-195C-3C21-910E-33978F53A543}"
	ProjectSection(ProjectDependencies) = postProject
		{25DF73EC-F007-3E44-A90A-6E9B30231FED} = {25DF73EC-F007-3E44-A90A-6E9B30231FED}
		{2F316CB7-6DC3-3087-A891-31706CFF170F} = {2F316CB7-6DC3-3087-A891-31706CFF170F}
		{786408FF-E13A-38C5-921C-697A8D4BEF35} = {786408FF-E13A-38C5-921C-697A8D4BEF35}
	EndProjectSection
EndProject
Project("{8BC9CEB8-8B4A-11D0-8D11-00A0C91BC942}") = "mongoc_shared", "mongoc_shared.vcxproj", "{786408FF-E13A-38C5-921C-697A8D4BEF35}"
	ProjectSection(ProjectDependencies) = postProject
		{25DF73EC-F007-3E44-A90A-6E9B30231FED} = {25DF73EC-F007-3E44-A90A-6E9B30231FED}
		{2F316CB7-6DC3-3087-A891-31706CFF170F} = {2F316CB7-6DC3-3087-A891-31706CFF170F}
		{277F8B29-F5C8-3B92-B2B9-823FF1DDCE99} = {277F8B29-F5C8-3B92-B2B9-823FF1DDCE99}
	EndProjectSection
EndProject
Project("{8BC9CEB8-8B4A-11D0-8D11-00A0C91BC942}") = "mongoc_static", "mongoc_static.vcxproj", "{AAFA15F9-9211-36AB-ADA9-84133B0D11AB}"
	ProjectSection(ProjectDependencies) = postProject
		{25DF73EC-F007-3E44-A90A-6E9B30231FED} = {25DF73EC-F007-3E44-A90A-6E9B30231FED}
		{CCF2CF50-41CD-369B-AEDE-892BB60E9BCE} = {CCF2CF50-41CD-369B-AEDE-892BB60E9BCE}
		{277F8B29-F5C8-3B92-B2B9-823FF1DDCE99} = {277F8B29-F5C8-3B92-B2B9-823FF1DDCE99}
	EndProjectSection
EndProject
Project("{8BC9CEB8-8B4A-11D0-8D11-00A0C91BC942}") = "test-libmongoc", "test-libmongoc.vcxproj", "{4D606F32-CA62-3B32-975E-189B00DD07B4}"
	ProjectSection(ProjectDependencies) = postProject
		{25DF73EC-F007-3E44-A90A-6E9B30231FED} = {25DF73EC-F007-3E44-A90A-6E9B30231FED}
		{CCF2CF50-41CD-369B-AEDE-892BB60E9BCE} = {CCF2CF50-41CD-369B-AEDE-892BB60E9BCE}
		{AAFA15F9-9211-36AB-ADA9-84133B0D11AB} = {AAFA15F9-9211-36AB-ADA9-84133B0D11AB}
	EndProjectSection
EndProject
Project("{8BC9CEB8-8B4A-11D0-8D11-00A0C91BC942}") = "test-mongoc-cache", "test-mongoc-cache.vcxproj", "{BBDC61DC-5C13-31EF-9282-319D107E6726}"
	ProjectSection(ProjectDependencies) = postProject
		{25DF73EC-F007-3E44-A90A-6E9B30231FED} = {25DF73EC-F007-3E44-A90A-6E9B30231FED}
		{CCF2CF50-41CD-369B-AEDE-892BB60E9BCE} = {CCF2CF50-41CD-369B-AEDE-892BB60E9BCE}
		{AAFA15F9-9211-36AB-ADA9-84133B0D11AB} = {AAFA15F9-9211-36AB-ADA9-84133B0D11AB}
	EndProjectSection
EndProject
Project("{8BC9CEB8-8B4A-11D0-8D11-00A0C91BC942}") = "test-mongoc-gssapi", "test-mongoc-gssapi.vcxproj", "{CE075B58-A3F4-312B-B6D3-EA9363D49DEE}"
	ProjectSection(ProjectDependencies) = postProject
		{25DF73EC-F007-3E44-A90A-6E9B30231FED} = {25DF73EC-F007-3E44-A90A-6E9B30231FED}
		{CCF2CF50-41CD-369B-AEDE-892BB60E9BCE} = {CCF2CF50-41CD-369B-AEDE-892BB60E9BCE}
		{AAFA15F9-9211-36AB-ADA9-84133B0D11AB} = {AAFA15F9-9211-36AB-ADA9-84133B0D11AB}
	EndProjectSection
EndProject
Project("{8BC9CEB8-8B4A-11D0-8D11-00A0C91BC942}") = "zlib_obj", "zlib_obj.vcxproj", "{277F8B29-F5C8-3B92-B2B9-823FF1DDCE99}"
	ProjectSection(ProjectDependencies) = postProject
		{25DF73EC-F007-3E44-A90A-6E9B30231FED} = {25DF73EC-F007-3E44-A90A-6E9B30231FED}
	EndProjectSection
EndProject
Global
	GlobalSection(SolutionConfigurationPlatforms) = preSolution
		Debug|x64 = Debug|x64
		Release|x64 = Release|x64
		MinSizeRel|x64 = MinSizeRel|x64
		RelWithDebInfo|x64 = RelWithDebInfo|x64
	EndGlobalSection
	GlobalSection(ProjectConfigurationPlatforms) = postSolution
		{D64B344F-EEC8-3694-B368-C392B765391D}.Debug|x64.ActiveCfg = Debug|x64
		{D64B344F-EEC8-3694-B368-C392B765391D}.Debug|x64.Build.0 = Debug|x64
		{D64B344F-EEC8-3694-B368-C392B765391D}.Release|x64.ActiveCfg = Release|x64
		{D64B344F-EEC8-3694-B368-C392B765391D}.Release|x64.Build.0 = Release|x64
		{D64B344F-EEC8-3694-B368-C392B765391D}.MinSizeRel|x64.ActiveCfg = MinSizeRel|x64
		{D64B344F-EEC8-3694-B368-C392B765391D}.MinSizeRel|x64.Build.0 = MinSizeRel|x64
		{D64B344F-EEC8-3694-B368-C392B765391D}.RelWithDebInfo|x64.ActiveCfg = RelWithDebInfo|x64
		{D64B344F-EEC8-3694-B368-C392B765391D}.RelWithDebInfo|x64.Build.0 = RelWithDebInfo|x64
		{C8CFA7C2-F522-3FFF-9F61-BFA5D8EC2244}.Debug|x64.ActiveCfg = Debug|x64
		{C8CFA7C2-F522-3FFF-9F61-BFA5D8EC2244}.Release|x64.ActiveCfg = Release|x64
		{C8CFA7C2-F522-3FFF-9F61-BFA5D8EC2244}.MinSizeRel|x64.ActiveCfg = MinSizeRel|x64
		{C8CFA7C2-F522-3FFF-9F61-BFA5D8EC2244}.RelWithDebInfo|x64.ActiveCfg = RelWithDebInfo|x64
		{495BACC6-54C4-3A84-9DE8-97AD3D3D839A}.Debug|x64.ActiveCfg = Debug|x64
		{495BACC6-54C4-3A84-9DE8-97AD3D3D839A}.Release|x64.ActiveCfg = Release|x64
		{495BACC6-54C4-3A84-9DE8-97AD3D3D839A}.MinSizeRel|x64.ActiveCfg = MinSizeRel|x64
		{495BACC6-54C4-3A84-9DE8-97AD3D3D839A}.RelWithDebInfo|x64.ActiveCfg = RelWithDebInfo|x64
		{25DF73EC-F007-3E44-A90A-6E9B30231FED}.Debug|x64.ActiveCfg = Debug|x64
		{25DF73EC-F007-3E44-A90A-6E9B30231FED}.Debug|x64.Build.0 = Debug|x64
		{25DF73EC-F007-3E44-A90A-6E9B30231FED}.Release|x64.ActiveCfg = Release|x64
		{25DF73EC-F007-3E44-A90A-6E9B30231FED}.Release|x64.Build.0 = Release|x64
		{25DF73EC-F007-3E44-A90A-6E9B30231FED}.MinSizeRel|x64.ActiveCfg = MinSizeRel|x64
		{25DF73EC-F007-3E44-A90A-6E9B30231FED}.MinSizeRel|x64.Build.0 = MinSizeRel|x64
		{25DF73EC-F007-3E44-A90A-6E9B30231FED}.RelWithDebInfo|x64.ActiveCfg = RelWithDebInfo|x64
		{25DF73EC-F007-3E44-A90A-6E9B30231FED}.RelWithDebInfo|x64.Build.0 = RelWithDebInfo|x64
		{666F1FF3-C3A3-3C78-9C1B-54F9E1CD6329}.Debug|x64.ActiveCfg = Debug|x64
		{666F1FF3-C3A3-3C78-9C1B-54F9E1CD6329}.Debug|x64.Build.0 = Debug|x64
		{666F1FF3-C3A3-3C78-9C1B-54F9E1CD6329}.Release|x64.ActiveCfg = Release|x64
		{666F1FF3-C3A3-3C78-9C1B-54F9E1CD6329}.Release|x64.Build.0 = Release|x64
		{666F1FF3-C3A3-3C78-9C1B-54F9E1CD6329}.MinSizeRel|x64.ActiveCfg = MinSizeRel|x64
		{666F1FF3-C3A3-3C78-9C1B-54F9E1CD6329}.MinSizeRel|x64.Build.0 = MinSizeRel|x64
		{666F1FF3-C3A3-3C78-9C1B-54F9E1CD6329}.RelWithDebInfo|x64.ActiveCfg = RelWithDebInfo|x64
		{666F1FF3-C3A3-3C78-9C1B-54F9E1CD6329}.RelWithDebInfo|x64.Build.0 = RelWithDebInfo|x64
		{A6C077A7-2E13-3015-AD1B-36D6D5168327}.Debug|x64.ActiveCfg = Debug|x64
		{A6C077A7-2E13-3015-AD1B-36D6D5168327}.Debug|x64.Build.0 = Debug|x64
		{A6C077A7-2E13-3015-AD1B-36D6D5168327}.Release|x64.ActiveCfg = Release|x64
		{A6C077A7-2E13-3015-AD1B-36D6D5168327}.Release|x64.Build.0 = Release|x64
		{A6C077A7-2E13-3015-AD1B-36D6D5168327}.MinSizeRel|x64.ActiveCfg = MinSizeRel|x64
		{A6C077A7-2E13-3015-AD1B-36D6D5168327}.MinSizeRel|x64.Build.0 = MinSizeRel|x64
		{A6C077A7-2E13-3015-AD1B-36D6D5168327}.RelWithDebInfo|x64.ActiveCfg = RelWithDebInfo|x64
		{A6C077A7-2E13-3015-AD1B-36D6D5168327}.RelWithDebInfo|x64.Build.0 = RelWithDebInfo|x64
		{2F316CB7-6DC3-3087-A891-31706CFF170F}.Debug|x64.ActiveCfg = Debug|x64
		{2F316CB7-6DC3-3087-A891-31706CFF170F}.Debug|x64.Build.0 = Debug|x64
		{2F316CB7-6DC3-3087-A891-31706CFF170F}.Release|x64.ActiveCfg = Release|x64
		{2F316CB7-6DC3-3087-A891-31706CFF170F}.Release|x64.Build.0 = Release|x64
		{2F316CB7-6DC3-3087-A891-31706CFF170F}.MinSizeRel|x64.ActiveCfg = MinSizeRel|x64
		{2F316CB7-6DC3-3087-A891-31706CFF170F}.MinSizeRel|x64.Build.0 = MinSizeRel|x64
		{2F316CB7-6DC3-3087-A891-31706CFF170F}.RelWithDebInfo|x64.ActiveCfg = RelWithDebInfo|x64
		{2F316CB7-6DC3-3087-A891-31706CFF170F}.RelWithDebInfo|x64.Build.0 = RelWithDebInfo|x64
		{CCF2CF50-41CD-369B-AEDE-892BB60E9BCE}.Debug|x64.ActiveCfg = Debug|x64
		{CCF2CF50-41CD-369B-AEDE-892BB60E9BCE}.Debug|x64.Build.0 = Debug|x64
		{CCF2CF50-41CD-369B-AEDE-892BB60E9BCE}.Release|x64.ActiveCfg = Release|x64
		{CCF2CF50-41CD-369B-AEDE-892BB60E9BCE}.Release|x64.Build.0 = Release|x64
		{CCF2CF50-41CD-369B-AEDE-892BB60E9BCE}.MinSizeRel|x64.ActiveCfg = MinSizeRel|x64
		{CCF2CF50-41CD-369B-AEDE-892BB60E9BCE}.MinSizeRel|x64.Build.0 = MinSizeRel|x64
		{CCF2CF50-41CD-369B-AEDE-892BB60E9BCE}.RelWithDebInfo|x64.ActiveCfg = RelWithDebInfo|x64
		{CCF2CF50-41CD-369B-AEDE-892BB60E9BCE}.RelWithDebInfo|x64.Build.0 = RelWithDebInfo|x64
		{1EAD6BD6-58C4-34FF-99DD-91CFCF439943}.Debug|x64.ActiveCfg = Debug|x64
		{1EAD6BD6-58C4-34FF-99DD-91CFCF439943}.Debug|x64.Build.0 = Debug|x64
		{1EAD6BD6-58C4-34FF-99DD-91CFCF439943}.Release|x64.ActiveCfg = Release|x64
		{1EAD6BD6-58C4-34FF-99DD-91CFCF439943}.Release|x64.Build.0 = Release|x64
		{1EAD6BD6-58C4-34FF-99DD-91CFCF439943}.MinSizeRel|x64.ActiveCfg = MinSizeRel|x64
		{1EAD6BD6-58C4-34FF-99DD-91CFCF439943}.MinSizeRel|x64.Build.0 = MinSizeRel|x64
		{1EAD6BD6-58C4-34FF-99DD-91CFCF439943}.RelWithDebInfo|x64.ActiveCfg = RelWithDebInfo|x64
		{1EAD6BD6-58C4-34FF-99DD-91CFCF439943}.RelWithDebInfo|x64.Build.0 = RelWithDebInfo|x64
		{6ED45339-F290-3611-8C14-4481300A8EE7}.Debug|x64.ActiveCfg = Debug|x64
		{6ED45339-F290-3611-8C14-4481300A8EE7}.Debug|x64.Build.0 = Debug|x64
		{6ED45339-F290-3611-8C14-4481300A8EE7}.Release|x64.ActiveCfg = Release|x64
		{6ED45339-F290-3611-8C14-4481300A8EE7}.Release|x64.Build.0 = Release|x64
		{6ED45339-F290-3611-8C14-4481300A8EE7}.MinSizeRel|x64.ActiveCfg = MinSizeRel|x64
		{6ED45339-F290-3611-8C14-4481300A8EE7}.MinSizeRel|x64.Build.0 = MinSizeRel|x64
		{6ED45339-F290-3611-8C14-4481300A8EE7}.RelWithDebInfo|x64.ActiveCfg = RelWithDebInfo|x64
		{6ED45339-F290-3611-8C14-4481300A8EE7}.RelWithDebInfo|x64.Build.0 = RelWithDebInfo|x64
		{F49B337A-498B-30CF-A6C9-4A12E9871014}.Debug|x64.ActiveCfg = Debug|x64
		{F49B337A-498B-30CF-A6C9-4A12E9871014}.Debug|x64.Build.0 = Debug|x64
		{F49B337A-498B-30CF-A6C9-4A12E9871014}.Release|x64.ActiveCfg = Release|x64
		{F49B337A-498B-30CF-A6C9-4A12E9871014}.Release|x64.Build.0 = Release|x64
		{F49B337A-498B-30CF-A6C9-4A12E9871014}.MinSizeRel|x64.ActiveCfg = MinSizeRel|x64
		{F49B337A-498B-30CF-A6C9-4A12E9871014}.MinSizeRel|x64.Build.0 = MinSizeRel|x64
		{F49B337A-498B-30CF-A6C9-4A12E9871014}.RelWithDebInfo|x64.ActiveCfg = RelWithDebInfo|x64
		{F49B337A-498B-30CF-A6C9-4A12E9871014}.RelWithDebInfo|x64.Build.0 = RelWithDebInfo|x64
		{8057D385-5FE2-3079-A0A6-36FF2DBF0DAA}.Debug|x64.ActiveCfg = Debug|x64
		{8057D385-5FE2-3079-A0A6-36FF2DBF0DAA}.Debug|x64.Build.0 = Debug|x64
		{8057D385-5FE2-3079-A0A6-36FF2DBF0DAA}.Release|x64.ActiveCfg = Release|x64
		{8057D385-5FE2-3079-A0A6-36FF2DBF0DAA}.Release|x64.Build.0 = Release|x64
		{8057D385-5FE2-3079-A0A6-36FF2DBF0DAA}.MinSizeRel|x64.ActiveCfg = MinSizeRel|x64
		{8057D385-5FE2-3079-A0A6-36FF2DBF0DAA}.MinSizeRel|x64.Build.0 = MinSizeRel|x64
		{8057D385-5FE2-3079-A0A6-36FF2DBF0DAA}.RelWithDebInfo|x64.ActiveCfg = RelWithDebInfo|x64
		{8057D385-5FE2-3079-A0A6-36FF2DBF0DAA}.RelWithDebInfo|x64.Build.0 = RelWithDebInfo|x64
		{A77D6836-FAA8-3305-A489-525B578BB3B5}.Debug|x64.ActiveCfg = Debug|x64
		{A77D6836-FAA8-3305-A489-525B578BB3B5}.Debug|x64.Build.0 = Debug|x64
		{A77D6836-FAA8-3305-A489-525B578BB3B5}.Release|x64.ActiveCfg = Release|x64
		{A77D6836-FAA8-3305-A489-525B578BB3B5}.Release|x64.Build.0 = Release|x64
		{A77D6836-FAA8-3305-A489-525B578BB3B5}.MinSizeRel|x64.ActiveCfg = MinSizeRel|x64
		{A77D6836-FAA8-3305-A489-525B578BB3B5}.MinSizeRel|x64.Build.0 = MinSizeRel|x64
		{A77D6836-FAA8-3305-A489-525B578BB3B5}.RelWithDebInfo|x64.ActiveCfg = RelWithDebInfo|x64
		{A77D6836-FAA8-3305-A489-525B578BB3B5}.RelWithDebInfo|x64.Build.0 = RelWithDebInfo|x64
		{7632CB4C-FF54-3F1F-AFB1-04C51233D9EF}.Debug|x64.ActiveCfg = Debug|x64
		{7632CB4C-FF54-3F1F-AFB1-04C51233D9EF}.Debug|x64.Build.0 = Debug|x64
		{7632CB4C-FF54-3F1F-AFB1-04C51233D9EF}.Release|x64.ActiveCfg = Release|x64
		{7632CB4C-FF54-3F1F-AFB1-04C51233D9EF}.Release|x64.Build.0 = Release|x64
		{7632CB4C-FF54-3F1F-AFB1-04C51233D9EF}.MinSizeRel|x64.ActiveCfg = MinSizeRel|x64
		{7632CB4C-FF54-3F1F-AFB1-04C51233D9EF}.MinSizeRel|x64.Build.0 = MinSizeRel|x64
		{7632CB4C-FF54-3F1F-AFB1-04C51233D9EF}.RelWithDebInfo|x64.ActiveCfg = RelWithDebInfo|x64
		{7632CB4C-FF54-3F1F-AFB1-04C51233D9EF}.RelWithDebInfo|x64.Build.0 = RelWithDebInfo|x64
		{7A5D1EC1-D68B-345E-AB56-6B405D22AD89}.Debug|x64.ActiveCfg = Debug|x64
		{7A5D1EC1-D68B-345E-AB56-6B405D22AD89}.Debug|x64.Build.0 = Debug|x64
		{7A5D1EC1-D68B-345E-AB56-6B405D22AD89}.Release|x64.ActiveCfg = Release|x64
		{7A5D1EC1-D68B-345E-AB56-6B405D22AD89}.Release|x64.Build.0 = Release|x64
		{7A5D1EC1-D68B-345E-AB56-6B405D22AD89}.MinSizeRel|x64.ActiveCfg = MinSizeRel|x64
		{7A5D1EC1-D68B-345E-AB56-6B405D22AD89}.MinSizeRel|x64.Build.0 = MinSizeRel|x64
		{7A5D1EC1-D68B-345E-AB56-6B405D22AD89}.RelWithDebInfo|x64.ActiveCfg = RelWithDebInfo|x64
		{7A5D1EC1-D68B-345E-AB56-6B405D22AD89}.RelWithDebInfo|x64.Build.0 = RelWithDebInfo|x64
		{A0390F7B-05A8-318C-8F87-8D2AA42EBDF2}.Debug|x64.ActiveCfg = Debug|x64
		{A0390F7B-05A8-318C-8F87-8D2AA42EBDF2}.Release|x64.ActiveCfg = Release|x64
		{A0390F7B-05A8-318C-8F87-8D2AA42EBDF2}.MinSizeRel|x64.ActiveCfg = MinSizeRel|x64
		{A0390F7B-05A8-318C-8F87-8D2AA42EBDF2}.RelWithDebInfo|x64.ActiveCfg = RelWithDebInfo|x64
		{823B3E11-F0DC-3C63-A6A4-690FE95F2C8A}.Debug|x64.ActiveCfg = Debug|x64
		{823B3E11-F0DC-3C63-A6A4-690FE95F2C8A}.Debug|x64.Build.0 = Debug|x64
		{823B3E11-F0DC-3C63-A6A4-690FE95F2C8A}.Release|x64.ActiveCfg = Release|x64
		{823B3E11-F0DC-3C63-A6A4-690FE95F2C8A}.Release|x64.Build.0 = Release|x64
		{823B3E11-F0DC-3C63-A6A4-690FE95F2C8A}.MinSizeRel|x64.ActiveCfg = MinSizeRel|x64
		{823B3E11-F0DC-3C63-A6A4-690FE95F2C8A}.MinSizeRel|x64.Build.0 = MinSizeRel|x64
		{823B3E11-F0DC-3C63-A6A4-690FE95F2C8A}.RelWithDebInfo|x64.ActiveCfg = RelWithDebInfo|x64
		{823B3E11-F0DC-3C63-A6A4-690FE95F2C8A}.RelWithDebInfo|x64.Build.0 = RelWithDebInfo|x64
		{77CC5C48-E5A8-305D-B3A0-FC41A9FB5D4B}.Debug|x64.ActiveCfg = Debug|x64
		{77CC5C48-E5A8-305D-B3A0-FC41A9FB5D4B}.Debug|x64.Build.0 = Debug|x64
		{77CC5C48-E5A8-305D-B3A0-FC41A9FB5D4B}.Release|x64.ActiveCfg = Release|x64
		{77CC5C48-E5A8-305D-B3A0-FC41A9FB5D4B}.Release|x64.Build.0 = Release|x64
		{77CC5C48-E5A8-305D-B3A0-FC41A9FB5D4B}.MinSizeRel|x64.ActiveCfg = MinSizeRel|x64
		{77CC5C48-E5A8-305D-B3A0-FC41A9FB5D4B}.MinSizeRel|x64.Build.0 = MinSizeRel|x64
		{77CC5C48-E5A8-305D-B3A0-FC41A9FB5D4B}.RelWithDebInfo|x64.ActiveCfg = RelWithDebInfo|x64
		{77CC5C48-E5A8-305D-B3A0-FC41A9FB5D4B}.RelWithDebInfo|x64.Build.0 = RelWithDebInfo|x64
		{0F7EB6E3-5F50-357E-9A7D-86EFD4F3B666}.Debug|x64.ActiveCfg = Debug|x64
		{0F7EB6E3-5F50-357E-9A7D-86EFD4F3B666}.Debug|x64.Build.0 = Debug|x64
		{0F7EB6E3-5F50-357E-9A7D-86EFD4F3B666}.Release|x64.ActiveCfg = Release|x64
		{0F7EB6E3-5F50-357E-9A7D-86EFD4F3B666}.Release|x64.Build.0 = Release|x64
		{0F7EB6E3-5F50-357E-9A7D-86EFD4F3B666}.MinSizeRel|x64.ActiveCfg = MinSizeRel|x64
		{0F7EB6E3-5F50-357E-9A7D-86EFD4F3B666}.MinSizeRel|x64.Build.0 = MinSizeRel|x64
		{0F7EB6E3-5F50-357E-9A7D-86EFD4F3B666}.RelWithDebInfo|x64.ActiveCfg = RelWithDebInfo|x64
		{0F7EB6E3-5F50-357E-9A7D-86EFD4F3B666}.RelWithDebInfo|x64.Build.0 = RelWithDebInfo|x64
		{B403A84A-8FBF-3BF3-9AA4-2D40DAAFC34A}.Debug|x64.ActiveCfg = Debug|x64
		{B403A84A-8FBF-3BF3-9AA4-2D40DAAFC34A}.Debug|x64.Build.0 = Debug|x64
		{B403A84A-8FBF-3BF3-9AA4-2D40DAAFC34A}.Release|x64.ActiveCfg = Release|x64
		{B403A84A-8FBF-3BF3-9AA4-2D40DAAFC34A}.Release|x64.Build.0 = Release|x64
		{B403A84A-8FBF-3BF3-9AA4-2D40DAAFC34A}.MinSizeRel|x64.ActiveCfg = MinSizeRel|x64
		{B403A84A-8FBF-3BF3-9AA4-2D40DAAFC34A}.MinSizeRel|x64.Build.0 = MinSizeRel|x64
		{B403A84A-8FBF-3BF3-9AA4-2D40DAAFC34A}.RelWithDebInfo|x64.ActiveCfg = RelWithDebInfo|x64
		{B403A84A-8FBF-3BF3-9AA4-2D40DAAFC34A}.RelWithDebInfo|x64.Build.0 = RelWithDebInfo|x64
		{7C30EAC4-7F35-3EBB-8922-C15602036218}.Debug|x64.ActiveCfg = Debug|x64
		{7C30EAC4-7F35-3EBB-8922-C15602036218}.Debug|x64.Build.0 = Debug|x64
		{7C30EAC4-7F35-3EBB-8922-C15602036218}.Release|x64.ActiveCfg = Release|x64
		{7C30EAC4-7F35-3EBB-8922-C15602036218}.Release|x64.Build.0 = Release|x64
		{7C30EAC4-7F35-3EBB-8922-C15602036218}.MinSizeRel|x64.ActiveCfg = MinSizeRel|x64
		{7C30EAC4-7F35-3EBB-8922-C15602036218}.MinSizeRel|x64.Build.0 = MinSizeRel|x64
		{7C30EAC4-7F35-3EBB-8922-C15602036218}.RelWithDebInfo|x64.ActiveCfg = RelWithDebInfo|x64
		{7C30EAC4-7F35-3EBB-8922-C15602036218}.RelWithDebInfo|x64.Build.0 = RelWithDebInfo|x64
		{A77911E4-BFDD-3C22-89FC-857C2C8C3DE9}.Debug|x64.ActiveCfg = Debug|x64
		{A77911E4-BFDD-3C22-89FC-857C2C8C3DE9}.Debug|x64.Build.0 = Debug|x64
		{A77911E4-BFDD-3C22-89FC-857C2C8C3DE9}.Release|x64.ActiveCfg = Release|x64
		{A77911E4-BFDD-3C22-89FC-857C2C8C3DE9}.Release|x64.Build.0 = Release|x64
		{A77911E4-BFDD-3C22-89FC-857C2C8C3DE9}.MinSizeRel|x64.ActiveCfg = MinSizeRel|x64
		{A77911E4-BFDD-3C22-89FC-857C2C8C3DE9}.MinSizeRel|x64.Build.0 = MinSizeRel|x64
		{A77911E4-BFDD-3C22-89FC-857C2C8C3DE9}.RelWithDebInfo|x64.ActiveCfg = RelWithDebInfo|x64
		{A77911E4-BFDD-3C22-89FC-857C2C8C3DE9}.RelWithDebInfo|x64.Build.0 = RelWithDebInfo|x64
		{5469732B-E4E0-3C0D-A2F8-1E088BBACA3C}.Debug|x64.ActiveCfg = Debug|x64
		{5469732B-E4E0-3C0D-A2F8-1E088BBACA3C}.Debug|x64.Build.0 = Debug|x64
		{5469732B-E4E0-3C0D-A2F8-1E088BBACA3C}.Release|x64.ActiveCfg = Release|x64
		{5469732B-E4E0-3C0D-A2F8-1E088BBACA3C}.Release|x64.Build.0 = Release|x64
		{5469732B-E4E0-3C0D-A2F8-1E088BBACA3C}.MinSizeRel|x64.ActiveCfg = MinSizeRel|x64
		{5469732B-E4E0-3C0D-A2F8-1E088BBACA3C}.MinSizeRel|x64.Build.0 = MinSizeRel|x64
		{5469732B-E4E0-3C0D-A2F8-1E088BBACA3C}.RelWithDebInfo|x64.ActiveCfg = RelWithDebInfo|x64
		{5469732B-E4E0-3C0D-A2F8-1E088BBACA3C}.RelWithDebInfo|x64.Build.0 = RelWithDebInfo|x64
		{64E74418-637D-3B81-98E2-0257134A493C}.Debug|x64.ActiveCfg = Debug|x64
		{64E74418-637D-3B81-98E2-0257134A493C}.Debug|x64.Build.0 = Debug|x64
		{64E74418-637D-3B81-98E2-0257134A493C}.Release|x64.ActiveCfg = Release|x64
		{64E74418-637D-3B81-98E2-0257134A493C}.Release|x64.Build.0 = Release|x64
		{64E74418-637D-3B81-98E2-0257134A493C}.MinSizeRel|x64.ActiveCfg = MinSizeRel|x64
		{64E74418-637D-3B81-98E2-0257134A493C}.MinSizeRel|x64.Build.0 = MinSizeRel|x64
		{64E74418-637D-3B81-98E2-0257134A493C}.RelWithDebInfo|x64.ActiveCfg = RelWithDebInfo|x64
		{64E74418-637D-3B81-98E2-0257134A493C}.RelWithDebInfo|x64.Build.0 = RelWithDebInfo|x64
		{3D629DF5-38C3-34E7-9BE4-F3BCF74C7DCE}.Debug|x64.ActiveCfg = Debug|x64
		{3D629DF5-38C3-34E7-9BE4-F3BCF74C7DCE}.Debug|x64.Build.0 = Debug|x64
		{3D629DF5-38C3-34E7-9BE4-F3BCF74C7DCE}.Release|x64.ActiveCfg = Release|x64
		{3D629DF5-38C3-34E7-9BE4-F3BCF74C7DCE}.Release|x64.Build.0 = Release|x64
		{3D629DF5-38C3-34E7-9BE4-F3BCF74C7DCE}.MinSizeRel|x64.ActiveCfg = MinSizeRel|x64
		{3D629DF5-38C3-34E7-9BE4-F3BCF74C7DCE}.MinSizeRel|x64.Build.0 = MinSizeRel|x64
		{3D629DF5-38C3-34E7-9BE4-F3BCF74C7DCE}.RelWithDebInfo|x64.ActiveCfg = RelWithDebInfo|x64
		{3D629DF5-38C3-34E7-9BE4-F3BCF74C7DCE}.RelWithDebInfo|x64.Build.0 = RelWithDebInfo|x64
		{45BABE37-3087-3790-BE9D-FE241AE6D6B2}.Debug|x64.ActiveCfg = Debug|x64
		{45BABE37-3087-3790-BE9D-FE241AE6D6B2}.Debug|x64.Build.0 = Debug|x64
		{45BABE37-3087-3790-BE9D-FE241AE6D6B2}.Release|x64.ActiveCfg = Release|x64
		{45BABE37-3087-3790-BE9D-FE241AE6D6B2}.Release|x64.Build.0 = Release|x64
		{45BABE37-3087-3790-BE9D-FE241AE6D6B2}.MinSizeRel|x64.ActiveCfg = MinSizeRel|x64
		{45BABE37-3087-3790-BE9D-FE241AE6D6B2}.MinSizeRel|x64.Build.0 = MinSizeRel|x64
		{45BABE37-3087-3790-BE9D-FE241AE6D6B2}.RelWithDebInfo|x64.ActiveCfg = RelWithDebInfo|x64
		{45BABE37-3087-3790-BE9D-FE241AE6D6B2}.RelWithDebInfo|x64.Build.0 = RelWithDebInfo|x64
		{ADBDAD6C-1AF0-3592-9A03-494505E889B9}.Debug|x64.ActiveCfg = Debug|x64
		{ADBDAD6C-1AF0-3592-9A03-494505E889B9}.Debug|x64.Build.0 = Debug|x64
		{ADBDAD6C-1AF0-3592-9A03-494505E889B9}.Release|x64.ActiveCfg = Release|x64
		{ADBDAD6C-1AF0-3592-9A03-494505E889B9}.Release|x64.Build.0 = Release|x64
		{ADBDAD6C-1AF0-3592-9A03-494505E889B9}.MinSizeRel|x64.ActiveCfg = MinSizeRel|x64
		{ADBDAD6C-1AF0-3592-9A03-494505E889B9}.MinSizeRel|x64.Build.0 = MinSizeRel|x64
		{ADBDAD6C-1AF0-3592-9A03-494505E889B9}.RelWithDebInfo|x64.ActiveCfg = RelWithDebInfo|x64
		{ADBDAD6C-1AF0-3592-9A03-494505E889B9}.RelWithDebInfo|x64.Build.0 = RelWithDebInfo|x64
		{DE2D0C0F-7EB1-37B5-956C-F1BE58DA20B4}.Debug|x64.ActiveCfg = Debug|x64
		{DE2D0C0F-7EB1-37B5-956C-F1BE58DA20B4}.Debug|x64.Build.0 = Debug|x64
		{DE2D0C0F-7EB1-37B5-956C-F1BE58DA20B4}.Release|x64.ActiveCfg = Release|x64
		{DE2D0C0F-7EB1-37B5-956C-F1BE58DA20B4}.Release|x64.Build.0 = Release|x64
		{DE2D0C0F-7EB1-37B5-956C-F1BE58DA20B4}.MinSizeRel|x64.ActiveCfg = MinSizeRel|x64
		{DE2D0C0F-7EB1-37B5-956C-F1BE58DA20B4}.MinSizeRel|x64.Build.0 = MinSizeRel|x64
		{DE2D0C0F-7EB1-37B5-956C-F1BE58DA20B4}.RelWithDebInfo|x64.ActiveCfg = RelWithDebInfo|x64
		{DE2D0C0F-7EB1-37B5-956C-F1BE58DA20B4}.RelWithDebInfo|x64.Build.0 = RelWithDebInfo|x64
		{EB9979EF-0299-3B95-A86F-E0C0FE2A195A}.Debug|x64.ActiveCfg = Debug|x64
		{EB9979EF-0299-3B95-A86F-E0C0FE2A195A}.Debug|x64.Build.0 = Debug|x64
		{EB9979EF-0299-3B95-A86F-E0C0FE2A195A}.Release|x64.ActiveCfg = Release|x64
		{EB9979EF-0299-3B95-A86F-E0C0FE2A195A}.Release|x64.Build.0 = Release|x64
		{EB9979EF-0299-3B95-A86F-E0C0FE2A195A}.MinSizeRel|x64.ActiveCfg = MinSizeRel|x64
		{EB9979EF-0299-3B95-A86F-E0C0FE2A195A}.MinSizeRel|x64.Build.0 = MinSizeRel|x64
		{EB9979EF-0299-3B95-A86F-E0C0FE2A195A}.RelWithDebInfo|x64.ActiveCfg = RelWithDebInfo|x64
		{EB9979EF-0299-3B95-A86F-E0C0FE2A195A}.RelWithDebInfo|x64.Build.0 = RelWithDebInfo|x64
		{1D10FB95-FC80-3A49-A076-7A0ADB120776}.Debug|x64.ActiveCfg = Debug|x64
		{1D10FB95-FC80-3A49-A076-7A0ADB120776}.Debug|x64.Build.0 = Debug|x64
		{1D10FB95-FC80-3A49-A076-7A0ADB120776}.Release|x64.ActiveCfg = Release|x64
		{1D10FB95-FC80-3A49-A076-7A0ADB120776}.Release|x64.Build.0 = Release|x64
		{1D10FB95-FC80-3A49-A076-7A0ADB120776}.MinSizeRel|x64.ActiveCfg = MinSizeRel|x64
		{1D10FB95-FC80-3A49-A076-7A0ADB120776}.MinSizeRel|x64.Build.0 = MinSizeRel|x64
		{1D10FB95-FC80-3A49-A076-7A0ADB120776}.RelWithDebInfo|x64.ActiveCfg = RelWithDebInfo|x64
		{1D10FB95-FC80-3A49-A076-7A0ADB120776}.RelWithDebInfo|x64.Build.0 = RelWithDebInfo|x64
		{4D059D76-8C66-3379-979A-719C4395D052}.Debug|x64.ActiveCfg = Debug|x64
		{4D059D76-8C66-3379-979A-719C4395D052}.Debug|x64.Build.0 = Debug|x64
		{4D059D76-8C66-3379-979A-719C4395D052}.Release|x64.ActiveCfg = Release|x64
		{4D059D76-8C66-3379-979A-719C4395D052}.Release|x64.Build.0 = Release|x64
		{4D059D76-8C66-3379-979A-719C4395D052}.MinSizeRel|x64.ActiveCfg = MinSizeRel|x64
		{4D059D76-8C66-3379-979A-719C4395D052}.MinSizeRel|x64.Build.0 = MinSizeRel|x64
		{4D059D76-8C66-3379-979A-719C4395D052}.RelWithDebInfo|x64.ActiveCfg = RelWithDebInfo|x64
		{4D059D76-8C66-3379-979A-719C4395D052}.RelWithDebInfo|x64.Build.0 = RelWithDebInfo|x64
		{4E1EA354-E9DE-39E2-976D-F4485841AD9C}.Debug|x64.ActiveCfg = Debug|x64
		{4E1EA354-E9DE-39E2-976D-F4485841AD9C}.Debug|x64.Build.0 = Debug|x64
		{4E1EA354-E9DE-39E2-976D-F4485841AD9C}.Release|x64.ActiveCfg = Release|x64
		{4E1EA354-E9DE-39E2-976D-F4485841AD9C}.Release|x64.Build.0 = Release|x64
		{4E1EA354-E9DE-39E2-976D-F4485841AD9C}.MinSizeRel|x64.ActiveCfg = MinSizeRel|x64
		{4E1EA354-E9DE-39E2-976D-F4485841AD9C}.MinSizeRel|x64.Build.0 = MinSizeRel|x64
		{4E1EA354-E9DE-39E2-976D-F4485841AD9C}.RelWithDebInfo|x64.ActiveCfg = RelWithDebInfo|x64
		{4E1EA354-E9DE-39E2-976D-F4485841AD9C}.RelWithDebInfo|x64.Build.0 = RelWithDebInfo|x64
		{5A5FAAD7-1824-37CA-8223-0432F74106C4}.Debug|x64.ActiveCfg = Debug|x64
		{5A5FAAD7-1824-37CA-8223-0432F74106C4}.Debug|x64.Build.0 = Debug|x64
		{5A5FAAD7-1824-37CA-8223-0432F74106C4}.Release|x64.ActiveCfg = Release|x64
		{5A5FAAD7-1824-37CA-8223-0432F74106C4}.Release|x64.Build.0 = Release|x64
		{5A5FAAD7-1824-37CA-8223-0432F74106C4}.MinSizeRel|x64.ActiveCfg = MinSizeRel|x64
		{5A5FAAD7-1824-37CA-8223-0432F74106C4}.MinSizeRel|x64.Build.0 = MinSizeRel|x64
		{5A5FAAD7-1824-37CA-8223-0432F74106C4}.RelWithDebInfo|x64.ActiveCfg = RelWithDebInfo|x64
		{5A5FAAD7-1824-37CA-8223-0432F74106C4}.RelWithDebInfo|x64.Build.0 = RelWithDebInfo|x64
		{5C97BC32-5F0C-3141-A72A-B9A4298FF1D3}.Debug|x64.ActiveCfg = Debug|x64
		{5C97BC32-5F0C-3141-A72A-B9A4298FF1D3}.Debug|x64.Build.0 = Debug|x64
		{5C97BC32-5F0C-3141-A72A-B9A4298FF1D3}.Release|x64.ActiveCfg = Release|x64
		{5C97BC32-5F0C-3141-A72A-B9A4298FF1D3}.Release|x64.Build.0 = Release|x64
		{5C97BC32-5F0C-3141-A72A-B9A4298FF1D3}.MinSizeRel|x64.ActiveCfg = MinSizeRel|x64
		{5C97BC32-5F0C-3141-A72A-B9A4298FF1D3}.MinSizeRel|x64.Build.0 = MinSizeRel|x64
		{5C97BC32-5F0C-3141-A72A-B9A4298FF1D3}.RelWithDebInfo|x64.ActiveCfg = RelWithDebInfo|x64
		{5C97BC32-5F0C-3141-A72A-B9A4298FF1D3}.RelWithDebInfo|x64.Build.0 = RelWithDebInfo|x64
		{38CF4D7E-FE7E-35FA-9530-3CC7E4AD3E50}.Debug|x64.ActiveCfg = Debug|x64
		{38CF4D7E-FE7E-35FA-9530-3CC7E4AD3E50}.Debug|x64.Build.0 = Debug|x64
		{38CF4D7E-FE7E-35FA-9530-3CC7E4AD3E50}.Release|x64.ActiveCfg = Release|x64
		{38CF4D7E-FE7E-35FA-9530-3CC7E4AD3E50}.Release|x64.Build.0 = Release|x64
		{38CF4D7E-FE7E-35FA-9530-3CC7E4AD3E50}.MinSizeRel|x64.ActiveCfg = MinSizeRel|x64
		{38CF4D7E-FE7E-35FA-9530-3CC7E4AD3E50}.MinSizeRel|x64.Build.0 = MinSizeRel|x64
		{38CF4D7E-FE7E-35FA-9530-3CC7E4AD3E50}.RelWithDebInfo|x64.ActiveCfg = RelWithDebInfo|x64
		{38CF4D7E-FE7E-35FA-9530-3CC7E4AD3E50}.RelWithDebInfo|x64.Build.0 = RelWithDebInfo|x64
		{22F376EF-43F2-35E4-B928-CEB8BEF383CD}.Debug|x64.ActiveCfg = Debug|x64
		{22F376EF-43F2-35E4-B928-CEB8BEF383CD}.Debug|x64.Build.0 = Debug|x64
		{22F376EF-43F2-35E4-B928-CEB8BEF383CD}.Release|x64.ActiveCfg = Release|x64
		{22F376EF-43F2-35E4-B928-CEB8BEF383CD}.Release|x64.Build.0 = Release|x64
		{22F376EF-43F2-35E4-B928-CEB8BEF383CD}.MinSizeRel|x64.ActiveCfg = MinSizeRel|x64
		{22F376EF-43F2-35E4-B928-CEB8BEF383CD}.MinSizeRel|x64.Build.0 = MinSizeRel|x64
		{22F376EF-43F2-35E4-B928-CEB8BEF383CD}.RelWithDebInfo|x64.ActiveCfg = RelWithDebInfo|x64
		{22F376EF-43F2-35E4-B928-CEB8BEF383CD}.RelWithDebInfo|x64.Build.0 = RelWithDebInfo|x64
		{EF170A75-195C-3C21-910E-33978F53A543}.Debug|x64.ActiveCfg = Debug|x64
		{EF170A75-195C-3C21-910E-33978F53A543}.Debug|x64.Build.0 = Debug|x64
		{EF170A75-195C-3C21-910E-33978F53A543}.Release|x64.ActiveCfg = Release|x64
		{EF170A75-195C-3C21-910E-33978F53A543}.Release|x64.Build.0 = Release|x64
		{EF170A75-195C-3C21-910E-33978F53A543}.MinSizeRel|x64.ActiveCfg = MinSizeRel|x64
		{EF170A75-195C-3C21-910E-33978F53A543}.MinSizeRel|x64.Build.0 = MinSizeRel|x64
		{EF170A75-195C-3C21-910E-33978F53A543}.RelWithDebInfo|x64.ActiveCfg = RelWithDebInfo|x64
		{EF170A75-195C-3C21-910E-33978F53A543}.RelWithDebInfo|x64.Build.0 = RelWithDebInfo|x64
		{786408FF-E13A-38C5-921C-697A8D4BEF35}.Debug|x64.ActiveCfg = Debug|x64
		{786408FF-E13A-38C5-921C-697A8D4BEF35}.Debug|x64.Build.0 = Debug|x64
		{786408FF-E13A-38C5-921C-697A8D4BEF35}.Release|x64.ActiveCfg = Release|x64
		{786408FF-E13A-38C5-921C-697A8D4BEF35}.Release|x64.Build.0 = Release|x64
		{786408FF-E13A-38C5-921C-697A8D4BEF35}.MinSizeRel|x64.ActiveCfg = MinSizeRel|x64
		{786408FF-E13A-38C5-921C-697A8D4BEF35}.MinSizeRel|x64.Build.0 = MinSizeRel|x64
		{786408FF-E13A-38C5-921C-697A8D4BEF35}.RelWithDebInfo|x64.ActiveCfg = RelWithDebInfo|x64
		{786408FF-E13A-38C5-921C-697A8D4BEF35}.RelWithDebInfo|x64.Build.0 = RelWithDebInfo|x64
		{AAFA15F9-9211-36AB-ADA9-84133B0D11AB}.Debug|x64.ActiveCfg = Debug|x64
		{AAFA15F9-9211-36AB-ADA9-84133B0D11AB}.Debug|x64.Build.0 = Debug|x64
		{AAFA15F9-9211-36AB-ADA9-84133B0D11AB}.Release|x64.ActiveCfg = Release|x64
		{AAFA15F9-9211-36AB-ADA9-84133B0D11AB}.Release|x64.Build.0 = Release|x64
		{AAFA15F9-9211-36AB-ADA9-84133B0D11AB}.MinSizeRel|x64.ActiveCfg = MinSizeRel|x64
		{AAFA15F9-9211-36AB-ADA9-84133B0D11AB}.MinSizeRel|x64.Build.0 = MinSizeRel|x64
		{AAFA15F9-9211-36AB-ADA9-84133B0D11AB}.RelWithDebInfo|x64.ActiveCfg = RelWithDebInfo|x64
		{AAFA15F9-9211-36AB-ADA9-84133B0D11AB}.RelWithDebInfo|x64.Build.0 = RelWithDebInfo|x64
		{4D606F32-CA62-3B32-975E-189B00DD07B4}.Debug|x64.ActiveCfg = Debug|x64
		{4D606F32-CA62-3B32-975E-189B00DD07B4}.Debug|x64.Build.0 = Debug|x64
		{4D606F32-CA62-3B32-975E-189B00DD07B4}.Release|x64.ActiveCfg = Release|x64
		{4D606F32-CA62-3B32-975E-189B00DD07B4}.Release|x64.Build.0 = Release|x64
		{4D606F32-CA62-3B32-975E-189B00DD07B4}.MinSizeRel|x64.ActiveCfg = MinSizeRel|x64
		{4D606F32-CA62-3B32-975E-189B00DD07B4}.MinSizeRel|x64.Build.0 = MinSizeRel|x64
		{4D606F32-CA62-3B32-975E-189B00DD07B4}.RelWithDebInfo|x64.ActiveCfg = RelWithDebInfo|x64
		{4D606F32-CA62-3B32-975E-189B00DD07B4}.RelWithDebInfo|x64.Build.0 = RelWithDebInfo|x64
		{BBDC61DC-5C13-31EF-9282-319D107E6726}.Debug|x64.ActiveCfg = Debug|x64
		{BBDC61DC-5C13-31EF-9282-319D107E6726}.Debug|x64.Build.0 = Debug|x64
		{BBDC61DC-5C13-31EF-9282-319D107E6726}.Release|x64.ActiveCfg = Release|x64
		{BBDC61DC-5C13-31EF-9282-319D107E6726}.Release|x64.Build.0 = Release|x64
		{BBDC61DC-5C13-31EF-9282-319D107E6726}.MinSizeRel|x64.ActiveCfg = MinSizeRel|x64
		{BBDC61DC-5C13-31EF-9282-319D107E6726}.MinSizeRel|x64.Build.0 = MinSizeRel|x64
		{BBDC61DC-5C13-31EF-9282-319D107E6726}.RelWithDebInfo|x64.ActiveCfg = RelWithDebInfo|x64
		{BBDC61DC-5C13-31EF-9282-319D107E6726}.RelWithDebInfo|x64.Build.0 = RelWithDebInfo|x64
		{CE075B58-A3F4-312B-B6D3-EA9363D49DEE}.Debug|x64.ActiveCfg = Debug|x64
		{CE075B58-A3F4-312B-B6D3-EA9363D49DEE}.Debug|x64.Build.0 = Debug|x64
		{CE075B58-A3F4-312B-B6D3-EA9363D49DEE}.Release|x64.ActiveCfg = Release|x64
		{CE075B58-A3F4-312B-B6D3-EA9363D49DEE}.Release|x64.Build.0 = Release|x64
		{CE075B58-A3F4-312B-B6D3-EA9363D49DEE}.MinSizeRel|x64.ActiveCfg = MinSizeRel|x64
		{CE075B58-A3F4-312B-B6D3-EA9363D49DEE}.MinSizeRel|x64.Build.0 = MinSizeRel|x64
		{CE075B58-A3F4-312B-B6D3-EA9363D49DEE}.RelWithDebInfo|x64.ActiveCfg = RelWithDebInfo|x64
		{CE075B58-A3F4-312B-B6D3-EA9363D49DEE}.RelWithDebInfo|x64.Build.0 = RelWithDebInfo|x64
		{277F8B29-F5C8-3B92-B2B9-823FF1DDCE99}.Debug|x64.ActiveCfg = Debug|x64
		{277F8B29-F5C8-3B92-B2B9-823FF1DDCE99}.Debug|x64.Build.0 = Debug|x64
		{277F8B29-F5C8-3B92-B2B9-823FF1DDCE99}.Release|x64.ActiveCfg = Release|x64
		{277F8B29-F5C8-3B92-B2B9-823FF1DDCE99}.Release|x64.Build.0 = Release|x64
		{277F8B29-F5C8-3B92-B2B9-823FF1DDCE99}.MinSizeRel|x64.ActiveCfg = MinSizeRel|x64
		{277F8B29-F5C8-3B92-B2B9-823FF1DDCE99}.MinSizeRel|x64.Build.0 = MinSizeRel|x64
		{277F8B29-F5C8-3B92-B2B9-823FF1DDCE99}.RelWithDebInfo|x64.ActiveCfg = RelWithDebInfo|x64
		{277F8B29-F5C8-3B92-B2B9-823FF1DDCE99}.RelWithDebInfo|x64.Build.0 = RelWithDebInfo|x64
	EndGlobalSection
	GlobalSection(ExtensibilityGlobals) = postSolution
		SolutionGuid = {918DDB85-DA75-37D7-B45B-0F24511E8C1B}
	EndGlobalSection
	GlobalSection(ExtensibilityAddIns) = postSolution
	EndGlobalSection
EndGlobal
