<?xml version="1.0" encoding="utf-8"?>
<Project ToolsVersion="17.0" xmlns="http://schemas.microsoft.com/developer/msbuild/2003">
  <ItemGroup>
    <ClCompile Include="D:\Programming\C++\dcmqrscpWithMongoDB\CMakeSource\mongo-c-driver-1.23.3\src\zlib-1.2.12\adler32.c">
      <Filter>Source Files</Filter>
    </ClCompile>
    <ClCompile Include="D:\Programming\C++\dcmqrscpWithMongoDB\CMakeSource\mongo-c-driver-1.23.3\src\zlib-1.2.12\crc32.c">
      <Filter>Source Files</Filter>
    </ClCompile>
    <ClCompile Include="D:\Programming\C++\dcmqrscpWithMongoDB\CMakeSource\mongo-c-driver-1.23.3\src\zlib-1.2.12\deflate.c">
      <Filter>Source Files</Filter>
    </ClCompile>
    <ClCompile Include="D:\Programming\C++\dcmqrscpWithMongoDB\CMakeSource\mongo-c-driver-1.23.3\src\zlib-1.2.12\infback.c">
      <Filter>Source Files</Filter>
    </ClCompile>
    <ClCompile Include="D:\Programming\C++\dcmqrscpWithMongoDB\CMakeSource\mongo-c-driver-1.23.3\src\zlib-1.2.12\inffast.c">
      <Filter>Source Files</Filter>
    </ClCompile>
    <ClCompile Include="D:\Programming\C++\dcmqrscpWithMongoDB\CMakeSource\mongo-c-driver-1.23.3\src\zlib-1.2.12\inflate.c">
      <Filter>Source Files</Filter>
    </ClCompile>
    <ClCompile Include="D:\Programming\C++\dcmqrscpWithMongoDB\CMakeSource\mongo-c-driver-1.23.3\src\zlib-1.2.12\inftrees.c">
      <Filter>Source Files</Filter>
    </ClCompile>
    <ClCompile Include="D:\Programming\C++\dcmqrscpWithMongoDB\CMakeSource\mongo-c-driver-1.23.3\src\zlib-1.2.12\trees.c">
      <Filter>Source Files</Filter>
    </ClCompile>
    <ClCompile Include="D:\Programming\C++\dcmqrscpWithMongoDB\CMakeSource\mongo-c-driver-1.23.3\src\zlib-1.2.12\zutil.c">
      <Filter>Source Files</Filter>
    </ClCompile>
    <ClCompile Include="D:\Programming\C++\dcmqrscpWithMongoDB\CMakeSource\mongo-c-driver-1.23.3\src\zlib-1.2.12\compress.c">
      <Filter>Source Files</Filter>
    </ClCompile>
    <ClCompile Include="D:\Programming\C++\dcmqrscpWithMongoDB\CMakeSource\mongo-c-driver-1.23.3\src\zlib-1.2.12\uncompr.c">
      <Filter>Source Files</Filter>
    </ClCompile>
    <ClCompile Include="D:\Programming\C++\dcmqrscpWithMongoDB\CMakeSource\mongo-c-driver-1.23.3\src\zlib-1.2.12\gzclose.c">
      <Filter>Source Files</Filter>
    </ClCompile>
    <ClCompile Include="D:\Programming\C++\dcmqrscpWithMongoDB\CMakeSource\mongo-c-driver-1.23.3\src\zlib-1.2.12\gzlib.c">
      <Filter>Source Files</Filter>
    </ClCompile>
    <ClCompile Include="D:\Programming\C++\dcmqrscpWithMongoDB\CMakeSource\mongo-c-driver-1.23.3\src\zlib-1.2.12\gzread.c">
      <Filter>Source Files</Filter>
    </ClCompile>
    <ClCompile Include="D:\Programming\C++\dcmqrscpWithMongoDB\CMakeSource\mongo-c-driver-1.23.3\src\zlib-1.2.12\gzwrite.c">
      <Filter>Source Files</Filter>
    </ClCompile>
  </ItemGroup>
  <ItemGroup>
    <CustomBuild Include="D:\Programming\C++\dcmqrscpWithMongoDB\CMakeSource\mongo-c-driver-1.23.3\src\libmongoc\CMakeLists.txt" />
  </ItemGroup>
  <ItemGroup>
    <Filter Include="Source Files">
      <UniqueIdentifier>{842A337B-DFF8-3353-9370-EA3D9039F60E}</UniqueIdentifier>
    </Filter>
  </ItemGroup>
</Project>
