
Microsoft Visual Studio Solution File, Format Version 12.00
# Visual Studio Version 17
Project("{8BC9CEB8-8B4A-11D0-8D11-00A0C91BC942}") = "ALL_BUILD", "ALL_BUILD.vcxproj", "{D64B344F-EEC8-3694-B368-C392B765391D}"
	ProjectSection(ProjectDependencies) = postProject
		{25DF73EC-F007-3E44-A90A-6E9B30231FED} = {25DF73EC-F007-3E44-A90A-6E9B30231FED}
		{DAC5AB54-0DD1-3B86-A724-B60AC3BE8B78} = {DAC5AB54-0DD1-3B86-A724-B60AC3BE8B78}
		{D97C0D21-7401-3E31-AD8D-4801D9722D4E} = {D97C0D21-7401-3E31-AD8D-4801D9722D4E}
		{51D22676-2036-3A39-A48B-B2AE4035F9ED} = {51D22676-2036-3A39-A48B-B2AE4035F9ED}
		{CCC9A3A9-1F71-3D9B-8B82-E8E7249B9274} = {CCC9A3A9-1F71-3D9B-8B82-E8E7249B9274}
		{1584E253-1466-366A-91BD-988FC275528E} = {1584E253-1466-366A-91BD-988FC275528E}
		{0B7C09D9-3DD9-32F8-89FD-DF5F7436BA02} = {0B7C09D9-3DD9-32F8-89FD-DF5F7436BA02}
		{8A0826F1-FBD4-35C2-BCF9-9155F6744664} = {8A0826F1-FBD4-35C2-BCF9-9155F6744664}
		{A8BB4783-71B7-33A9-BF28-4BD6DBDC3915} = {A8BB4783-71B7-33A9-BF28-4BD6DBDC3915}
		{103E7A84-376F-3DED-8B5B-39E3071602AA} = {103E7A84-376F-3DED-8B5B-39E3071602AA}
		{1FCDEE81-A9E5-3E21-A651-AC045E79E05D} = {1FCDEE81-A9E5-3E21-A651-AC045E79E05D}
		{37A7178D-BB31-323B-B4D0-2F19D96D5071} = {37A7178D-BB31-323B-B4D0-2F19D96D5071}
		{2D8212AF-DA49-33B1-9D5D-2A39337AEDAF} = {2D8212AF-DA49-33B1-9D5D-2A39337AEDAF}
	EndProjectSection
EndProject
Project("{8BC9CEB8-8B4A-11D0-8D11-00A0C91BC942}") = "INSTALL", "INSTALL.vcxproj", "{C8CFA7C2-F522-3FFF-9F61-BFA5D8EC2244}"
	ProjectSection(ProjectDependencies) = postProject
		{D64B344F-EEC8-3694-B368-C392B765391D} = {D64B344F-EEC8-3694-B368-C392B765391D}
		{25DF73EC-F007-3E44-A90A-6E9B30231FED} = {25DF73EC-F007-3E44-A90A-6E9B30231FED}
	EndProjectSection
EndProject
Project("{8BC9CEB8-8B4A-11D0-8D11-00A0C91BC942}") = "PACKAGE", "PACKAGE.vcxproj", "{495BACC6-54C4-3A84-9DE8-97AD3D3D839A}"
	ProjectSection(ProjectDependencies) = postProject
		{D64B344F-EEC8-3694-B368-C392B765391D} = {D64B344F-EEC8-3694-B368-C392B765391D}
		{25DF73EC-F007-3E44-A90A-6E9B30231FED} = {25DF73EC-F007-3E44-A90A-6E9B30231FED}
	EndProjectSection
EndProject
Project("{8BC9CEB8-8B4A-11D0-8D11-00A0C91BC942}") = "ZERO_CHECK", "..\..\\ZERO_CHECK.vcxproj", "{25DF73EC-F007-3E44-A90A-6E9B30231FED}"
	ProjectSection(ProjectDependencies) = postProject
	EndProjectSection
EndProject
Project("{8BC9CEB8-8B4A-11D0-8D11-00A0C91BC942}") = "dcmdata", "..\dcmdata\libsrc\dcmdata.vcxproj", "{21920D71-B0E7-36DB-9E72-FFC77F6776B6}"
	ProjectSection(ProjectDependencies) = postProject
		{25DF73EC-F007-3E44-A90A-6E9B30231FED} = {25DF73EC-F007-3E44-A90A-6E9B30231FED}
		{0E41D812-7E32-3358-A5ED-771AC272DFDD} = {0E41D812-7E32-3358-A5ED-771AC272DFDD}
		{C932210E-9D7F-3563-9D79-25A49BF48185} = {C932210E-9D7F-3563-9D79-25A49BF48185}
	EndProjectSection
EndProject
Project("{8BC9CEB8-8B4A-11D0-8D11-00A0C91BC942}") = "dcmdsig", "..\dcmsign\libsrc\dcmdsig.vcxproj", "{A7809A19-5C3E-3503-BC5E-A3B2207F8EAB}"
	ProjectSection(ProjectDependencies) = postProject
		{25DF73EC-F007-3E44-A90A-6E9B30231FED} = {25DF73EC-F007-3E44-A90A-6E9B30231FED}
		{21920D71-B0E7-36DB-9E72-FFC77F6776B6} = {21920D71-B0E7-36DB-9E72-FFC77F6776B6}
		{0E41D812-7E32-3358-A5ED-771AC272DFDD} = {0E41D812-7E32-3358-A5ED-771AC272DFDD}
		{C932210E-9D7F-3563-9D79-25A49BF48185} = {C932210E-9D7F-3563-9D79-25A49BF48185}
	EndProjectSection
EndProject
Project("{8BC9CEB8-8B4A-11D0-8D11-00A0C91BC942}") = "dcmimage", "..\dcmimage\libsrc\dcmimage.vcxproj", "{C19650DF-F544-3B84-BC90-B109F323D6B7}"
	ProjectSection(ProjectDependencies) = postProject
		{25DF73EC-F007-3E44-A90A-6E9B30231FED} = {25DF73EC-F007-3E44-A90A-6E9B30231FED}
		{21920D71-B0E7-36DB-9E72-FFC77F6776B6} = {21920D71-B0E7-36DB-9E72-FFC77F6776B6}
		{D3035629-2D29-3454-A2A4-4321D79084A2} = {D3035629-2D29-3454-A2A4-4321D79084A2}
		{0E41D812-7E32-3358-A5ED-771AC272DFDD} = {0E41D812-7E32-3358-A5ED-771AC272DFDD}
		{C932210E-9D7F-3563-9D79-25A49BF48185} = {C932210E-9D7F-3563-9D79-25A49BF48185}
	EndProjectSection
EndProject
Project("{8BC9CEB8-8B4A-11D0-8D11-00A0C91BC942}") = "dcmimgle", "..\dcmimgle\libsrc\dcmimgle.vcxproj", "{D3035629-2D29-3454-A2A4-4321D79084A2}"
	ProjectSection(ProjectDependencies) = postProject
		{25DF73EC-F007-3E44-A90A-6E9B30231FED} = {25DF73EC-F007-3E44-A90A-6E9B30231FED}
		{21920D71-B0E7-36DB-9E72-FFC77F6776B6} = {21920D71-B0E7-36DB-9E72-FFC77F6776B6}
		{0E41D812-7E32-3358-A5ED-771AC272DFDD} = {0E41D812-7E32-3358-A5ED-771AC272DFDD}
		{C932210E-9D7F-3563-9D79-25A49BF48185} = {C932210E-9D7F-3563-9D79-25A49BF48185}
	EndProjectSection
EndProject
Project("{8BC9CEB8-8B4A-11D0-8D11-00A0C91BC942}") = "dcmmkcrv", "apps\dcmmkcrv.vcxproj", "{DAC5AB54-0DD1-3B86-A724-B60AC3BE8B78}"
	ProjectSection(ProjectDependencies) = postProject
		{25DF73EC-F007-3E44-A90A-6E9B30231FED} = {25DF73EC-F007-3E44-A90A-6E9B30231FED}
		{21920D71-B0E7-36DB-9E72-FFC77F6776B6} = {21920D71-B0E7-36DB-9E72-FFC77F6776B6}
		{A7809A19-5C3E-3503-BC5E-A3B2207F8EAB} = {A7809A19-5C3E-3503-BC5E-A3B2207F8EAB}
		{C19650DF-F544-3B84-BC90-B109F323D6B7} = {C19650DF-F544-3B84-BC90-B109F323D6B7}
		{D3035629-2D29-3454-A2A4-4321D79084A2} = {D3035629-2D29-3454-A2A4-4321D79084A2}
		{76F4C2AA-CC85-3D84-B0C0-BFF6BA6A5138} = {76F4C2AA-CC85-3D84-B0C0-BFF6BA6A5138}
		{0E41D812-7E32-3358-A5ED-771AC272DFDD} = {0E41D812-7E32-3358-A5ED-771AC272DFDD}
		{C932210E-9D7F-3563-9D79-25A49BF48185} = {C932210E-9D7F-3563-9D79-25A49BF48185}
	EndProjectSection
EndProject
Project("{8BC9CEB8-8B4A-11D0-8D11-00A0C91BC942}") = "dcmmklut", "apps\dcmmklut.vcxproj", "{D97C0D21-7401-3E31-AD8D-4801D9722D4E}"
	ProjectSection(ProjectDependencies) = postProject
		{25DF73EC-F007-3E44-A90A-6E9B30231FED} = {25DF73EC-F007-3E44-A90A-6E9B30231FED}
		{21920D71-B0E7-36DB-9E72-FFC77F6776B6} = {21920D71-B0E7-36DB-9E72-FFC77F6776B6}
		{A7809A19-5C3E-3503-BC5E-A3B2207F8EAB} = {A7809A19-5C3E-3503-BC5E-A3B2207F8EAB}
		{C19650DF-F544-3B84-BC90-B109F323D6B7} = {C19650DF-F544-3B84-BC90-B109F323D6B7}
		{D3035629-2D29-3454-A2A4-4321D79084A2} = {D3035629-2D29-3454-A2A4-4321D79084A2}
		{76F4C2AA-CC85-3D84-B0C0-BFF6BA6A5138} = {76F4C2AA-CC85-3D84-B0C0-BFF6BA6A5138}
		{0E41D812-7E32-3358-A5ED-771AC272DFDD} = {0E41D812-7E32-3358-A5ED-771AC272DFDD}
		{C932210E-9D7F-3563-9D79-25A49BF48185} = {C932210E-9D7F-3563-9D79-25A49BF48185}
	EndProjectSection
EndProject
Project("{8BC9CEB8-8B4A-11D0-8D11-00A0C91BC942}") = "dcmnet", "..\dcmnet\libsrc\dcmnet.vcxproj", "{4B1B0F03-CD32-38FA-8A43-E104FCBEAE85}"
	ProjectSection(ProjectDependencies) = postProject
		{25DF73EC-F007-3E44-A90A-6E9B30231FED} = {25DF73EC-F007-3E44-A90A-6E9B30231FED}
		{21920D71-B0E7-36DB-9E72-FFC77F6776B6} = {21920D71-B0E7-36DB-9E72-FFC77F6776B6}
		{0E41D812-7E32-3358-A5ED-771AC272DFDD} = {0E41D812-7E32-3358-A5ED-771AC272DFDD}
		{C932210E-9D7F-3563-9D79-25A49BF48185} = {C932210E-9D7F-3563-9D79-25A49BF48185}
	EndProjectSection
EndProject
Project("{8BC9CEB8-8B4A-11D0-8D11-00A0C91BC942}") = "dcmp2pgm", "apps\dcmp2pgm.vcxproj", "{51D22676-2036-3A39-A48B-B2AE4035F9ED}"
	ProjectSection(ProjectDependencies) = postProject
		{25DF73EC-F007-3E44-A90A-6E9B30231FED} = {25DF73EC-F007-3E44-A90A-6E9B30231FED}
		{21920D71-B0E7-36DB-9E72-FFC77F6776B6} = {21920D71-B0E7-36DB-9E72-FFC77F6776B6}
		{A7809A19-5C3E-3503-BC5E-A3B2207F8EAB} = {A7809A19-5C3E-3503-BC5E-A3B2207F8EAB}
		{C19650DF-F544-3B84-BC90-B109F323D6B7} = {C19650DF-F544-3B84-BC90-B109F323D6B7}
		{D3035629-2D29-3454-A2A4-4321D79084A2} = {D3035629-2D29-3454-A2A4-4321D79084A2}
		{4B1B0F03-CD32-38FA-8A43-E104FCBEAE85} = {4B1B0F03-CD32-38FA-8A43-E104FCBEAE85}
		{37A7178D-BB31-323B-B4D0-2F19D96D5071} = {37A7178D-BB31-323B-B4D0-2F19D96D5071}
		{69D495E1-3ACE-3490-BAE0-D4714A0B79D0} = {69D495E1-3ACE-3490-BAE0-D4714A0B79D0}
		{76F4C2AA-CC85-3D84-B0C0-BFF6BA6A5138} = {76F4C2AA-CC85-3D84-B0C0-BFF6BA6A5138}
		{E2C03B76-D056-3EFA-B890-EF6B8299F6EC} = {E2C03B76-D056-3EFA-B890-EF6B8299F6EC}
		{0E41D812-7E32-3358-A5ED-771AC272DFDD} = {0E41D812-7E32-3358-A5ED-771AC272DFDD}
		{C932210E-9D7F-3563-9D79-25A49BF48185} = {C932210E-9D7F-3563-9D79-25A49BF48185}
	EndProjectSection
EndProject
Project("{8BC9CEB8-8B4A-11D0-8D11-00A0C91BC942}") = "dcmprscp", "apps\dcmprscp.vcxproj", "{CCC9A3A9-1F71-3D9B-8B82-E8E7249B9274}"
	ProjectSection(ProjectDependencies) = postProject
		{25DF73EC-F007-3E44-A90A-6E9B30231FED} = {25DF73EC-F007-3E44-A90A-6E9B30231FED}
		{21920D71-B0E7-36DB-9E72-FFC77F6776B6} = {21920D71-B0E7-36DB-9E72-FFC77F6776B6}
		{A7809A19-5C3E-3503-BC5E-A3B2207F8EAB} = {A7809A19-5C3E-3503-BC5E-A3B2207F8EAB}
		{C19650DF-F544-3B84-BC90-B109F323D6B7} = {C19650DF-F544-3B84-BC90-B109F323D6B7}
		{D3035629-2D29-3454-A2A4-4321D79084A2} = {D3035629-2D29-3454-A2A4-4321D79084A2}
		{4B1B0F03-CD32-38FA-8A43-E104FCBEAE85} = {4B1B0F03-CD32-38FA-8A43-E104FCBEAE85}
		{37A7178D-BB31-323B-B4D0-2F19D96D5071} = {37A7178D-BB31-323B-B4D0-2F19D96D5071}
		{69D495E1-3ACE-3490-BAE0-D4714A0B79D0} = {69D495E1-3ACE-3490-BAE0-D4714A0B79D0}
		{76F4C2AA-CC85-3D84-B0C0-BFF6BA6A5138} = {76F4C2AA-CC85-3D84-B0C0-BFF6BA6A5138}
		{E2C03B76-D056-3EFA-B890-EF6B8299F6EC} = {E2C03B76-D056-3EFA-B890-EF6B8299F6EC}
		{0E41D812-7E32-3358-A5ED-771AC272DFDD} = {0E41D812-7E32-3358-A5ED-771AC272DFDD}
		{C932210E-9D7F-3563-9D79-25A49BF48185} = {C932210E-9D7F-3563-9D79-25A49BF48185}
	EndProjectSection
EndProject
Project("{8BC9CEB8-8B4A-11D0-8D11-00A0C91BC942}") = "dcmprscu", "apps\dcmprscu.vcxproj", "{1584E253-1466-366A-91BD-988FC275528E}"
	ProjectSection(ProjectDependencies) = postProject
		{25DF73EC-F007-3E44-A90A-6E9B30231FED} = {25DF73EC-F007-3E44-A90A-6E9B30231FED}
		{21920D71-B0E7-36DB-9E72-FFC77F6776B6} = {21920D71-B0E7-36DB-9E72-FFC77F6776B6}
		{A7809A19-5C3E-3503-BC5E-A3B2207F8EAB} = {A7809A19-5C3E-3503-BC5E-A3B2207F8EAB}
		{C19650DF-F544-3B84-BC90-B109F323D6B7} = {C19650DF-F544-3B84-BC90-B109F323D6B7}
		{D3035629-2D29-3454-A2A4-4321D79084A2} = {D3035629-2D29-3454-A2A4-4321D79084A2}
		{4B1B0F03-CD32-38FA-8A43-E104FCBEAE85} = {4B1B0F03-CD32-38FA-8A43-E104FCBEAE85}
		{37A7178D-BB31-323B-B4D0-2F19D96D5071} = {37A7178D-BB31-323B-B4D0-2F19D96D5071}
		{69D495E1-3ACE-3490-BAE0-D4714A0B79D0} = {69D495E1-3ACE-3490-BAE0-D4714A0B79D0}
		{76F4C2AA-CC85-3D84-B0C0-BFF6BA6A5138} = {76F4C2AA-CC85-3D84-B0C0-BFF6BA6A5138}
		{E2C03B76-D056-3EFA-B890-EF6B8299F6EC} = {E2C03B76-D056-3EFA-B890-EF6B8299F6EC}
		{0E41D812-7E32-3358-A5ED-771AC272DFDD} = {0E41D812-7E32-3358-A5ED-771AC272DFDD}
		{C932210E-9D7F-3563-9D79-25A49BF48185} = {C932210E-9D7F-3563-9D79-25A49BF48185}
	EndProjectSection
EndProject
Project("{8BC9CEB8-8B4A-11D0-8D11-00A0C91BC942}") = "dcmpschk", "apps\dcmpschk.vcxproj", "{0B7C09D9-3DD9-32F8-89FD-DF5F7436BA02}"
	ProjectSection(ProjectDependencies) = postProject
		{25DF73EC-F007-3E44-A90A-6E9B30231FED} = {25DF73EC-F007-3E44-A90A-6E9B30231FED}
		{21920D71-B0E7-36DB-9E72-FFC77F6776B6} = {21920D71-B0E7-36DB-9E72-FFC77F6776B6}
		{A7809A19-5C3E-3503-BC5E-A3B2207F8EAB} = {A7809A19-5C3E-3503-BC5E-A3B2207F8EAB}
		{C19650DF-F544-3B84-BC90-B109F323D6B7} = {C19650DF-F544-3B84-BC90-B109F323D6B7}
		{D3035629-2D29-3454-A2A4-4321D79084A2} = {D3035629-2D29-3454-A2A4-4321D79084A2}
		{4B1B0F03-CD32-38FA-8A43-E104FCBEAE85} = {4B1B0F03-CD32-38FA-8A43-E104FCBEAE85}
		{37A7178D-BB31-323B-B4D0-2F19D96D5071} = {37A7178D-BB31-323B-B4D0-2F19D96D5071}
		{69D495E1-3ACE-3490-BAE0-D4714A0B79D0} = {69D495E1-3ACE-3490-BAE0-D4714A0B79D0}
		{76F4C2AA-CC85-3D84-B0C0-BFF6BA6A5138} = {76F4C2AA-CC85-3D84-B0C0-BFF6BA6A5138}
		{E2C03B76-D056-3EFA-B890-EF6B8299F6EC} = {E2C03B76-D056-3EFA-B890-EF6B8299F6EC}
		{0E41D812-7E32-3358-A5ED-771AC272DFDD} = {0E41D812-7E32-3358-A5ED-771AC272DFDD}
		{C932210E-9D7F-3563-9D79-25A49BF48185} = {C932210E-9D7F-3563-9D79-25A49BF48185}
	EndProjectSection
EndProject
Project("{8BC9CEB8-8B4A-11D0-8D11-00A0C91BC942}") = "dcmpsmk", "apps\dcmpsmk.vcxproj", "{8A0826F1-FBD4-35C2-BCF9-9155F6744664}"
	ProjectSection(ProjectDependencies) = postProject
		{25DF73EC-F007-3E44-A90A-6E9B30231FED} = {25DF73EC-F007-3E44-A90A-6E9B30231FED}
		{21920D71-B0E7-36DB-9E72-FFC77F6776B6} = {21920D71-B0E7-36DB-9E72-FFC77F6776B6}
		{A7809A19-5C3E-3503-BC5E-A3B2207F8EAB} = {A7809A19-5C3E-3503-BC5E-A3B2207F8EAB}
		{C19650DF-F544-3B84-BC90-B109F323D6B7} = {C19650DF-F544-3B84-BC90-B109F323D6B7}
		{D3035629-2D29-3454-A2A4-4321D79084A2} = {D3035629-2D29-3454-A2A4-4321D79084A2}
		{4B1B0F03-CD32-38FA-8A43-E104FCBEAE85} = {4B1B0F03-CD32-38FA-8A43-E104FCBEAE85}
		{37A7178D-BB31-323B-B4D0-2F19D96D5071} = {37A7178D-BB31-323B-B4D0-2F19D96D5071}
		{69D495E1-3ACE-3490-BAE0-D4714A0B79D0} = {69D495E1-3ACE-3490-BAE0-D4714A0B79D0}
		{76F4C2AA-CC85-3D84-B0C0-BFF6BA6A5138} = {76F4C2AA-CC85-3D84-B0C0-BFF6BA6A5138}
		{E2C03B76-D056-3EFA-B890-EF6B8299F6EC} = {E2C03B76-D056-3EFA-B890-EF6B8299F6EC}
		{0E41D812-7E32-3358-A5ED-771AC272DFDD} = {0E41D812-7E32-3358-A5ED-771AC272DFDD}
		{C932210E-9D7F-3563-9D79-25A49BF48185} = {C932210E-9D7F-3563-9D79-25A49BF48185}
	EndProjectSection
EndProject
Project("{8BC9CEB8-8B4A-11D0-8D11-00A0C91BC942}") = "dcmpsprt", "apps\dcmpsprt.vcxproj", "{A8BB4783-71B7-33A9-BF28-4BD6DBDC3915}"
	ProjectSection(ProjectDependencies) = postProject
		{25DF73EC-F007-3E44-A90A-6E9B30231FED} = {25DF73EC-F007-3E44-A90A-6E9B30231FED}
		{21920D71-B0E7-36DB-9E72-FFC77F6776B6} = {21920D71-B0E7-36DB-9E72-FFC77F6776B6}
		{A7809A19-5C3E-3503-BC5E-A3B2207F8EAB} = {A7809A19-5C3E-3503-BC5E-A3B2207F8EAB}
		{C19650DF-F544-3B84-BC90-B109F323D6B7} = {C19650DF-F544-3B84-BC90-B109F323D6B7}
		{D3035629-2D29-3454-A2A4-4321D79084A2} = {D3035629-2D29-3454-A2A4-4321D79084A2}
		{4B1B0F03-CD32-38FA-8A43-E104FCBEAE85} = {4B1B0F03-CD32-38FA-8A43-E104FCBEAE85}
		{37A7178D-BB31-323B-B4D0-2F19D96D5071} = {37A7178D-BB31-323B-B4D0-2F19D96D5071}
		{69D495E1-3ACE-3490-BAE0-D4714A0B79D0} = {69D495E1-3ACE-3490-BAE0-D4714A0B79D0}
		{76F4C2AA-CC85-3D84-B0C0-BFF6BA6A5138} = {76F4C2AA-CC85-3D84-B0C0-BFF6BA6A5138}
		{E2C03B76-D056-3EFA-B890-EF6B8299F6EC} = {E2C03B76-D056-3EFA-B890-EF6B8299F6EC}
		{0E41D812-7E32-3358-A5ED-771AC272DFDD} = {0E41D812-7E32-3358-A5ED-771AC272DFDD}
		{C932210E-9D7F-3563-9D79-25A49BF48185} = {C932210E-9D7F-3563-9D79-25A49BF48185}
	EndProjectSection
EndProject
Project("{8BC9CEB8-8B4A-11D0-8D11-00A0C91BC942}") = "dcmpsrcv", "apps\dcmpsrcv.vcxproj", "{103E7A84-376F-3DED-8B5B-39E3071602AA}"
	ProjectSection(ProjectDependencies) = postProject
		{25DF73EC-F007-3E44-A90A-6E9B30231FED} = {25DF73EC-F007-3E44-A90A-6E9B30231FED}
		{21920D71-B0E7-36DB-9E72-FFC77F6776B6} = {21920D71-B0E7-36DB-9E72-FFC77F6776B6}
		{A7809A19-5C3E-3503-BC5E-A3B2207F8EAB} = {A7809A19-5C3E-3503-BC5E-A3B2207F8EAB}
		{C19650DF-F544-3B84-BC90-B109F323D6B7} = {C19650DF-F544-3B84-BC90-B109F323D6B7}
		{D3035629-2D29-3454-A2A4-4321D79084A2} = {D3035629-2D29-3454-A2A4-4321D79084A2}
		{4B1B0F03-CD32-38FA-8A43-E104FCBEAE85} = {4B1B0F03-CD32-38FA-8A43-E104FCBEAE85}
		{37A7178D-BB31-323B-B4D0-2F19D96D5071} = {37A7178D-BB31-323B-B4D0-2F19D96D5071}
		{69D495E1-3ACE-3490-BAE0-D4714A0B79D0} = {69D495E1-3ACE-3490-BAE0-D4714A0B79D0}
		{76F4C2AA-CC85-3D84-B0C0-BFF6BA6A5138} = {76F4C2AA-CC85-3D84-B0C0-BFF6BA6A5138}
		{E2C03B76-D056-3EFA-B890-EF6B8299F6EC} = {E2C03B76-D056-3EFA-B890-EF6B8299F6EC}
		{0E41D812-7E32-3358-A5ED-771AC272DFDD} = {0E41D812-7E32-3358-A5ED-771AC272DFDD}
		{C932210E-9D7F-3563-9D79-25A49BF48185} = {C932210E-9D7F-3563-9D79-25A49BF48185}
	EndProjectSection
EndProject
Project("{8BC9CEB8-8B4A-11D0-8D11-00A0C91BC942}") = "dcmpssnd", "apps\dcmpssnd.vcxproj", "{1FCDEE81-A9E5-3E21-A651-AC045E79E05D}"
	ProjectSection(ProjectDependencies) = postProject
		{25DF73EC-F007-3E44-A90A-6E9B30231FED} = {25DF73EC-F007-3E44-A90A-6E9B30231FED}
		{21920D71-B0E7-36DB-9E72-FFC77F6776B6} = {21920D71-B0E7-36DB-9E72-FFC77F6776B6}
		{A7809A19-5C3E-3503-BC5E-A3B2207F8EAB} = {A7809A19-5C3E-3503-BC5E-A3B2207F8EAB}
		{C19650DF-F544-3B84-BC90-B109F323D6B7} = {C19650DF-F544-3B84-BC90-B109F323D6B7}
		{D3035629-2D29-3454-A2A4-4321D79084A2} = {D3035629-2D29-3454-A2A4-4321D79084A2}
		{4B1B0F03-CD32-38FA-8A43-E104FCBEAE85} = {4B1B0F03-CD32-38FA-8A43-E104FCBEAE85}
		{37A7178D-BB31-323B-B4D0-2F19D96D5071} = {37A7178D-BB31-323B-B4D0-2F19D96D5071}
		{69D495E1-3ACE-3490-BAE0-D4714A0B79D0} = {69D495E1-3ACE-3490-BAE0-D4714A0B79D0}
		{76F4C2AA-CC85-3D84-B0C0-BFF6BA6A5138} = {76F4C2AA-CC85-3D84-B0C0-BFF6BA6A5138}
		{E2C03B76-D056-3EFA-B890-EF6B8299F6EC} = {E2C03B76-D056-3EFA-B890-EF6B8299F6EC}
		{0E41D812-7E32-3358-A5ED-771AC272DFDD} = {0E41D812-7E32-3358-A5ED-771AC272DFDD}
		{C932210E-9D7F-3563-9D79-25A49BF48185} = {C932210E-9D7F-3563-9D79-25A49BF48185}
	EndProjectSection
EndProject
Project("{8BC9CEB8-8B4A-11D0-8D11-00A0C91BC942}") = "dcmpstat", "libsrc\dcmpstat.vcxproj", "{37A7178D-BB31-323B-B4D0-2F19D96D5071}"
	ProjectSection(ProjectDependencies) = postProject
		{25DF73EC-F007-3E44-A90A-6E9B30231FED} = {25DF73EC-F007-3E44-A90A-6E9B30231FED}
		{21920D71-B0E7-36DB-9E72-FFC77F6776B6} = {21920D71-B0E7-36DB-9E72-FFC77F6776B6}
		{A7809A19-5C3E-3503-BC5E-A3B2207F8EAB} = {A7809A19-5C3E-3503-BC5E-A3B2207F8EAB}
		{C19650DF-F544-3B84-BC90-B109F323D6B7} = {C19650DF-F544-3B84-BC90-B109F323D6B7}
		{D3035629-2D29-3454-A2A4-4321D79084A2} = {D3035629-2D29-3454-A2A4-4321D79084A2}
		{4B1B0F03-CD32-38FA-8A43-E104FCBEAE85} = {4B1B0F03-CD32-38FA-8A43-E104FCBEAE85}
		{69D495E1-3ACE-3490-BAE0-D4714A0B79D0} = {69D495E1-3ACE-3490-BAE0-D4714A0B79D0}
		{76F4C2AA-CC85-3D84-B0C0-BFF6BA6A5138} = {76F4C2AA-CC85-3D84-B0C0-BFF6BA6A5138}
		{E2C03B76-D056-3EFA-B890-EF6B8299F6EC} = {E2C03B76-D056-3EFA-B890-EF6B8299F6EC}
		{0E41D812-7E32-3358-A5ED-771AC272DFDD} = {0E41D812-7E32-3358-A5ED-771AC272DFDD}
		{C932210E-9D7F-3563-9D79-25A49BF48185} = {C932210E-9D7F-3563-9D79-25A49BF48185}
	EndProjectSection
EndProject
Project("{8BC9CEB8-8B4A-11D0-8D11-00A0C91BC942}") = "dcmqrdb", "..\dcmqrdb\libsrc\dcmqrdb.vcxproj", "{69D495E1-3ACE-3490-BAE0-D4714A0B79D0}"
	ProjectSection(ProjectDependencies) = postProject
		{25DF73EC-F007-3E44-A90A-6E9B30231FED} = {25DF73EC-F007-3E44-A90A-6E9B30231FED}
		{21920D71-B0E7-36DB-9E72-FFC77F6776B6} = {21920D71-B0E7-36DB-9E72-FFC77F6776B6}
		{4B1B0F03-CD32-38FA-8A43-E104FCBEAE85} = {4B1B0F03-CD32-38FA-8A43-E104FCBEAE85}
		{0E41D812-7E32-3358-A5ED-771AC272DFDD} = {0E41D812-7E32-3358-A5ED-771AC272DFDD}
		{C932210E-9D7F-3563-9D79-25A49BF48185} = {C932210E-9D7F-3563-9D79-25A49BF48185}
	EndProjectSection
EndProject
Project("{8BC9CEB8-8B4A-11D0-8D11-00A0C91BC942}") = "dcmsr", "..\dcmsr\libsrc\dcmsr.vcxproj", "{76F4C2AA-CC85-3D84-B0C0-BFF6BA6A5138}"
	ProjectSection(ProjectDependencies) = postProject
		{25DF73EC-F007-3E44-A90A-6E9B30231FED} = {25DF73EC-F007-3E44-A90A-6E9B30231FED}
		{21920D71-B0E7-36DB-9E72-FFC77F6776B6} = {21920D71-B0E7-36DB-9E72-FFC77F6776B6}
		{C19650DF-F544-3B84-BC90-B109F323D6B7} = {C19650DF-F544-3B84-BC90-B109F323D6B7}
		{D3035629-2D29-3454-A2A4-4321D79084A2} = {D3035629-2D29-3454-A2A4-4321D79084A2}
		{0E41D812-7E32-3358-A5ED-771AC272DFDD} = {0E41D812-7E32-3358-A5ED-771AC272DFDD}
		{C932210E-9D7F-3563-9D79-25A49BF48185} = {C932210E-9D7F-3563-9D79-25A49BF48185}
	EndProjectSection
EndProject
Project("{8BC9CEB8-8B4A-11D0-8D11-00A0C91BC942}") = "dcmtls", "..\dcmtls\libsrc\dcmtls.vcxproj", "{E2C03B76-D056-3EFA-B890-EF6B8299F6EC}"
	ProjectSection(ProjectDependencies) = postProject
		{25DF73EC-F007-3E44-A90A-6E9B30231FED} = {25DF73EC-F007-3E44-A90A-6E9B30231FED}
		{21920D71-B0E7-36DB-9E72-FFC77F6776B6} = {21920D71-B0E7-36DB-9E72-FFC77F6776B6}
		{4B1B0F03-CD32-38FA-8A43-E104FCBEAE85} = {4B1B0F03-CD32-38FA-8A43-E104FCBEAE85}
		{0E41D812-7E32-3358-A5ED-771AC272DFDD} = {0E41D812-7E32-3358-A5ED-771AC272DFDD}
		{C932210E-9D7F-3563-9D79-25A49BF48185} = {C932210E-9D7F-3563-9D79-25A49BF48185}
	EndProjectSection
EndProject
Project("{8BC9CEB8-8B4A-11D0-8D11-00A0C91BC942}") = "msgserv", "tests\msgserv.vcxproj", "{2D8212AF-DA49-33B1-9D5D-2A39337AEDAF}"
	ProjectSection(ProjectDependencies) = postProject
		{25DF73EC-F007-3E44-A90A-6E9B30231FED} = {25DF73EC-F007-3E44-A90A-6E9B30231FED}
		{21920D71-B0E7-36DB-9E72-FFC77F6776B6} = {21920D71-B0E7-36DB-9E72-FFC77F6776B6}
		{A7809A19-5C3E-3503-BC5E-A3B2207F8EAB} = {A7809A19-5C3E-3503-BC5E-A3B2207F8EAB}
		{C19650DF-F544-3B84-BC90-B109F323D6B7} = {C19650DF-F544-3B84-BC90-B109F323D6B7}
		{D3035629-2D29-3454-A2A4-4321D79084A2} = {D3035629-2D29-3454-A2A4-4321D79084A2}
		{4B1B0F03-CD32-38FA-8A43-E104FCBEAE85} = {4B1B0F03-CD32-38FA-8A43-E104FCBEAE85}
		{37A7178D-BB31-323B-B4D0-2F19D96D5071} = {37A7178D-BB31-323B-B4D0-2F19D96D5071}
		{69D495E1-3ACE-3490-BAE0-D4714A0B79D0} = {69D495E1-3ACE-3490-BAE0-D4714A0B79D0}
		{76F4C2AA-CC85-3D84-B0C0-BFF6BA6A5138} = {76F4C2AA-CC85-3D84-B0C0-BFF6BA6A5138}
		{E2C03B76-D056-3EFA-B890-EF6B8299F6EC} = {E2C03B76-D056-3EFA-B890-EF6B8299F6EC}
		{0E41D812-7E32-3358-A5ED-771AC272DFDD} = {0E41D812-7E32-3358-A5ED-771AC272DFDD}
		{C932210E-9D7F-3563-9D79-25A49BF48185} = {C932210E-9D7F-3563-9D79-25A49BF48185}
	EndProjectSection
EndProject
Project("{8BC9CEB8-8B4A-11D0-8D11-00A0C91BC942}") = "oflog", "..\oflog\libsrc\oflog.vcxproj", "{0E41D812-7E32-3358-A5ED-771AC272DFDD}"
	ProjectSection(ProjectDependencies) = postProject
		{25DF73EC-F007-3E44-A90A-6E9B30231FED} = {25DF73EC-F007-3E44-A90A-6E9B30231FED}
		{C932210E-9D7F-3563-9D79-25A49BF48185} = {C932210E-9D7F-3563-9D79-25A49BF48185}
	EndProjectSection
EndProject
Project("{8BC9CEB8-8B4A-11D0-8D11-00A0C91BC942}") = "ofstd", "..\ofstd\libsrc\ofstd.vcxproj", "{C932210E-9D7F-3563-9D79-25A49BF48185}"
	ProjectSection(ProjectDependencies) = postProject
		{25DF73EC-F007-3E44-A90A-6E9B30231FED} = {25DF73EC-F007-3E44-A90A-6E9B30231FED}
	EndProjectSection
EndProject
Global
	GlobalSection(SolutionConfigurationPlatforms) = preSolution
		Debug|x64 = Debug|x64
		Release|x64 = Release|x64
		MinSizeRel|x64 = MinSizeRel|x64
		RelWithDebInfo|x64 = RelWithDebInfo|x64
	EndGlobalSection
	GlobalSection(ProjectConfigurationPlatforms) = postSolution
		{D64B344F-EEC8-3694-B368-C392B765391D}.Debug|x64.ActiveCfg = Debug|x64
		{D64B344F-EEC8-3694-B368-C392B765391D}.Debug|x64.Build.0 = Debug|x64
		{D64B344F-EEC8-3694-B368-C392B765391D}.Release|x64.ActiveCfg = Release|x64
		{D64B344F-EEC8-3694-B368-C392B765391D}.Release|x64.Build.0 = Release|x64
		{D64B344F-EEC8-3694-B368-C392B765391D}.MinSizeRel|x64.ActiveCfg = MinSizeRel|x64
		{D64B344F-EEC8-3694-B368-C392B765391D}.MinSizeRel|x64.Build.0 = MinSizeRel|x64
		{D64B344F-EEC8-3694-B368-C392B765391D}.RelWithDebInfo|x64.ActiveCfg = RelWithDebInfo|x64
		{D64B344F-EEC8-3694-B368-C392B765391D}.RelWithDebInfo|x64.Build.0 = RelWithDebInfo|x64
		{C8CFA7C2-F522-3FFF-9F61-BFA5D8EC2244}.Debug|x64.ActiveCfg = Debug|x64
		{C8CFA7C2-F522-3FFF-9F61-BFA5D8EC2244}.Release|x64.ActiveCfg = Release|x64
		{C8CFA7C2-F522-3FFF-9F61-BFA5D8EC2244}.MinSizeRel|x64.ActiveCfg = MinSizeRel|x64
		{C8CFA7C2-F522-3FFF-9F61-BFA5D8EC2244}.RelWithDebInfo|x64.ActiveCfg = RelWithDebInfo|x64
		{495BACC6-54C4-3A84-9DE8-97AD3D3D839A}.Debug|x64.ActiveCfg = Debug|x64
		{495BACC6-54C4-3A84-9DE8-97AD3D3D839A}.Release|x64.ActiveCfg = Release|x64
		{495BACC6-54C4-3A84-9DE8-97AD3D3D839A}.MinSizeRel|x64.ActiveCfg = MinSizeRel|x64
		{495BACC6-54C4-3A84-9DE8-97AD3D3D839A}.RelWithDebInfo|x64.ActiveCfg = RelWithDebInfo|x64
		{25DF73EC-F007-3E44-A90A-6E9B30231FED}.Debug|x64.ActiveCfg = Debug|x64
		{25DF73EC-F007-3E44-A90A-6E9B30231FED}.Debug|x64.Build.0 = Debug|x64
		{25DF73EC-F007-3E44-A90A-6E9B30231FED}.Release|x64.ActiveCfg = Release|x64
		{25DF73EC-F007-3E44-A90A-6E9B30231FED}.Release|x64.Build.0 = Release|x64
		{25DF73EC-F007-3E44-A90A-6E9B30231FED}.MinSizeRel|x64.ActiveCfg = MinSizeRel|x64
		{25DF73EC-F007-3E44-A90A-6E9B30231FED}.MinSizeRel|x64.Build.0 = MinSizeRel|x64
		{25DF73EC-F007-3E44-A90A-6E9B30231FED}.RelWithDebInfo|x64.ActiveCfg = RelWithDebInfo|x64
		{25DF73EC-F007-3E44-A90A-6E9B30231FED}.RelWithDebInfo|x64.Build.0 = RelWithDebInfo|x64
		{21920D71-B0E7-36DB-9E72-FFC77F6776B6}.Debug|x64.ActiveCfg = Debug|x64
		{21920D71-B0E7-36DB-9E72-FFC77F6776B6}.Debug|x64.Build.0 = Debug|x64
		{21920D71-B0E7-36DB-9E72-FFC77F6776B6}.Release|x64.ActiveCfg = Release|x64
		{21920D71-B0E7-36DB-9E72-FFC77F6776B6}.Release|x64.Build.0 = Release|x64
		{21920D71-B0E7-36DB-9E72-FFC77F6776B6}.MinSizeRel|x64.ActiveCfg = MinSizeRel|x64
		{21920D71-B0E7-36DB-9E72-FFC77F6776B6}.MinSizeRel|x64.Build.0 = MinSizeRel|x64
		{21920D71-B0E7-36DB-9E72-FFC77F6776B6}.RelWithDebInfo|x64.ActiveCfg = RelWithDebInfo|x64
		{21920D71-B0E7-36DB-9E72-FFC77F6776B6}.RelWithDebInfo|x64.Build.0 = RelWithDebInfo|x64
		{A7809A19-5C3E-3503-BC5E-A3B2207F8EAB}.Debug|x64.ActiveCfg = Debug|x64
		{A7809A19-5C3E-3503-BC5E-A3B2207F8EAB}.Debug|x64.Build.0 = Debug|x64
		{A7809A19-5C3E-3503-BC5E-A3B2207F8EAB}.Release|x64.ActiveCfg = Release|x64
		{A7809A19-5C3E-3503-BC5E-A3B2207F8EAB}.Release|x64.Build.0 = Release|x64
		{A7809A19-5C3E-3503-BC5E-A3B2207F8EAB}.MinSizeRel|x64.ActiveCfg = MinSizeRel|x64
		{A7809A19-5C3E-3503-BC5E-A3B2207F8EAB}.MinSizeRel|x64.Build.0 = MinSizeRel|x64
		{A7809A19-5C3E-3503-BC5E-A3B2207F8EAB}.RelWithDebInfo|x64.ActiveCfg = RelWithDebInfo|x64
		{A7809A19-5C3E-3503-BC5E-A3B2207F8EAB}.RelWithDebInfo|x64.Build.0 = RelWithDebInfo|x64
		{C19650DF-F544-3B84-BC90-B109F323D6B7}.Debug|x64.ActiveCfg = Debug|x64
		{C19650DF-F544-3B84-BC90-B109F323D6B7}.Debug|x64.Build.0 = Debug|x64
		{C19650DF-F544-3B84-BC90-B109F323D6B7}.Release|x64.ActiveCfg = Release|x64
		{C19650DF-F544-3B84-BC90-B109F323D6B7}.Release|x64.Build.0 = Release|x64
		{C19650DF-F544-3B84-BC90-B109F323D6B7}.MinSizeRel|x64.ActiveCfg = MinSizeRel|x64
		{C19650DF-F544-3B84-BC90-B109F323D6B7}.MinSizeRel|x64.Build.0 = MinSizeRel|x64
		{C19650DF-F544-3B84-BC90-B109F323D6B7}.RelWithDebInfo|x64.ActiveCfg = RelWithDebInfo|x64
		{C19650DF-F544-3B84-BC90-B109F323D6B7}.RelWithDebInfo|x64.Build.0 = RelWithDebInfo|x64
		{D3035629-2D29-3454-A2A4-4321D79084A2}.Debug|x64.ActiveCfg = Debug|x64
		{D3035629-2D29-3454-A2A4-4321D79084A2}.Debug|x64.Build.0 = Debug|x64
		{D3035629-2D29-3454-A2A4-4321D79084A2}.Release|x64.ActiveCfg = Release|x64
		{D3035629-2D29-3454-A2A4-4321D79084A2}.Release|x64.Build.0 = Release|x64
		{D3035629-2D29-3454-A2A4-4321D79084A2}.MinSizeRel|x64.ActiveCfg = MinSizeRel|x64
		{D3035629-2D29-3454-A2A4-4321D79084A2}.MinSizeRel|x64.Build.0 = MinSizeRel|x64
		{D3035629-2D29-3454-A2A4-4321D79084A2}.RelWithDebInfo|x64.ActiveCfg = RelWithDebInfo|x64
		{D3035629-2D29-3454-A2A4-4321D79084A2}.RelWithDebInfo|x64.Build.0 = RelWithDebInfo|x64
		{DAC5AB54-0DD1-3B86-A724-B60AC3BE8B78}.Debug|x64.ActiveCfg = Debug|x64
		{DAC5AB54-0DD1-3B86-A724-B60AC3BE8B78}.Debug|x64.Build.0 = Debug|x64
		{DAC5AB54-0DD1-3B86-A724-B60AC3BE8B78}.Release|x64.ActiveCfg = Release|x64
		{DAC5AB54-0DD1-3B86-A724-B60AC3BE8B78}.Release|x64.Build.0 = Release|x64
		{DAC5AB54-0DD1-3B86-A724-B60AC3BE8B78}.MinSizeRel|x64.ActiveCfg = MinSizeRel|x64
		{DAC5AB54-0DD1-3B86-A724-B60AC3BE8B78}.MinSizeRel|x64.Build.0 = MinSizeRel|x64
		{DAC5AB54-0DD1-3B86-A724-B60AC3BE8B78}.RelWithDebInfo|x64.ActiveCfg = RelWithDebInfo|x64
		{DAC5AB54-0DD1-3B86-A724-B60AC3BE8B78}.RelWithDebInfo|x64.Build.0 = RelWithDebInfo|x64
		{D97C0D21-7401-3E31-AD8D-4801D9722D4E}.Debug|x64.ActiveCfg = Debug|x64
		{D97C0D21-7401-3E31-AD8D-4801D9722D4E}.Debug|x64.Build.0 = Debug|x64
		{D97C0D21-7401-3E31-AD8D-4801D9722D4E}.Release|x64.ActiveCfg = Release|x64
		{D97C0D21-7401-3E31-AD8D-4801D9722D4E}.Release|x64.Build.0 = Release|x64
		{D97C0D21-7401-3E31-AD8D-4801D9722D4E}.MinSizeRel|x64.ActiveCfg = MinSizeRel|x64
		{D97C0D21-7401-3E31-AD8D-4801D9722D4E}.MinSizeRel|x64.Build.0 = MinSizeRel|x64
		{D97C0D21-7401-3E31-AD8D-4801D9722D4E}.RelWithDebInfo|x64.ActiveCfg = RelWithDebInfo|x64
		{D97C0D21-7401-3E31-AD8D-4801D9722D4E}.RelWithDebInfo|x64.Build.0 = RelWithDebInfo|x64
		{4B1B0F03-CD32-38FA-8A43-E104FCBEAE85}.Debug|x64.ActiveCfg = Debug|x64
		{4B1B0F03-CD32-38FA-8A43-E104FCBEAE85}.Debug|x64.Build.0 = Debug|x64
		{4B1B0F03-CD32-38FA-8A43-E104FCBEAE85}.Release|x64.ActiveCfg = Release|x64
		{4B1B0F03-CD32-38FA-8A43-E104FCBEAE85}.Release|x64.Build.0 = Release|x64
		{4B1B0F03-CD32-38FA-8A43-E104FCBEAE85}.MinSizeRel|x64.ActiveCfg = MinSizeRel|x64
		{4B1B0F03-CD32-38FA-8A43-E104FCBEAE85}.MinSizeRel|x64.Build.0 = MinSizeRel|x64
		{4B1B0F03-CD32-38FA-8A43-E104FCBEAE85}.RelWithDebInfo|x64.ActiveCfg = RelWithDebInfo|x64
		{4B1B0F03-CD32-38FA-8A43-E104FCBEAE85}.RelWithDebInfo|x64.Build.0 = RelWithDebInfo|x64
		{51D22676-2036-3A39-A48B-B2AE4035F9ED}.Debug|x64.ActiveCfg = Debug|x64
		{51D22676-2036-3A39-A48B-B2AE4035F9ED}.Debug|x64.Build.0 = Debug|x64
		{51D22676-2036-3A39-A48B-B2AE4035F9ED}.Release|x64.ActiveCfg = Release|x64
		{51D22676-2036-3A39-A48B-B2AE4035F9ED}.Release|x64.Build.0 = Release|x64
		{51D22676-2036-3A39-A48B-B2AE4035F9ED}.MinSizeRel|x64.ActiveCfg = MinSizeRel|x64
		{51D22676-2036-3A39-A48B-B2AE4035F9ED}.MinSizeRel|x64.Build.0 = MinSizeRel|x64
		{51D22676-2036-3A39-A48B-B2AE4035F9ED}.RelWithDebInfo|x64.ActiveCfg = RelWithDebInfo|x64
		{51D22676-2036-3A39-A48B-B2AE4035F9ED}.RelWithDebInfo|x64.Build.0 = RelWithDebInfo|x64
		{CCC9A3A9-1F71-3D9B-8B82-E8E7249B9274}.Debug|x64.ActiveCfg = Debug|x64
		{CCC9A3A9-1F71-3D9B-8B82-E8E7249B9274}.Debug|x64.Build.0 = Debug|x64
		{CCC9A3A9-1F71-3D9B-8B82-E8E7249B9274}.Release|x64.ActiveCfg = Release|x64
		{CCC9A3A9-1F71-3D9B-8B82-E8E7249B9274}.Release|x64.Build.0 = Release|x64
		{CCC9A3A9-1F71-3D9B-8B82-E8E7249B9274}.MinSizeRel|x64.ActiveCfg = MinSizeRel|x64
		{CCC9A3A9-1F71-3D9B-8B82-E8E7249B9274}.MinSizeRel|x64.Build.0 = MinSizeRel|x64
		{CCC9A3A9-1F71-3D9B-8B82-E8E7249B9274}.RelWithDebInfo|x64.ActiveCfg = RelWithDebInfo|x64
		{CCC9A3A9-1F71-3D9B-8B82-E8E7249B9274}.RelWithDebInfo|x64.Build.0 = RelWithDebInfo|x64
		{1584E253-1466-366A-91BD-988FC275528E}.Debug|x64.ActiveCfg = Debug|x64
		{1584E253-1466-366A-91BD-988FC275528E}.Debug|x64.Build.0 = Debug|x64
		{1584E253-1466-366A-91BD-988FC275528E}.Release|x64.ActiveCfg = Release|x64
		{1584E253-1466-366A-91BD-988FC275528E}.Release|x64.Build.0 = Release|x64
		{1584E253-1466-366A-91BD-988FC275528E}.MinSizeRel|x64.ActiveCfg = MinSizeRel|x64
		{1584E253-1466-366A-91BD-988FC275528E}.MinSizeRel|x64.Build.0 = MinSizeRel|x64
		{1584E253-1466-366A-91BD-988FC275528E}.RelWithDebInfo|x64.ActiveCfg = RelWithDebInfo|x64
		{1584E253-1466-366A-91BD-988FC275528E}.RelWithDebInfo|x64.Build.0 = RelWithDebInfo|x64
		{0B7C09D9-3DD9-32F8-89FD-DF5F7436BA02}.Debug|x64.ActiveCfg = Debug|x64
		{0B7C09D9-3DD9-32F8-89FD-DF5F7436BA02}.Debug|x64.Build.0 = Debug|x64
		{0B7C09D9-3DD9-32F8-89FD-DF5F7436BA02}.Release|x64.ActiveCfg = Release|x64
		{0B7C09D9-3DD9-32F8-89FD-DF5F7436BA02}.Release|x64.Build.0 = Release|x64
		{0B7C09D9-3DD9-32F8-89FD-DF5F7436BA02}.MinSizeRel|x64.ActiveCfg = MinSizeRel|x64
		{0B7C09D9-3DD9-32F8-89FD-DF5F7436BA02}.MinSizeRel|x64.Build.0 = MinSizeRel|x64
		{0B7C09D9-3DD9-32F8-89FD-DF5F7436BA02}.RelWithDebInfo|x64.ActiveCfg = RelWithDebInfo|x64
		{0B7C09D9-3DD9-32F8-89FD-DF5F7436BA02}.RelWithDebInfo|x64.Build.0 = RelWithDebInfo|x64
		{8A0826F1-FBD4-35C2-BCF9-9155F6744664}.Debug|x64.ActiveCfg = Debug|x64
		{8A0826F1-FBD4-35C2-BCF9-9155F6744664}.Debug|x64.Build.0 = Debug|x64
		{8A0826F1-FBD4-35C2-BCF9-9155F6744664}.Release|x64.ActiveCfg = Release|x64
		{8A0826F1-FBD4-35C2-BCF9-9155F6744664}.Release|x64.Build.0 = Release|x64
		{8A0826F1-FBD4-35C2-BCF9-9155F6744664}.MinSizeRel|x64.ActiveCfg = MinSizeRel|x64
		{8A0826F1-FBD4-35C2-BCF9-9155F6744664}.MinSizeRel|x64.Build.0 = MinSizeRel|x64
		{8A0826F1-FBD4-35C2-BCF9-9155F6744664}.RelWithDebInfo|x64.ActiveCfg = RelWithDebInfo|x64
		{8A0826F1-FBD4-35C2-BCF9-9155F6744664}.RelWithDebInfo|x64.Build.0 = RelWithDebInfo|x64
		{A8BB4783-71B7-33A9-BF28-4BD6DBDC3915}.Debug|x64.ActiveCfg = Debug|x64
		{A8BB4783-71B7-33A9-BF28-4BD6DBDC3915}.Debug|x64.Build.0 = Debug|x64
		{A8BB4783-71B7-33A9-BF28-4BD6DBDC3915}.Release|x64.ActiveCfg = Release|x64
		{A8BB4783-71B7-33A9-BF28-4BD6DBDC3915}.Release|x64.Build.0 = Release|x64
		{A8BB4783-71B7-33A9-BF28-4BD6DBDC3915}.MinSizeRel|x64.ActiveCfg = MinSizeRel|x64
		{A8BB4783-71B7-33A9-BF28-4BD6DBDC3915}.MinSizeRel|x64.Build.0 = MinSizeRel|x64
		{A8BB4783-71B7-33A9-BF28-4BD6DBDC3915}.RelWithDebInfo|x64.ActiveCfg = RelWithDebInfo|x64
		{A8BB4783-71B7-33A9-BF28-4BD6DBDC3915}.RelWithDebInfo|x64.Build.0 = RelWithDebInfo|x64
		{103E7A84-376F-3DED-8B5B-39E3071602AA}.Debug|x64.ActiveCfg = Debug|x64
		{103E7A84-376F-3DED-8B5B-39E3071602AA}.Debug|x64.Build.0 = Debug|x64
		{103E7A84-376F-3DED-8B5B-39E3071602AA}.Release|x64.ActiveCfg = Release|x64
		{103E7A84-376F-3DED-8B5B-39E3071602AA}.Release|x64.Build.0 = Release|x64
		{103E7A84-376F-3DED-8B5B-39E3071602AA}.MinSizeRel|x64.ActiveCfg = MinSizeRel|x64
		{103E7A84-376F-3DED-8B5B-39E3071602AA}.MinSizeRel|x64.Build.0 = MinSizeRel|x64
		{103E7A84-376F-3DED-8B5B-39E3071602AA}.RelWithDebInfo|x64.ActiveCfg = RelWithDebInfo|x64
		{103E7A84-376F-3DED-8B5B-39E3071602AA}.RelWithDebInfo|x64.Build.0 = RelWithDebInfo|x64
		{1FCDEE81-A9E5-3E21-A651-AC045E79E05D}.Debug|x64.ActiveCfg = Debug|x64
		{1FCDEE81-A9E5-3E21-A651-AC045E79E05D}.Debug|x64.Build.0 = Debug|x64
		{1FCDEE81-A9E5-3E21-A651-AC045E79E05D}.Release|x64.ActiveCfg = Release|x64
		{1FCDEE81-A9E5-3E21-A651-AC045E79E05D}.Release|x64.Build.0 = Release|x64
		{1FCDEE81-A9E5-3E21-A651-AC045E79E05D}.MinSizeRel|x64.ActiveCfg = MinSizeRel|x64
		{1FCDEE81-A9E5-3E21-A651-AC045E79E05D}.MinSizeRel|x64.Build.0 = MinSizeRel|x64
		{1FCDEE81-A9E5-3E21-A651-AC045E79E05D}.RelWithDebInfo|x64.ActiveCfg = RelWithDebInfo|x64
		{1FCDEE81-A9E5-3E21-A651-AC045E79E05D}.RelWithDebInfo|x64.Build.0 = RelWithDebInfo|x64
		{37A7178D-BB31-323B-B4D0-2F19D96D5071}.Debug|x64.ActiveCfg = Debug|x64
		{37A7178D-BB31-323B-B4D0-2F19D96D5071}.Debug|x64.Build.0 = Debug|x64
		{37A7178D-BB31-323B-B4D0-2F19D96D5071}.Release|x64.ActiveCfg = Release|x64
		{37A7178D-BB31-323B-B4D0-2F19D96D5071}.Release|x64.Build.0 = Release|x64
		{37A7178D-BB31-323B-B4D0-2F19D96D5071}.MinSizeRel|x64.ActiveCfg = MinSizeRel|x64
		{37A7178D-BB31-323B-B4D0-2F19D96D5071}.MinSizeRel|x64.Build.0 = MinSizeRel|x64
		{37A7178D-BB31-323B-B4D0-2F19D96D5071}.RelWithDebInfo|x64.ActiveCfg = RelWithDebInfo|x64
		{37A7178D-BB31-323B-B4D0-2F19D96D5071}.RelWithDebInfo|x64.Build.0 = RelWithDebInfo|x64
		{69D495E1-3ACE-3490-BAE0-D4714A0B79D0}.Debug|x64.ActiveCfg = Debug|x64
		{69D495E1-3ACE-3490-BAE0-D4714A0B79D0}.Debug|x64.Build.0 = Debug|x64
		{69D495E1-3ACE-3490-BAE0-D4714A0B79D0}.Release|x64.ActiveCfg = Release|x64
		{69D495E1-3ACE-3490-BAE0-D4714A0B79D0}.Release|x64.Build.0 = Release|x64
		{69D495E1-3ACE-3490-BAE0-D4714A0B79D0}.MinSizeRel|x64.ActiveCfg = MinSizeRel|x64
		{69D495E1-3ACE-3490-BAE0-D4714A0B79D0}.MinSizeRel|x64.Build.0 = MinSizeRel|x64
		{69D495E1-3ACE-3490-BAE0-D4714A0B79D0}.RelWithDebInfo|x64.ActiveCfg = RelWithDebInfo|x64
		{69D495E1-3ACE-3490-BAE0-D4714A0B79D0}.RelWithDebInfo|x64.Build.0 = RelWithDebInfo|x64
		{76F4C2AA-CC85-3D84-B0C0-BFF6BA6A5138}.Debug|x64.ActiveCfg = Debug|x64
		{76F4C2AA-CC85-3D84-B0C0-BFF6BA6A5138}.Debug|x64.Build.0 = Debug|x64
		{76F4C2AA-CC85-3D84-B0C0-BFF6BA6A5138}.Release|x64.ActiveCfg = Release|x64
		{76F4C2AA-CC85-3D84-B0C0-BFF6BA6A5138}.Release|x64.Build.0 = Release|x64
		{76F4C2AA-CC85-3D84-B0C0-BFF6BA6A5138}.MinSizeRel|x64.ActiveCfg = MinSizeRel|x64
		{76F4C2AA-CC85-3D84-B0C0-BFF6BA6A5138}.MinSizeRel|x64.Build.0 = MinSizeRel|x64
		{76F4C2AA-CC85-3D84-B0C0-BFF6BA6A5138}.RelWithDebInfo|x64.ActiveCfg = RelWithDebInfo|x64
		{76F4C2AA-CC85-3D84-B0C0-BFF6BA6A5138}.RelWithDebInfo|x64.Build.0 = RelWithDebInfo|x64
		{E2C03B76-D056-3EFA-B890-EF6B8299F6EC}.Debug|x64.ActiveCfg = Debug|x64
		{E2C03B76-D056-3EFA-B890-EF6B8299F6EC}.Debug|x64.Build.0 = Debug|x64
		{E2C03B76-D056-3EFA-B890-EF6B8299F6EC}.Release|x64.ActiveCfg = Release|x64
		{E2C03B76-D056-3EFA-B890-EF6B8299F6EC}.Release|x64.Build.0 = Release|x64
		{E2C03B76-D056-3EFA-B890-EF6B8299F6EC}.MinSizeRel|x64.ActiveCfg = MinSizeRel|x64
		{E2C03B76-D056-3EFA-B890-EF6B8299F6EC}.MinSizeRel|x64.Build.0 = MinSizeRel|x64
		{E2C03B76-D056-3EFA-B890-EF6B8299F6EC}.RelWithDebInfo|x64.ActiveCfg = RelWithDebInfo|x64
		{E2C03B76-D056-3EFA-B890-EF6B8299F6EC}.RelWithDebInfo|x64.Build.0 = RelWithDebInfo|x64
		{2D8212AF-DA49-33B1-9D5D-2A39337AEDAF}.Debug|x64.ActiveCfg = Debug|x64
		{2D8212AF-DA49-33B1-9D5D-2A39337AEDAF}.Debug|x64.Build.0 = Debug|x64
		{2D8212AF-DA49-33B1-9D5D-2A39337AEDAF}.Release|x64.ActiveCfg = Release|x64
		{2D8212AF-DA49-33B1-9D5D-2A39337AEDAF}.Release|x64.Build.0 = Release|x64
		{2D8212AF-DA49-33B1-9D5D-2A39337AEDAF}.MinSizeRel|x64.ActiveCfg = MinSizeRel|x64
		{2D8212AF-DA49-33B1-9D5D-2A39337AEDAF}.MinSizeRel|x64.Build.0 = MinSizeRel|x64
		{2D8212AF-DA49-33B1-9D5D-2A39337AEDAF}.RelWithDebInfo|x64.ActiveCfg = RelWithDebInfo|x64
		{2D8212AF-DA49-33B1-9D5D-2A39337AEDAF}.RelWithDebInfo|x64.Build.0 = RelWithDebInfo|x64
		{0E41D812-7E32-3358-A5ED-771AC272DFDD}.Debug|x64.ActiveCfg = Debug|x64
		{0E41D812-7E32-3358-A5ED-771AC272DFDD}.Debug|x64.Build.0 = Debug|x64
		{0E41D812-7E32-3358-A5ED-771AC272DFDD}.Release|x64.ActiveCfg = Release|x64
		{0E41D812-7E32-3358-A5ED-771AC272DFDD}.Release|x64.Build.0 = Release|x64
		{0E41D812-7E32-3358-A5ED-771AC272DFDD}.MinSizeRel|x64.ActiveCfg = MinSizeRel|x64
		{0E41D812-7E32-3358-A5ED-771AC272DFDD}.MinSizeRel|x64.Build.0 = MinSizeRel|x64
		{0E41D812-7E32-3358-A5ED-771AC272DFDD}.RelWithDebInfo|x64.ActiveCfg = RelWithDebInfo|x64
		{0E41D812-7E32-3358-A5ED-771AC272DFDD}.RelWithDebInfo|x64.Build.0 = RelWithDebInfo|x64
		{C932210E-9D7F-3563-9D79-25A49BF48185}.Debug|x64.ActiveCfg = Debug|x64
		{C932210E-9D7F-3563-9D79-25A49BF48185}.Debug|x64.Build.0 = Debug|x64
		{C932210E-9D7F-3563-9D79-25A49BF48185}.Release|x64.ActiveCfg = Release|x64
		{C932210E-9D7F-3563-9D79-25A49BF48185}.Release|x64.Build.0 = Release|x64
		{C932210E-9D7F-3563-9D79-25A49BF48185}.MinSizeRel|x64.ActiveCfg = MinSizeRel|x64
		{C932210E-9D7F-3563-9D79-25A49BF48185}.MinSizeRel|x64.Build.0 = MinSizeRel|x64
		{C932210E-9D7F-3563-9D79-25A49BF48185}.RelWithDebInfo|x64.ActiveCfg = RelWithDebInfo|x64
		{C932210E-9D7F-3563-9D79-25A49BF48185}.RelWithDebInfo|x64.Build.0 = RelWithDebInfo|x64
	EndGlobalSection
	GlobalSection(ExtensibilityGlobals) = postSolution
		SolutionGuid = {F591AFB1-45EE-3AE1-93AE-002726101CE6}
	EndGlobalSection
	GlobalSection(ExtensibilityAddIns) = postSolution
	EndGlobalSection
EndGlobal
