<?xml version="1.0" encoding="utf-8"?>
<Project ToolsVersion="17.0" xmlns="http://schemas.microsoft.com/developer/msbuild/2003">
  <ItemGroup>
    <CustomBuild Include="D:\Programming\C++\dcmqrscpWithMongoDB\dcmqrscpMongoDB\CMakeFiles\d83d0d515cf7968120b495b6a6d264e4\updatedeftag.rule">
      <Filter>CMake Rules</Filter>
    </CustomBuild>
    <CustomBuild Include="D:\Programming\C++\dcmqrscpWithMongoDB\CMakeSource\dcmtk-3.6.7\dcmdata\libsrc\CMakeLists.txt" />
  </ItemGroup>
  <ItemGroup>
    <None Include="D:\Programming\C++\dcmqrscpWithMongoDB\dcmqrscpMongoDB\dcmtk-3.6.7\dcmdata\libsrc\CMakeFiles\updatedeftag" />
  </ItemGroup>
  <ItemGroup>
    <Filter Include="CMake Rules">
      <UniqueIdentifier>{A43821A0-B67D-3E57-B5F1-0EFAB5E80333}</UniqueIdentifier>
    </Filter>
  </ItemGroup>
</Project>
