
Microsoft Visual Studio Solution File, Format Version 12.00
# Visual Studio Version 17
Project("{8BC9CEB8-8B4A-11D0-8D11-00A0C91BC942}") = "ALL_BUILD", "ALL_BUILD.vcxproj", "{D64B344F-EEC8-3694-B368-C392B765391D}"
	ProjectSection(ProjectDependencies) = postProject
		{25DF73EC-F007-3E44-A90A-6E9B30231FED} = {25DF73EC-F007-3E44-A90A-6E9B30231FED}
		{E2C03B76-D056-3EFA-B890-EF6B8299F6EC} = {E2C03B76-D056-3EFA-B890-EF6B8299F6EC}
		{C7866FE0-4930-3D80-8E73-1195B01AFC79} = {C7866FE0-4930-3D80-8E73-1195B01AFC79}
	EndProjectSection
EndProject
Project("{8BC9CEB8-8B4A-11D0-8D11-00A0C91BC942}") = "INSTALL", "INSTALL.vcxproj", "{C8CFA7C2-F522-3FFF-9F61-BFA5D8EC2244}"
	ProjectSection(ProjectDependencies) = postProject
		{D64B344F-EEC8-3694-B368-C392B765391D} = {D64B344F-EEC8-3694-B368-C392B765391D}
		{25DF73EC-F007-3E44-A90A-6E9B30231FED} = {25DF73EC-F007-3E44-A90A-6E9B30231FED}
	EndProjectSection
EndProject
Project("{8BC9CEB8-8B4A-11D0-8D11-00A0C91BC942}") = "PACKAGE", "PACKAGE.vcxproj", "{495BACC6-54C4-3A84-9DE8-97AD3D3D839A}"
	ProjectSection(ProjectDependencies) = postProject
		{D64B344F-EEC8-3694-B368-C392B765391D} = {D64B344F-EEC8-3694-B368-C392B765391D}
		{25DF73EC-F007-3E44-A90A-6E9B30231FED} = {25DF73EC-F007-3E44-A90A-6E9B30231FED}
	EndProjectSection
EndProject
Project("{8BC9CEB8-8B4A-11D0-8D11-00A0C91BC942}") = "ZERO_CHECK", "..\..\\ZERO_CHECK.vcxproj", "{25DF73EC-F007-3E44-A90A-6E9B30231FED}"
	ProjectSection(ProjectDependencies) = postProject
	EndProjectSection
EndProject
Project("{8BC9CEB8-8B4A-11D0-8D11-00A0C91BC942}") = "dcmdata", "..\dcmdata\libsrc\dcmdata.vcxproj", "{21920D71-B0E7-36DB-9E72-FFC77F6776B6}"
	ProjectSection(ProjectDependencies) = postProject
		{25DF73EC-F007-3E44-A90A-6E9B30231FED} = {25DF73EC-F007-3E44-A90A-6E9B30231FED}
		{0E41D812-7E32-3358-A5ED-771AC272DFDD} = {0E41D812-7E32-3358-A5ED-771AC272DFDD}
		{C932210E-9D7F-3563-9D79-25A49BF48185} = {C932210E-9D7F-3563-9D79-25A49BF48185}
	EndProjectSection
EndProject
Project("{8BC9CEB8-8B4A-11D0-8D11-00A0C91BC942}") = "dcmnet", "..\dcmnet\libsrc\dcmnet.vcxproj", "{4B1B0F03-CD32-38FA-8A43-E104FCBEAE85}"
	ProjectSection(ProjectDependencies) = postProject
		{25DF73EC-F007-3E44-A90A-6E9B30231FED} = {25DF73EC-F007-3E44-A90A-6E9B30231FED}
		{21920D71-B0E7-36DB-9E72-FFC77F6776B6} = {21920D71-B0E7-36DB-9E72-FFC77F6776B6}
		{0E41D812-7E32-3358-A5ED-771AC272DFDD} = {0E41D812-7E32-3358-A5ED-771AC272DFDD}
		{C932210E-9D7F-3563-9D79-25A49BF48185} = {C932210E-9D7F-3563-9D79-25A49BF48185}
	EndProjectSection
EndProject
Project("{8BC9CEB8-8B4A-11D0-8D11-00A0C91BC942}") = "dcmtls", "libsrc\dcmtls.vcxproj", "{E2C03B76-D056-3EFA-B890-EF6B8299F6EC}"
	ProjectSection(ProjectDependencies) = postProject
		{25DF73EC-F007-3E44-A90A-6E9B30231FED} = {25DF73EC-F007-3E44-A90A-6E9B30231FED}
		{21920D71-B0E7-36DB-9E72-FFC77F6776B6} = {21920D71-B0E7-36DB-9E72-FFC77F6776B6}
		{4B1B0F03-CD32-38FA-8A43-E104FCBEAE85} = {4B1B0F03-CD32-38FA-8A43-E104FCBEAE85}
		{0E41D812-7E32-3358-A5ED-771AC272DFDD} = {0E41D812-7E32-3358-A5ED-771AC272DFDD}
		{C932210E-9D7F-3563-9D79-25A49BF48185} = {C932210E-9D7F-3563-9D79-25A49BF48185}
	EndProjectSection
EndProject
Project("{8BC9CEB8-8B4A-11D0-8D11-00A0C91BC942}") = "dcmtls-test-exhaustive", "tests\dcmtls-test-exhaustive.vcxproj", "{ACA50791-5DC6-374F-A09E-6C2C7A38E7FE}"
	ProjectSection(ProjectDependencies) = postProject
		{25DF73EC-F007-3E44-A90A-6E9B30231FED} = {25DF73EC-F007-3E44-A90A-6E9B30231FED}
	EndProjectSection
EndProject
Project("{8BC9CEB8-8B4A-11D0-8D11-00A0C91BC942}") = "dcmtls_tests", "tests\dcmtls_tests.vcxproj", "{C7866FE0-4930-3D80-8E73-1195B01AFC79}"
	ProjectSection(ProjectDependencies) = postProject
		{25DF73EC-F007-3E44-A90A-6E9B30231FED} = {25DF73EC-F007-3E44-A90A-6E9B30231FED}
		{21920D71-B0E7-36DB-9E72-FFC77F6776B6} = {21920D71-B0E7-36DB-9E72-FFC77F6776B6}
		{4B1B0F03-CD32-38FA-8A43-E104FCBEAE85} = {4B1B0F03-CD32-38FA-8A43-E104FCBEAE85}
		{E2C03B76-D056-3EFA-B890-EF6B8299F6EC} = {E2C03B76-D056-3EFA-B890-EF6B8299F6EC}
		{0E41D812-7E32-3358-A5ED-771AC272DFDD} = {0E41D812-7E32-3358-A5ED-771AC272DFDD}
		{C932210E-9D7F-3563-9D79-25A49BF48185} = {C932210E-9D7F-3563-9D79-25A49BF48185}
	EndProjectSection
EndProject
Project("{8BC9CEB8-8B4A-11D0-8D11-00A0C91BC942}") = "oflog", "..\oflog\libsrc\oflog.vcxproj", "{0E41D812-7E32-3358-A5ED-771AC272DFDD}"
	ProjectSection(ProjectDependencies) = postProject
		{25DF73EC-F007-3E44-A90A-6E9B30231FED} = {25DF73EC-F007-3E44-A90A-6E9B30231FED}
		{C932210E-9D7F-3563-9D79-25A49BF48185} = {C932210E-9D7F-3563-9D79-25A49BF48185}
	EndProjectSection
EndProject
Project("{8BC9CEB8-8B4A-11D0-8D11-00A0C91BC942}") = "ofstd", "..\ofstd\libsrc\ofstd.vcxproj", "{C932210E-9D7F-3563-9D79-25A49BF48185}"
	ProjectSection(ProjectDependencies) = postProject
		{25DF73EC-F007-3E44-A90A-6E9B30231FED} = {25DF73EC-F007-3E44-A90A-6E9B30231FED}
	EndProjectSection
EndProject
Global
	GlobalSection(SolutionConfigurationPlatforms) = preSolution
		Debug|x64 = Debug|x64
		Release|x64 = Release|x64
		MinSizeRel|x64 = MinSizeRel|x64
		RelWithDebInfo|x64 = RelWithDebInfo|x64
	EndGlobalSection
	GlobalSection(ProjectConfigurationPlatforms) = postSolution
		{D64B344F-EEC8-3694-B368-C392B765391D}.Debug|x64.ActiveCfg = Debug|x64
		{D64B344F-EEC8-3694-B368-C392B765391D}.Debug|x64.Build.0 = Debug|x64
		{D64B344F-EEC8-3694-B368-C392B765391D}.Release|x64.ActiveCfg = Release|x64
		{D64B344F-EEC8-3694-B368-C392B765391D}.Release|x64.Build.0 = Release|x64
		{D64B344F-EEC8-3694-B368-C392B765391D}.MinSizeRel|x64.ActiveCfg = MinSizeRel|x64
		{D64B344F-EEC8-3694-B368-C392B765391D}.MinSizeRel|x64.Build.0 = MinSizeRel|x64
		{D64B344F-EEC8-3694-B368-C392B765391D}.RelWithDebInfo|x64.ActiveCfg = RelWithDebInfo|x64
		{D64B344F-EEC8-3694-B368-C392B765391D}.RelWithDebInfo|x64.Build.0 = RelWithDebInfo|x64
		{C8CFA7C2-F522-3FFF-9F61-BFA5D8EC2244}.Debug|x64.ActiveCfg = Debug|x64
		{C8CFA7C2-F522-3FFF-9F61-BFA5D8EC2244}.Release|x64.ActiveCfg = Release|x64
		{C8CFA7C2-F522-3FFF-9F61-BFA5D8EC2244}.MinSizeRel|x64.ActiveCfg = MinSizeRel|x64
		{C8CFA7C2-F522-3FFF-9F61-BFA5D8EC2244}.RelWithDebInfo|x64.ActiveCfg = RelWithDebInfo|x64
		{495BACC6-54C4-3A84-9DE8-97AD3D3D839A}.Debug|x64.ActiveCfg = Debug|x64
		{495BACC6-54C4-3A84-9DE8-97AD3D3D839A}.Release|x64.ActiveCfg = Release|x64
		{495BACC6-54C4-3A84-9DE8-97AD3D3D839A}.MinSizeRel|x64.ActiveCfg = MinSizeRel|x64
		{495BACC6-54C4-3A84-9DE8-97AD3D3D839A}.RelWithDebInfo|x64.ActiveCfg = RelWithDebInfo|x64
		{25DF73EC-F007-3E44-A90A-6E9B30231FED}.Debug|x64.ActiveCfg = Debug|x64
		{25DF73EC-F007-3E44-A90A-6E9B30231FED}.Debug|x64.Build.0 = Debug|x64
		{25DF73EC-F007-3E44-A90A-6E9B30231FED}.Release|x64.ActiveCfg = Release|x64
		{25DF73EC-F007-3E44-A90A-6E9B30231FED}.Release|x64.Build.0 = Release|x64
		{25DF73EC-F007-3E44-A90A-6E9B30231FED}.MinSizeRel|x64.ActiveCfg = MinSizeRel|x64
		{25DF73EC-F007-3E44-A90A-6E9B30231FED}.MinSizeRel|x64.Build.0 = MinSizeRel|x64
		{25DF73EC-F007-3E44-A90A-6E9B30231FED}.RelWithDebInfo|x64.ActiveCfg = RelWithDebInfo|x64
		{25DF73EC-F007-3E44-A90A-6E9B30231FED}.RelWithDebInfo|x64.Build.0 = RelWithDebInfo|x64
		{21920D71-B0E7-36DB-9E72-FFC77F6776B6}.Debug|x64.ActiveCfg = Debug|x64
		{21920D71-B0E7-36DB-9E72-FFC77F6776B6}.Debug|x64.Build.0 = Debug|x64
		{21920D71-B0E7-36DB-9E72-FFC77F6776B6}.Release|x64.ActiveCfg = Release|x64
		{21920D71-B0E7-36DB-9E72-FFC77F6776B6}.Release|x64.Build.0 = Release|x64
		{21920D71-B0E7-36DB-9E72-FFC77F6776B6}.MinSizeRel|x64.ActiveCfg = MinSizeRel|x64
		{21920D71-B0E7-36DB-9E72-FFC77F6776B6}.MinSizeRel|x64.Build.0 = MinSizeRel|x64
		{21920D71-B0E7-36DB-9E72-FFC77F6776B6}.RelWithDebInfo|x64.ActiveCfg = RelWithDebInfo|x64
		{21920D71-B0E7-36DB-9E72-FFC77F6776B6}.RelWithDebInfo|x64.Build.0 = RelWithDebInfo|x64
		{4B1B0F03-CD32-38FA-8A43-E104FCBEAE85}.Debug|x64.ActiveCfg = Debug|x64
		{4B1B0F03-CD32-38FA-8A43-E104FCBEAE85}.Debug|x64.Build.0 = Debug|x64
		{4B1B0F03-CD32-38FA-8A43-E104FCBEAE85}.Release|x64.ActiveCfg = Release|x64
		{4B1B0F03-CD32-38FA-8A43-E104FCBEAE85}.Release|x64.Build.0 = Release|x64
		{4B1B0F03-CD32-38FA-8A43-E104FCBEAE85}.MinSizeRel|x64.ActiveCfg = MinSizeRel|x64
		{4B1B0F03-CD32-38FA-8A43-E104FCBEAE85}.MinSizeRel|x64.Build.0 = MinSizeRel|x64
		{4B1B0F03-CD32-38FA-8A43-E104FCBEAE85}.RelWithDebInfo|x64.ActiveCfg = RelWithDebInfo|x64
		{4B1B0F03-CD32-38FA-8A43-E104FCBEAE85}.RelWithDebInfo|x64.Build.0 = RelWithDebInfo|x64
		{E2C03B76-D056-3EFA-B890-EF6B8299F6EC}.Debug|x64.ActiveCfg = Debug|x64
		{E2C03B76-D056-3EFA-B890-EF6B8299F6EC}.Debug|x64.Build.0 = Debug|x64
		{E2C03B76-D056-3EFA-B890-EF6B8299F6EC}.Release|x64.ActiveCfg = Release|x64
		{E2C03B76-D056-3EFA-B890-EF6B8299F6EC}.Release|x64.Build.0 = Release|x64
		{E2C03B76-D056-3EFA-B890-EF6B8299F6EC}.MinSizeRel|x64.ActiveCfg = MinSizeRel|x64
		{E2C03B76-D056-3EFA-B890-EF6B8299F6EC}.MinSizeRel|x64.Build.0 = MinSizeRel|x64
		{E2C03B76-D056-3EFA-B890-EF6B8299F6EC}.RelWithDebInfo|x64.ActiveCfg = RelWithDebInfo|x64
		{E2C03B76-D056-3EFA-B890-EF6B8299F6EC}.RelWithDebInfo|x64.Build.0 = RelWithDebInfo|x64
		{ACA50791-5DC6-374F-A09E-6C2C7A38E7FE}.Debug|x64.ActiveCfg = Debug|x64
		{ACA50791-5DC6-374F-A09E-6C2C7A38E7FE}.Release|x64.ActiveCfg = Release|x64
		{ACA50791-5DC6-374F-A09E-6C2C7A38E7FE}.MinSizeRel|x64.ActiveCfg = MinSizeRel|x64
		{ACA50791-5DC6-374F-A09E-6C2C7A38E7FE}.RelWithDebInfo|x64.ActiveCfg = RelWithDebInfo|x64
		{C7866FE0-4930-3D80-8E73-1195B01AFC79}.Debug|x64.ActiveCfg = Debug|x64
		{C7866FE0-4930-3D80-8E73-1195B01AFC79}.Debug|x64.Build.0 = Debug|x64
		{C7866FE0-4930-3D80-8E73-1195B01AFC79}.Release|x64.ActiveCfg = Release|x64
		{C7866FE0-4930-3D80-8E73-1195B01AFC79}.Release|x64.Build.0 = Release|x64
		{C7866FE0-4930-3D80-8E73-1195B01AFC79}.MinSizeRel|x64.ActiveCfg = MinSizeRel|x64
		{C7866FE0-4930-3D80-8E73-1195B01AFC79}.MinSizeRel|x64.Build.0 = MinSizeRel|x64
		{C7866FE0-4930-3D80-8E73-1195B01AFC79}.RelWithDebInfo|x64.ActiveCfg = RelWithDebInfo|x64
		{C7866FE0-4930-3D80-8E73-1195B01AFC79}.RelWithDebInfo|x64.Build.0 = RelWithDebInfo|x64
		{0E41D812-7E32-3358-A5ED-771AC272DFDD}.Debug|x64.ActiveCfg = Debug|x64
		{0E41D812-7E32-3358-A5ED-771AC272DFDD}.Debug|x64.Build.0 = Debug|x64
		{0E41D812-7E32-3358-A5ED-771AC272DFDD}.Release|x64.ActiveCfg = Release|x64
		{0E41D812-7E32-3358-A5ED-771AC272DFDD}.Release|x64.Build.0 = Release|x64
		{0E41D812-7E32-3358-A5ED-771AC272DFDD}.MinSizeRel|x64.ActiveCfg = MinSizeRel|x64
		{0E41D812-7E32-3358-A5ED-771AC272DFDD}.MinSizeRel|x64.Build.0 = MinSizeRel|x64
		{0E41D812-7E32-3358-A5ED-771AC272DFDD}.RelWithDebInfo|x64.ActiveCfg = RelWithDebInfo|x64
		{0E41D812-7E32-3358-A5ED-771AC272DFDD}.RelWithDebInfo|x64.Build.0 = RelWithDebInfo|x64
		{C932210E-9D7F-3563-9D79-25A49BF48185}.Debug|x64.ActiveCfg = Debug|x64
		{C932210E-9D7F-3563-9D79-25A49BF48185}.Debug|x64.Build.0 = Debug|x64
		{C932210E-9D7F-3563-9D79-25A49BF48185}.Release|x64.ActiveCfg = Release|x64
		{C932210E-9D7F-3563-9D79-25A49BF48185}.Release|x64.Build.0 = Release|x64
		{C932210E-9D7F-3563-9D79-25A49BF48185}.MinSizeRel|x64.ActiveCfg = MinSizeRel|x64
		{C932210E-9D7F-3563-9D79-25A49BF48185}.MinSizeRel|x64.Build.0 = MinSizeRel|x64
		{C932210E-9D7F-3563-9D79-25A49BF48185}.RelWithDebInfo|x64.ActiveCfg = RelWithDebInfo|x64
		{C932210E-9D7F-3563-9D79-25A49BF48185}.RelWithDebInfo|x64.Build.0 = RelWithDebInfo|x64
	EndGlobalSection
	GlobalSection(ExtensibilityGlobals) = postSolution
		SolutionGuid = {D94C22BB-5FB1-39BE-8986-53FC2D20B68E}
	EndGlobalSection
	GlobalSection(ExtensibilityAddIns) = postSolution
	EndGlobalSection
EndGlobal
