
Microsoft Visual Studio Solution File, Format Version 12.00
# Visual Studio Version 17
Project("{8BC9CEB8-8B4A-11D0-8D11-00A0C91BC942}") = "ALL_BUILD", "ALL_BUILD.vcxproj", "{D64B344F-EEC8-3694-B368-C392B765391D}"
	ProjectSection(ProjectDependencies) = postProject
		{25DF73EC-F007-3E44-A90A-6E9B30231FED} = {25DF73EC-F007-3E44-A90A-6E9B30231FED}
		{CD84EABF-7BB8-36E8-B726-1BA20DF677F4} = {CD84EABF-7BB8-36E8-B726-1BA20DF677F4}
		{80F632EB-7B2F-3B14-9F7A-84A809189AAF} = {80F632EB-7B2F-3B14-9F7A-84A809189AAF}
	EndProjectSection
EndProject
Project("{8BC9CEB8-8B4A-11D0-8D11-00A0C91BC942}") = "INSTALL", "INSTALL.vcxproj", "{C8CFA7C2-F522-3FFF-9F61-BFA5D8EC2244}"
	ProjectSection(ProjectDependencies) = postProject
		{D64B344F-EEC8-3694-B368-C392B765391D} = {D64B344F-EEC8-3694-B368-C392B765391D}
		{25DF73EC-F007-3E44-A90A-6E9B30231FED} = {25DF73EC-F007-3E44-A90A-6E9B30231FED}
	EndProjectSection
EndProject
Project("{8BC9CEB8-8B4A-11D0-8D11-00A0C91BC942}") = "PACKAGE", "PACKAGE.vcxproj", "{495BACC6-54C4-3A84-9DE8-97AD3D3D839A}"
	ProjectSection(ProjectDependencies) = postProject
		{D64B344F-EEC8-3694-B368-C392B765391D} = {D64B344F-EEC8-3694-B368-C392B765391D}
		{25DF73EC-F007-3E44-A90A-6E9B30231FED} = {25DF73EC-F007-3E44-A90A-6E9B30231FED}
	EndProjectSection
EndProject
Project("{8BC9CEB8-8B4A-11D0-8D11-00A0C91BC942}") = "ZERO_CHECK", "..\..\\ZERO_CHECK.vcxproj", "{25DF73EC-F007-3E44-A90A-6E9B30231FED}"
	ProjectSection(ProjectDependencies) = postProject
	EndProjectSection
EndProject
Project("{8BC9CEB8-8B4A-11D0-8D11-00A0C91BC942}") = "dcmdata", "..\dcmdata\libsrc\dcmdata.vcxproj", "{21920D71-B0E7-36DB-9E72-FFC77F6776B6}"
	ProjectSection(ProjectDependencies) = postProject
		{25DF73EC-F007-3E44-A90A-6E9B30231FED} = {25DF73EC-F007-3E44-A90A-6E9B30231FED}
		{0E41D812-7E32-3358-A5ED-771AC272DFDD} = {0E41D812-7E32-3358-A5ED-771AC272DFDD}
		{C932210E-9D7F-3563-9D79-25A49BF48185} = {C932210E-9D7F-3563-9D79-25A49BF48185}
	EndProjectSection
EndProject
Project("{8BC9CEB8-8B4A-11D0-8D11-00A0C91BC942}") = "dcmfg", "..\dcmfg\libsrc\dcmfg.vcxproj", "{EDCEA771-E1A1-3D47-A5A2-8C19810F031D}"
	ProjectSection(ProjectDependencies) = postProject
		{25DF73EC-F007-3E44-A90A-6E9B30231FED} = {25DF73EC-F007-3E44-A90A-6E9B30231FED}
		{21920D71-B0E7-36DB-9E72-FFC77F6776B6} = {21920D71-B0E7-36DB-9E72-FFC77F6776B6}
		{F298B0A0-106E-3465-B226-A5256ED97618} = {F298B0A0-106E-3465-B226-A5256ED97618}
		{0E41D812-7E32-3358-A5ED-771AC272DFDD} = {0E41D812-7E32-3358-A5ED-771AC272DFDD}
		{C932210E-9D7F-3563-9D79-25A49BF48185} = {C932210E-9D7F-3563-9D79-25A49BF48185}
	EndProjectSection
EndProject
Project("{8BC9CEB8-8B4A-11D0-8D11-00A0C91BC942}") = "dcmiod", "..\dcmiod\libsrc\dcmiod.vcxproj", "{F298B0A0-106E-3465-B226-A5256ED97618}"
	ProjectSection(ProjectDependencies) = postProject
		{25DF73EC-F007-3E44-A90A-6E9B30231FED} = {25DF73EC-F007-3E44-A90A-6E9B30231FED}
		{21920D71-B0E7-36DB-9E72-FFC77F6776B6} = {21920D71-B0E7-36DB-9E72-FFC77F6776B6}
		{0E41D812-7E32-3358-A5ED-771AC272DFDD} = {0E41D812-7E32-3358-A5ED-771AC272DFDD}
		{C932210E-9D7F-3563-9D79-25A49BF48185} = {C932210E-9D7F-3563-9D79-25A49BF48185}
	EndProjectSection
EndProject
Project("{8BC9CEB8-8B4A-11D0-8D11-00A0C91BC942}") = "dcmseg", "libsrc\dcmseg.vcxproj", "{CD84EABF-7BB8-36E8-B726-1BA20DF677F4}"
	ProjectSection(ProjectDependencies) = postProject
		{25DF73EC-F007-3E44-A90A-6E9B30231FED} = {25DF73EC-F007-3E44-A90A-6E9B30231FED}
		{21920D71-B0E7-36DB-9E72-FFC77F6776B6} = {21920D71-B0E7-36DB-9E72-FFC77F6776B6}
		{EDCEA771-E1A1-3D47-A5A2-8C19810F031D} = {EDCEA771-E1A1-3D47-A5A2-8C19810F031D}
		{F298B0A0-106E-3465-B226-A5256ED97618} = {F298B0A0-106E-3465-B226-A5256ED97618}
		{0E41D812-7E32-3358-A5ED-771AC272DFDD} = {0E41D812-7E32-3358-A5ED-771AC272DFDD}
		{C932210E-9D7F-3563-9D79-25A49BF48185} = {C932210E-9D7F-3563-9D79-25A49BF48185}
	EndProjectSection
EndProject
Project("{8BC9CEB8-8B4A-11D0-8D11-00A0C91BC942}") = "dcmseg-test-exhaustive", "tests\dcmseg-test-exhaustive.vcxproj", "{E351E3FE-DEC2-37E0-86B2-60EE89C8403A}"
	ProjectSection(ProjectDependencies) = postProject
		{25DF73EC-F007-3E44-A90A-6E9B30231FED} = {25DF73EC-F007-3E44-A90A-6E9B30231FED}
	EndProjectSection
EndProject
Project("{8BC9CEB8-8B4A-11D0-8D11-00A0C91BC942}") = "dcmseg_tests", "tests\dcmseg_tests.vcxproj", "{80F632EB-7B2F-3B14-9F7A-84A809189AAF}"
	ProjectSection(ProjectDependencies) = postProject
		{25DF73EC-F007-3E44-A90A-6E9B30231FED} = {25DF73EC-F007-3E44-A90A-6E9B30231FED}
		{21920D71-B0E7-36DB-9E72-FFC77F6776B6} = {21920D71-B0E7-36DB-9E72-FFC77F6776B6}
		{EDCEA771-E1A1-3D47-A5A2-8C19810F031D} = {EDCEA771-E1A1-3D47-A5A2-8C19810F031D}
		{F298B0A0-106E-3465-B226-A5256ED97618} = {F298B0A0-106E-3465-B226-A5256ED97618}
		{CD84EABF-7BB8-36E8-B726-1BA20DF677F4} = {CD84EABF-7BB8-36E8-B726-1BA20DF677F4}
		{0E41D812-7E32-3358-A5ED-771AC272DFDD} = {0E41D812-7E32-3358-A5ED-771AC272DFDD}
		{C932210E-9D7F-3563-9D79-25A49BF48185} = {C932210E-9D7F-3563-9D79-25A49BF48185}
	EndProjectSection
EndProject
Project("{8BC9CEB8-8B4A-11D0-8D11-00A0C91BC942}") = "oflog", "..\oflog\libsrc\oflog.vcxproj", "{0E41D812-7E32-3358-A5ED-771AC272DFDD}"
	ProjectSection(ProjectDependencies) = postProject
		{25DF73EC-F007-3E44-A90A-6E9B30231FED} = {25DF73EC-F007-3E44-A90A-6E9B30231FED}
		{C932210E-9D7F-3563-9D79-25A49BF48185} = {C932210E-9D7F-3563-9D79-25A49BF48185}
	EndProjectSection
EndProject
Project("{8BC9CEB8-8B4A-11D0-8D11-00A0C91BC942}") = "ofstd", "..\ofstd\libsrc\ofstd.vcxproj", "{C932210E-9D7F-3563-9D79-25A49BF48185}"
	ProjectSection(ProjectDependencies) = postProject
		{25DF73EC-F007-3E44-A90A-6E9B30231FED} = {25DF73EC-F007-3E44-A90A-6E9B30231FED}
	EndProjectSection
EndProject
Global
	GlobalSection(SolutionConfigurationPlatforms) = preSolution
		Debug|x64 = Debug|x64
		Release|x64 = Release|x64
		MinSizeRel|x64 = MinSizeRel|x64
		RelWithDebInfo|x64 = RelWithDebInfo|x64
	EndGlobalSection
	GlobalSection(ProjectConfigurationPlatforms) = postSolution
		{D64B344F-EEC8-3694-B368-C392B765391D}.Debug|x64.ActiveCfg = Debug|x64
		{D64B344F-EEC8-3694-B368-C392B765391D}.Debug|x64.Build.0 = Debug|x64
		{D64B344F-EEC8-3694-B368-C392B765391D}.Release|x64.ActiveCfg = Release|x64
		{D64B344F-EEC8-3694-B368-C392B765391D}.Release|x64.Build.0 = Release|x64
		{D64B344F-EEC8-3694-B368-C392B765391D}.MinSizeRel|x64.ActiveCfg = MinSizeRel|x64
		{D64B344F-EEC8-3694-B368-C392B765391D}.MinSizeRel|x64.Build.0 = MinSizeRel|x64
		{D64B344F-EEC8-3694-B368-C392B765391D}.RelWithDebInfo|x64.ActiveCfg = RelWithDebInfo|x64
		{D64B344F-EEC8-3694-B368-C392B765391D}.RelWithDebInfo|x64.Build.0 = RelWithDebInfo|x64
		{C8CFA7C2-F522-3FFF-9F61-BFA5D8EC2244}.Debug|x64.ActiveCfg = Debug|x64
		{C8CFA7C2-F522-3FFF-9F61-BFA5D8EC2244}.Release|x64.ActiveCfg = Release|x64
		{C8CFA7C2-F522-3FFF-9F61-BFA5D8EC2244}.MinSizeRel|x64.ActiveCfg = MinSizeRel|x64
		{C8CFA7C2-F522-3FFF-9F61-BFA5D8EC2244}.RelWithDebInfo|x64.ActiveCfg = RelWithDebInfo|x64
		{495BACC6-54C4-3A84-9DE8-97AD3D3D839A}.Debug|x64.ActiveCfg = Debug|x64
		{495BACC6-54C4-3A84-9DE8-97AD3D3D839A}.Release|x64.ActiveCfg = Release|x64
		{495BACC6-54C4-3A84-9DE8-97AD3D3D839A}.MinSizeRel|x64.ActiveCfg = MinSizeRel|x64
		{495BACC6-54C4-3A84-9DE8-97AD3D3D839A}.RelWithDebInfo|x64.ActiveCfg = RelWithDebInfo|x64
		{25DF73EC-F007-3E44-A90A-6E9B30231FED}.Debug|x64.ActiveCfg = Debug|x64
		{25DF73EC-F007-3E44-A90A-6E9B30231FED}.Debug|x64.Build.0 = Debug|x64
		{25DF73EC-F007-3E44-A90A-6E9B30231FED}.Release|x64.ActiveCfg = Release|x64
		{25DF73EC-F007-3E44-A90A-6E9B30231FED}.Release|x64.Build.0 = Release|x64
		{25DF73EC-F007-3E44-A90A-6E9B30231FED}.MinSizeRel|x64.ActiveCfg = MinSizeRel|x64
		{25DF73EC-F007-3E44-A90A-6E9B30231FED}.MinSizeRel|x64.Build.0 = MinSizeRel|x64
		{25DF73EC-F007-3E44-A90A-6E9B30231FED}.RelWithDebInfo|x64.ActiveCfg = RelWithDebInfo|x64
		{25DF73EC-F007-3E44-A90A-6E9B30231FED}.RelWithDebInfo|x64.Build.0 = RelWithDebInfo|x64
		{21920D71-B0E7-36DB-9E72-FFC77F6776B6}.Debug|x64.ActiveCfg = Debug|x64
		{21920D71-B0E7-36DB-9E72-FFC77F6776B6}.Debug|x64.Build.0 = Debug|x64
		{21920D71-B0E7-36DB-9E72-FFC77F6776B6}.Release|x64.ActiveCfg = Release|x64
		{21920D71-B0E7-36DB-9E72-FFC77F6776B6}.Release|x64.Build.0 = Release|x64
		{21920D71-B0E7-36DB-9E72-FFC77F6776B6}.MinSizeRel|x64.ActiveCfg = MinSizeRel|x64
		{21920D71-B0E7-36DB-9E72-FFC77F6776B6}.MinSizeRel|x64.Build.0 = MinSizeRel|x64
		{21920D71-B0E7-36DB-9E72-FFC77F6776B6}.RelWithDebInfo|x64.ActiveCfg = RelWithDebInfo|x64
		{21920D71-B0E7-36DB-9E72-FFC77F6776B6}.RelWithDebInfo|x64.Build.0 = RelWithDebInfo|x64
		{EDCEA771-E1A1-3D47-A5A2-8C19810F031D}.Debug|x64.ActiveCfg = Debug|x64
		{EDCEA771-E1A1-3D47-A5A2-8C19810F031D}.Debug|x64.Build.0 = Debug|x64
		{EDCEA771-E1A1-3D47-A5A2-8C19810F031D}.Release|x64.ActiveCfg = Release|x64
		{EDCEA771-E1A1-3D47-A5A2-8C19810F031D}.Release|x64.Build.0 = Release|x64
		{EDCEA771-E1A1-3D47-A5A2-8C19810F031D}.MinSizeRel|x64.ActiveCfg = MinSizeRel|x64
		{EDCEA771-E1A1-3D47-A5A2-8C19810F031D}.MinSizeRel|x64.Build.0 = MinSizeRel|x64
		{EDCEA771-E1A1-3D47-A5A2-8C19810F031D}.RelWithDebInfo|x64.ActiveCfg = RelWithDebInfo|x64
		{EDCEA771-E1A1-3D47-A5A2-8C19810F031D}.RelWithDebInfo|x64.Build.0 = RelWithDebInfo|x64
		{F298B0A0-106E-3465-B226-A5256ED97618}.Debug|x64.ActiveCfg = Debug|x64
		{F298B0A0-106E-3465-B226-A5256ED97618}.Debug|x64.Build.0 = Debug|x64
		{F298B0A0-106E-3465-B226-A5256ED97618}.Release|x64.ActiveCfg = Release|x64
		{F298B0A0-106E-3465-B226-A5256ED97618}.Release|x64.Build.0 = Release|x64
		{F298B0A0-106E-3465-B226-A5256ED97618}.MinSizeRel|x64.ActiveCfg = MinSizeRel|x64
		{F298B0A0-106E-3465-B226-A5256ED97618}.MinSizeRel|x64.Build.0 = MinSizeRel|x64
		{F298B0A0-106E-3465-B226-A5256ED97618}.RelWithDebInfo|x64.ActiveCfg = RelWithDebInfo|x64
		{F298B0A0-106E-3465-B226-A5256ED97618}.RelWithDebInfo|x64.Build.0 = RelWithDebInfo|x64
		{CD84EABF-7BB8-36E8-B726-1BA20DF677F4}.Debug|x64.ActiveCfg = Debug|x64
		{CD84EABF-7BB8-36E8-B726-1BA20DF677F4}.Debug|x64.Build.0 = Debug|x64
		{CD84EABF-7BB8-36E8-B726-1BA20DF677F4}.Release|x64.ActiveCfg = Release|x64
		{CD84EABF-7BB8-36E8-B726-1BA20DF677F4}.Release|x64.Build.0 = Release|x64
		{CD84EABF-7BB8-36E8-B726-1BA20DF677F4}.MinSizeRel|x64.ActiveCfg = MinSizeRel|x64
		{CD84EABF-7BB8-36E8-B726-1BA20DF677F4}.MinSizeRel|x64.Build.0 = MinSizeRel|x64
		{CD84EABF-7BB8-36E8-B726-1BA20DF677F4}.RelWithDebInfo|x64.ActiveCfg = RelWithDebInfo|x64
		{CD84EABF-7BB8-36E8-B726-1BA20DF677F4}.RelWithDebInfo|x64.Build.0 = RelWithDebInfo|x64
		{E351E3FE-DEC2-37E0-86B2-60EE89C8403A}.Debug|x64.ActiveCfg = Debug|x64
		{E351E3FE-DEC2-37E0-86B2-60EE89C8403A}.Release|x64.ActiveCfg = Release|x64
		{E351E3FE-DEC2-37E0-86B2-60EE89C8403A}.MinSizeRel|x64.ActiveCfg = MinSizeRel|x64
		{E351E3FE-DEC2-37E0-86B2-60EE89C8403A}.RelWithDebInfo|x64.ActiveCfg = RelWithDebInfo|x64
		{80F632EB-7B2F-3B14-9F7A-84A809189AAF}.Debug|x64.ActiveCfg = Debug|x64
		{80F632EB-7B2F-3B14-9F7A-84A809189AAF}.Debug|x64.Build.0 = Debug|x64
		{80F632EB-7B2F-3B14-9F7A-84A809189AAF}.Release|x64.ActiveCfg = Release|x64
		{80F632EB-7B2F-3B14-9F7A-84A809189AAF}.Release|x64.Build.0 = Release|x64
		{80F632EB-7B2F-3B14-9F7A-84A809189AAF}.MinSizeRel|x64.ActiveCfg = MinSizeRel|x64
		{80F632EB-7B2F-3B14-9F7A-84A809189AAF}.MinSizeRel|x64.Build.0 = MinSizeRel|x64
		{80F632EB-7B2F-3B14-9F7A-84A809189AAF}.RelWithDebInfo|x64.ActiveCfg = RelWithDebInfo|x64
		{80F632EB-7B2F-3B14-9F7A-84A809189AAF}.RelWithDebInfo|x64.Build.0 = RelWithDebInfo|x64
		{0E41D812-7E32-3358-A5ED-771AC272DFDD}.Debug|x64.ActiveCfg = Debug|x64
		{0E41D812-7E32-3358-A5ED-771AC272DFDD}.Debug|x64.Build.0 = Debug|x64
		{0E41D812-7E32-3358-A5ED-771AC272DFDD}.Release|x64.ActiveCfg = Release|x64
		{0E41D812-7E32-3358-A5ED-771AC272DFDD}.Release|x64.Build.0 = Release|x64
		{0E41D812-7E32-3358-A5ED-771AC272DFDD}.MinSizeRel|x64.ActiveCfg = MinSizeRel|x64
		{0E41D812-7E32-3358-A5ED-771AC272DFDD}.MinSizeRel|x64.Build.0 = MinSizeRel|x64
		{0E41D812-7E32-3358-A5ED-771AC272DFDD}.RelWithDebInfo|x64.ActiveCfg = RelWithDebInfo|x64
		{0E41D812-7E32-3358-A5ED-771AC272DFDD}.RelWithDebInfo|x64.Build.0 = RelWithDebInfo|x64
		{C932210E-9D7F-3563-9D79-25A49BF48185}.Debug|x64.ActiveCfg = Debug|x64
		{C932210E-9D7F-3563-9D79-25A49BF48185}.Debug|x64.Build.0 = Debug|x64
		{C932210E-9D7F-3563-9D79-25A49BF48185}.Release|x64.ActiveCfg = Release|x64
		{C932210E-9D7F-3563-9D79-25A49BF48185}.Release|x64.Build.0 = Release|x64
		{C932210E-9D7F-3563-9D79-25A49BF48185}.MinSizeRel|x64.ActiveCfg = MinSizeRel|x64
		{C932210E-9D7F-3563-9D79-25A49BF48185}.MinSizeRel|x64.Build.0 = MinSizeRel|x64
		{C932210E-9D7F-3563-9D79-25A49BF48185}.RelWithDebInfo|x64.ActiveCfg = RelWithDebInfo|x64
		{C932210E-9D7F-3563-9D79-25A49BF48185}.RelWithDebInfo|x64.Build.0 = RelWithDebInfo|x64
	EndGlobalSection
	GlobalSection(ExtensibilityGlobals) = postSolution
		SolutionGuid = {2F811FB8-F3C1-37D6-B3D5-027207728BE6}
	EndGlobalSection
	GlobalSection(ExtensibilityAddIns) = postSolution
	EndGlobalSection
EndGlobal
