
Microsoft Visual Studio Solution File, Format Version 12.00
# Visual Studio Version 17
Project("{8BC9CEB8-8B4A-11D0-8D11-00A0C91BC942}") = "ALL_BUILD", "ALL_BUILD.vcxproj", "{D64B344F-EEC8-3694-B368-C392B765391D}"
	ProjectSection(ProjectDependencies) = postProject
		{25DF73EC-F007-3E44-A90A-6E9B30231FED} = {25DF73EC-F007-3E44-A90A-6E9B30231FED}
		{B345F531-AC21-3A54-96CA-A17482DFDBF4} = {B345F531-AC21-3A54-96CA-A17482DFDBF4}
		{C245DE61-6D88-3DDC-88B8-42C1C42DC7DC} = {C245DE61-6D88-3DDC-88B8-42C1C42DC7DC}
		{EE26D999-AE5B-3DB8-8D26-1CCCB7CDC62F} = {EE26D999-AE5B-3DB8-8D26-1CCCB7CDC62F}
		{742A5E2E-7EA6-3A41-80CE-D14FCF59E20B} = {742A5E2E-7EA6-3A41-80CE-D14FCF59E20B}
		{7EE67049-47DB-33C7-99F3-88DC2CF1201A} = {7EE67049-47DB-33C7-99F3-88DC2CF1201A}
		{88D3EF5E-DB11-39B6-92A7-7A56895E2DF1} = {88D3EF5E-DB11-39B6-92A7-7A56895E2DF1}
		{EDC9E8A2-A86F-3509-8008-8ECA59DB5B94} = {EDC9E8A2-A86F-3509-8008-8ECA59DB5B94}
		{B8E1ABA4-5A46-3D52-B8DC-067F60346E71} = {B8E1ABA4-5A46-3D52-B8DC-067F60346E71}
	EndProjectSection
EndProject
Project("{8BC9CEB8-8B4A-11D0-8D11-00A0C91BC942}") = "INSTALL", "INSTALL.vcxproj", "{C8CFA7C2-F522-3FFF-9F61-BFA5D8EC2244}"
	ProjectSection(ProjectDependencies) = postProject
		{D64B344F-EEC8-3694-B368-C392B765391D} = {D64B344F-EEC8-3694-B368-C392B765391D}
		{25DF73EC-F007-3E44-A90A-6E9B30231FED} = {25DF73EC-F007-3E44-A90A-6E9B30231FED}
	EndProjectSection
EndProject
Project("{8BC9CEB8-8B4A-11D0-8D11-00A0C91BC942}") = "PACKAGE", "PACKAGE.vcxproj", "{495BACC6-54C4-3A84-9DE8-97AD3D3D839A}"
	ProjectSection(ProjectDependencies) = postProject
		{D64B344F-EEC8-3694-B368-C392B765391D} = {D64B344F-EEC8-3694-B368-C392B765391D}
		{25DF73EC-F007-3E44-A90A-6E9B30231FED} = {25DF73EC-F007-3E44-A90A-6E9B30231FED}
	EndProjectSection
EndProject
Project("{8BC9CEB8-8B4A-11D0-8D11-00A0C91BC942}") = "ZERO_CHECK", "..\..\\ZERO_CHECK.vcxproj", "{25DF73EC-F007-3E44-A90A-6E9B30231FED}"
	ProjectSection(ProjectDependencies) = postProject
	EndProjectSection
EndProject
Project("{8BC9CEB8-8B4A-11D0-8D11-00A0C91BC942}") = "dcmcjpeg", "apps\dcmcjpeg.vcxproj", "{B345F531-AC21-3A54-96CA-A17482DFDBF4}"
	ProjectSection(ProjectDependencies) = postProject
		{25DF73EC-F007-3E44-A90A-6E9B30231FED} = {25DF73EC-F007-3E44-A90A-6E9B30231FED}
		{21920D71-B0E7-36DB-9E72-FFC77F6776B6} = {21920D71-B0E7-36DB-9E72-FFC77F6776B6}
		{C19650DF-F544-3B84-BC90-B109F323D6B7} = {C19650DF-F544-3B84-BC90-B109F323D6B7}
		{D3035629-2D29-3454-A2A4-4321D79084A2} = {D3035629-2D29-3454-A2A4-4321D79084A2}
		{742A5E2E-7EA6-3A41-80CE-D14FCF59E20B} = {742A5E2E-7EA6-3A41-80CE-D14FCF59E20B}
		{88D3EF5E-DB11-39B6-92A7-7A56895E2DF1} = {88D3EF5E-DB11-39B6-92A7-7A56895E2DF1}
		{EDC9E8A2-A86F-3509-8008-8ECA59DB5B94} = {EDC9E8A2-A86F-3509-8008-8ECA59DB5B94}
		{B8E1ABA4-5A46-3D52-B8DC-067F60346E71} = {B8E1ABA4-5A46-3D52-B8DC-067F60346E71}
		{0E41D812-7E32-3358-A5ED-771AC272DFDD} = {0E41D812-7E32-3358-A5ED-771AC272DFDD}
		{C932210E-9D7F-3563-9D79-25A49BF48185} = {C932210E-9D7F-3563-9D79-25A49BF48185}
	EndProjectSection
EndProject
Project("{8BC9CEB8-8B4A-11D0-8D11-00A0C91BC942}") = "dcmdata", "..\dcmdata\libsrc\dcmdata.vcxproj", "{21920D71-B0E7-36DB-9E72-FFC77F6776B6}"
	ProjectSection(ProjectDependencies) = postProject
		{25DF73EC-F007-3E44-A90A-6E9B30231FED} = {25DF73EC-F007-3E44-A90A-6E9B30231FED}
		{0E41D812-7E32-3358-A5ED-771AC272DFDD} = {0E41D812-7E32-3358-A5ED-771AC272DFDD}
		{C932210E-9D7F-3563-9D79-25A49BF48185} = {C932210E-9D7F-3563-9D79-25A49BF48185}
	EndProjectSection
EndProject
Project("{8BC9CEB8-8B4A-11D0-8D11-00A0C91BC942}") = "dcmdjpeg", "apps\dcmdjpeg.vcxproj", "{C245DE61-6D88-3DDC-88B8-42C1C42DC7DC}"
	ProjectSection(ProjectDependencies) = postProject
		{25DF73EC-F007-3E44-A90A-6E9B30231FED} = {25DF73EC-F007-3E44-A90A-6E9B30231FED}
		{21920D71-B0E7-36DB-9E72-FFC77F6776B6} = {21920D71-B0E7-36DB-9E72-FFC77F6776B6}
		{C19650DF-F544-3B84-BC90-B109F323D6B7} = {C19650DF-F544-3B84-BC90-B109F323D6B7}
		{D3035629-2D29-3454-A2A4-4321D79084A2} = {D3035629-2D29-3454-A2A4-4321D79084A2}
		{742A5E2E-7EA6-3A41-80CE-D14FCF59E20B} = {742A5E2E-7EA6-3A41-80CE-D14FCF59E20B}
		{88D3EF5E-DB11-39B6-92A7-7A56895E2DF1} = {88D3EF5E-DB11-39B6-92A7-7A56895E2DF1}
		{EDC9E8A2-A86F-3509-8008-8ECA59DB5B94} = {EDC9E8A2-A86F-3509-8008-8ECA59DB5B94}
		{B8E1ABA4-5A46-3D52-B8DC-067F60346E71} = {B8E1ABA4-5A46-3D52-B8DC-067F60346E71}
		{0E41D812-7E32-3358-A5ED-771AC272DFDD} = {0E41D812-7E32-3358-A5ED-771AC272DFDD}
		{C932210E-9D7F-3563-9D79-25A49BF48185} = {C932210E-9D7F-3563-9D79-25A49BF48185}
	EndProjectSection
EndProject
Project("{8BC9CEB8-8B4A-11D0-8D11-00A0C91BC942}") = "dcmimage", "..\dcmimage\libsrc\dcmimage.vcxproj", "{C19650DF-F544-3B84-BC90-B109F323D6B7}"
	ProjectSection(ProjectDependencies) = postProject
		{25DF73EC-F007-3E44-A90A-6E9B30231FED} = {25DF73EC-F007-3E44-A90A-6E9B30231FED}
		{21920D71-B0E7-36DB-9E72-FFC77F6776B6} = {21920D71-B0E7-36DB-9E72-FFC77F6776B6}
		{D3035629-2D29-3454-A2A4-4321D79084A2} = {D3035629-2D29-3454-A2A4-4321D79084A2}
		{0E41D812-7E32-3358-A5ED-771AC272DFDD} = {0E41D812-7E32-3358-A5ED-771AC272DFDD}
		{C932210E-9D7F-3563-9D79-25A49BF48185} = {C932210E-9D7F-3563-9D79-25A49BF48185}
	EndProjectSection
EndProject
Project("{8BC9CEB8-8B4A-11D0-8D11-00A0C91BC942}") = "dcmimgle", "..\dcmimgle\libsrc\dcmimgle.vcxproj", "{D3035629-2D29-3454-A2A4-4321D79084A2}"
	ProjectSection(ProjectDependencies) = postProject
		{25DF73EC-F007-3E44-A90A-6E9B30231FED} = {25DF73EC-F007-3E44-A90A-6E9B30231FED}
		{21920D71-B0E7-36DB-9E72-FFC77F6776B6} = {21920D71-B0E7-36DB-9E72-FFC77F6776B6}
		{0E41D812-7E32-3358-A5ED-771AC272DFDD} = {0E41D812-7E32-3358-A5ED-771AC272DFDD}
		{C932210E-9D7F-3563-9D79-25A49BF48185} = {C932210E-9D7F-3563-9D79-25A49BF48185}
	EndProjectSection
EndProject
Project("{8BC9CEB8-8B4A-11D0-8D11-00A0C91BC942}") = "dcmj2pnm", "apps\dcmj2pnm.vcxproj", "{EE26D999-AE5B-3DB8-8D26-1CCCB7CDC62F}"
	ProjectSection(ProjectDependencies) = postProject
		{25DF73EC-F007-3E44-A90A-6E9B30231FED} = {25DF73EC-F007-3E44-A90A-6E9B30231FED}
		{21920D71-B0E7-36DB-9E72-FFC77F6776B6} = {21920D71-B0E7-36DB-9E72-FFC77F6776B6}
		{C19650DF-F544-3B84-BC90-B109F323D6B7} = {C19650DF-F544-3B84-BC90-B109F323D6B7}
		{D3035629-2D29-3454-A2A4-4321D79084A2} = {D3035629-2D29-3454-A2A4-4321D79084A2}
		{742A5E2E-7EA6-3A41-80CE-D14FCF59E20B} = {742A5E2E-7EA6-3A41-80CE-D14FCF59E20B}
		{88D3EF5E-DB11-39B6-92A7-7A56895E2DF1} = {88D3EF5E-DB11-39B6-92A7-7A56895E2DF1}
		{EDC9E8A2-A86F-3509-8008-8ECA59DB5B94} = {EDC9E8A2-A86F-3509-8008-8ECA59DB5B94}
		{B8E1ABA4-5A46-3D52-B8DC-067F60346E71} = {B8E1ABA4-5A46-3D52-B8DC-067F60346E71}
		{0E41D812-7E32-3358-A5ED-771AC272DFDD} = {0E41D812-7E32-3358-A5ED-771AC272DFDD}
		{C932210E-9D7F-3563-9D79-25A49BF48185} = {C932210E-9D7F-3563-9D79-25A49BF48185}
	EndProjectSection
EndProject
Project("{8BC9CEB8-8B4A-11D0-8D11-00A0C91BC942}") = "dcmjpeg", "libsrc\dcmjpeg.vcxproj", "{742A5E2E-7EA6-3A41-80CE-D14FCF59E20B}"
	ProjectSection(ProjectDependencies) = postProject
		{25DF73EC-F007-3E44-A90A-6E9B30231FED} = {25DF73EC-F007-3E44-A90A-6E9B30231FED}
		{21920D71-B0E7-36DB-9E72-FFC77F6776B6} = {21920D71-B0E7-36DB-9E72-FFC77F6776B6}
		{C19650DF-F544-3B84-BC90-B109F323D6B7} = {C19650DF-F544-3B84-BC90-B109F323D6B7}
		{D3035629-2D29-3454-A2A4-4321D79084A2} = {D3035629-2D29-3454-A2A4-4321D79084A2}
		{88D3EF5E-DB11-39B6-92A7-7A56895E2DF1} = {88D3EF5E-DB11-39B6-92A7-7A56895E2DF1}
		{EDC9E8A2-A86F-3509-8008-8ECA59DB5B94} = {EDC9E8A2-A86F-3509-8008-8ECA59DB5B94}
		{B8E1ABA4-5A46-3D52-B8DC-067F60346E71} = {B8E1ABA4-5A46-3D52-B8DC-067F60346E71}
		{0E41D812-7E32-3358-A5ED-771AC272DFDD} = {0E41D812-7E32-3358-A5ED-771AC272DFDD}
		{C932210E-9D7F-3563-9D79-25A49BF48185} = {C932210E-9D7F-3563-9D79-25A49BF48185}
	EndProjectSection
EndProject
Project("{8BC9CEB8-8B4A-11D0-8D11-00A0C91BC942}") = "dcmmkdir", "apps\dcmmkdir.vcxproj", "{7EE67049-47DB-33C7-99F3-88DC2CF1201A}"
	ProjectSection(ProjectDependencies) = postProject
		{25DF73EC-F007-3E44-A90A-6E9B30231FED} = {25DF73EC-F007-3E44-A90A-6E9B30231FED}
		{21920D71-B0E7-36DB-9E72-FFC77F6776B6} = {21920D71-B0E7-36DB-9E72-FFC77F6776B6}
		{C19650DF-F544-3B84-BC90-B109F323D6B7} = {C19650DF-F544-3B84-BC90-B109F323D6B7}
		{D3035629-2D29-3454-A2A4-4321D79084A2} = {D3035629-2D29-3454-A2A4-4321D79084A2}
		{742A5E2E-7EA6-3A41-80CE-D14FCF59E20B} = {742A5E2E-7EA6-3A41-80CE-D14FCF59E20B}
		{88D3EF5E-DB11-39B6-92A7-7A56895E2DF1} = {88D3EF5E-DB11-39B6-92A7-7A56895E2DF1}
		{EDC9E8A2-A86F-3509-8008-8ECA59DB5B94} = {EDC9E8A2-A86F-3509-8008-8ECA59DB5B94}
		{B8E1ABA4-5A46-3D52-B8DC-067F60346E71} = {B8E1ABA4-5A46-3D52-B8DC-067F60346E71}
		{0E41D812-7E32-3358-A5ED-771AC272DFDD} = {0E41D812-7E32-3358-A5ED-771AC272DFDD}
		{C932210E-9D7F-3563-9D79-25A49BF48185} = {C932210E-9D7F-3563-9D79-25A49BF48185}
	EndProjectSection
EndProject
Project("{8BC9CEB8-8B4A-11D0-8D11-00A0C91BC942}") = "ijg12", "libijg12\ijg12.vcxproj", "{88D3EF5E-DB11-39B6-92A7-7A56895E2DF1}"
	ProjectSection(ProjectDependencies) = postProject
		{25DF73EC-F007-3E44-A90A-6E9B30231FED} = {25DF73EC-F007-3E44-A90A-6E9B30231FED}
	EndProjectSection
EndProject
Project("{8BC9CEB8-8B4A-11D0-8D11-00A0C91BC942}") = "ijg16", "libijg16\ijg16.vcxproj", "{EDC9E8A2-A86F-3509-8008-8ECA59DB5B94}"
	ProjectSection(ProjectDependencies) = postProject
		{25DF73EC-F007-3E44-A90A-6E9B30231FED} = {25DF73EC-F007-3E44-A90A-6E9B30231FED}
	EndProjectSection
EndProject
Project("{8BC9CEB8-8B4A-11D0-8D11-00A0C91BC942}") = "ijg8", "libijg8\ijg8.vcxproj", "{B8E1ABA4-5A46-3D52-B8DC-067F60346E71}"
	ProjectSection(ProjectDependencies) = postProject
		{25DF73EC-F007-3E44-A90A-6E9B30231FED} = {25DF73EC-F007-3E44-A90A-6E9B30231FED}
	EndProjectSection
EndProject
Project("{8BC9CEB8-8B4A-11D0-8D11-00A0C91BC942}") = "oflog", "..\oflog\libsrc\oflog.vcxproj", "{0E41D812-7E32-3358-A5ED-771AC272DFDD}"
	ProjectSection(ProjectDependencies) = postProject
		{25DF73EC-F007-3E44-A90A-6E9B30231FED} = {25DF73EC-F007-3E44-A90A-6E9B30231FED}
		{C932210E-9D7F-3563-9D79-25A49BF48185} = {C932210E-9D7F-3563-9D79-25A49BF48185}
	EndProjectSection
EndProject
Project("{8BC9CEB8-8B4A-11D0-8D11-00A0C91BC942}") = "ofstd", "..\ofstd\libsrc\ofstd.vcxproj", "{C932210E-9D7F-3563-9D79-25A49BF48185}"
	ProjectSection(ProjectDependencies) = postProject
		{25DF73EC-F007-3E44-A90A-6E9B30231FED} = {25DF73EC-F007-3E44-A90A-6E9B30231FED}
	EndProjectSection
EndProject
Global
	GlobalSection(SolutionConfigurationPlatforms) = preSolution
		Debug|x64 = Debug|x64
		Release|x64 = Release|x64
		MinSizeRel|x64 = MinSizeRel|x64
		RelWithDebInfo|x64 = RelWithDebInfo|x64
	EndGlobalSection
	GlobalSection(ProjectConfigurationPlatforms) = postSolution
		{D64B344F-EEC8-3694-B368-C392B765391D}.Debug|x64.ActiveCfg = Debug|x64
		{D64B344F-EEC8-3694-B368-C392B765391D}.Debug|x64.Build.0 = Debug|x64
		{D64B344F-EEC8-3694-B368-C392B765391D}.Release|x64.ActiveCfg = Release|x64
		{D64B344F-EEC8-3694-B368-C392B765391D}.Release|x64.Build.0 = Release|x64
		{D64B344F-EEC8-3694-B368-C392B765391D}.MinSizeRel|x64.ActiveCfg = MinSizeRel|x64
		{D64B344F-EEC8-3694-B368-C392B765391D}.MinSizeRel|x64.Build.0 = MinSizeRel|x64
		{D64B344F-EEC8-3694-B368-C392B765391D}.RelWithDebInfo|x64.ActiveCfg = RelWithDebInfo|x64
		{D64B344F-EEC8-3694-B368-C392B765391D}.RelWithDebInfo|x64.Build.0 = RelWithDebInfo|x64
		{C8CFA7C2-F522-3FFF-9F61-BFA5D8EC2244}.Debug|x64.ActiveCfg = Debug|x64
		{C8CFA7C2-F522-3FFF-9F61-BFA5D8EC2244}.Release|x64.ActiveCfg = Release|x64
		{C8CFA7C2-F522-3FFF-9F61-BFA5D8EC2244}.MinSizeRel|x64.ActiveCfg = MinSizeRel|x64
		{C8CFA7C2-F522-3FFF-9F61-BFA5D8EC2244}.RelWithDebInfo|x64.ActiveCfg = RelWithDebInfo|x64
		{495BACC6-54C4-3A84-9DE8-97AD3D3D839A}.Debug|x64.ActiveCfg = Debug|x64
		{495BACC6-54C4-3A84-9DE8-97AD3D3D839A}.Release|x64.ActiveCfg = Release|x64
		{495BACC6-54C4-3A84-9DE8-97AD3D3D839A}.MinSizeRel|x64.ActiveCfg = MinSizeRel|x64
		{495BACC6-54C4-3A84-9DE8-97AD3D3D839A}.RelWithDebInfo|x64.ActiveCfg = RelWithDebInfo|x64
		{25DF73EC-F007-3E44-A90A-6E9B30231FED}.Debug|x64.ActiveCfg = Debug|x64
		{25DF73EC-F007-3E44-A90A-6E9B30231FED}.Debug|x64.Build.0 = Debug|x64
		{25DF73EC-F007-3E44-A90A-6E9B30231FED}.Release|x64.ActiveCfg = Release|x64
		{25DF73EC-F007-3E44-A90A-6E9B30231FED}.Release|x64.Build.0 = Release|x64
		{25DF73EC-F007-3E44-A90A-6E9B30231FED}.MinSizeRel|x64.ActiveCfg = MinSizeRel|x64
		{25DF73EC-F007-3E44-A90A-6E9B30231FED}.MinSizeRel|x64.Build.0 = MinSizeRel|x64
		{25DF73EC-F007-3E44-A90A-6E9B30231FED}.RelWithDebInfo|x64.ActiveCfg = RelWithDebInfo|x64
		{25DF73EC-F007-3E44-A90A-6E9B30231FED}.RelWithDebInfo|x64.Build.0 = RelWithDebInfo|x64
		{B345F531-AC21-3A54-96CA-A17482DFDBF4}.Debug|x64.ActiveCfg = Debug|x64
		{B345F531-AC21-3A54-96CA-A17482DFDBF4}.Debug|x64.Build.0 = Debug|x64
		{B345F531-AC21-3A54-96CA-A17482DFDBF4}.Release|x64.ActiveCfg = Release|x64
		{B345F531-AC21-3A54-96CA-A17482DFDBF4}.Release|x64.Build.0 = Release|x64
		{B345F531-AC21-3A54-96CA-A17482DFDBF4}.MinSizeRel|x64.ActiveCfg = MinSizeRel|x64
		{B345F531-AC21-3A54-96CA-A17482DFDBF4}.MinSizeRel|x64.Build.0 = MinSizeRel|x64
		{B345F531-AC21-3A54-96CA-A17482DFDBF4}.RelWithDebInfo|x64.ActiveCfg = RelWithDebInfo|x64
		{B345F531-AC21-3A54-96CA-A17482DFDBF4}.RelWithDebInfo|x64.Build.0 = RelWithDebInfo|x64
		{21920D71-B0E7-36DB-9E72-FFC77F6776B6}.Debug|x64.ActiveCfg = Debug|x64
		{21920D71-B0E7-36DB-9E72-FFC77F6776B6}.Debug|x64.Build.0 = Debug|x64
		{21920D71-B0E7-36DB-9E72-FFC77F6776B6}.Release|x64.ActiveCfg = Release|x64
		{21920D71-B0E7-36DB-9E72-FFC77F6776B6}.Release|x64.Build.0 = Release|x64
		{21920D71-B0E7-36DB-9E72-FFC77F6776B6}.MinSizeRel|x64.ActiveCfg = MinSizeRel|x64
		{21920D71-B0E7-36DB-9E72-FFC77F6776B6}.MinSizeRel|x64.Build.0 = MinSizeRel|x64
		{21920D71-B0E7-36DB-9E72-FFC77F6776B6}.RelWithDebInfo|x64.ActiveCfg = RelWithDebInfo|x64
		{21920D71-B0E7-36DB-9E72-FFC77F6776B6}.RelWithDebInfo|x64.Build.0 = RelWithDebInfo|x64
		{C245DE61-6D88-3DDC-88B8-42C1C42DC7DC}.Debug|x64.ActiveCfg = Debug|x64
		{C245DE61-6D88-3DDC-88B8-42C1C42DC7DC}.Debug|x64.Build.0 = Debug|x64
		{C245DE61-6D88-3DDC-88B8-42C1C42DC7DC}.Release|x64.ActiveCfg = Release|x64
		{C245DE61-6D88-3DDC-88B8-42C1C42DC7DC}.Release|x64.Build.0 = Release|x64
		{C245DE61-6D88-3DDC-88B8-42C1C42DC7DC}.MinSizeRel|x64.ActiveCfg = MinSizeRel|x64
		{C245DE61-6D88-3DDC-88B8-42C1C42DC7DC}.MinSizeRel|x64.Build.0 = MinSizeRel|x64
		{C245DE61-6D88-3DDC-88B8-42C1C42DC7DC}.RelWithDebInfo|x64.ActiveCfg = RelWithDebInfo|x64
		{C245DE61-6D88-3DDC-88B8-42C1C42DC7DC}.RelWithDebInfo|x64.Build.0 = RelWithDebInfo|x64
		{C19650DF-F544-3B84-BC90-B109F323D6B7}.Debug|x64.ActiveCfg = Debug|x64
		{C19650DF-F544-3B84-BC90-B109F323D6B7}.Debug|x64.Build.0 = Debug|x64
		{C19650DF-F544-3B84-BC90-B109F323D6B7}.Release|x64.ActiveCfg = Release|x64
		{C19650DF-F544-3B84-BC90-B109F323D6B7}.Release|x64.Build.0 = Release|x64
		{C19650DF-F544-3B84-BC90-B109F323D6B7}.MinSizeRel|x64.ActiveCfg = MinSizeRel|x64
		{C19650DF-F544-3B84-BC90-B109F323D6B7}.MinSizeRel|x64.Build.0 = MinSizeRel|x64
		{C19650DF-F544-3B84-BC90-B109F323D6B7}.RelWithDebInfo|x64.ActiveCfg = RelWithDebInfo|x64
		{C19650DF-F544-3B84-BC90-B109F323D6B7}.RelWithDebInfo|x64.Build.0 = RelWithDebInfo|x64
		{D3035629-2D29-3454-A2A4-4321D79084A2}.Debug|x64.ActiveCfg = Debug|x64
		{D3035629-2D29-3454-A2A4-4321D79084A2}.Debug|x64.Build.0 = Debug|x64
		{D3035629-2D29-3454-A2A4-4321D79084A2}.Release|x64.ActiveCfg = Release|x64
		{D3035629-2D29-3454-A2A4-4321D79084A2}.Release|x64.Build.0 = Release|x64
		{D3035629-2D29-3454-A2A4-4321D79084A2}.MinSizeRel|x64.ActiveCfg = MinSizeRel|x64
		{D3035629-2D29-3454-A2A4-4321D79084A2}.MinSizeRel|x64.Build.0 = MinSizeRel|x64
		{D3035629-2D29-3454-A2A4-4321D79084A2}.RelWithDebInfo|x64.ActiveCfg = RelWithDebInfo|x64
		{D3035629-2D29-3454-A2A4-4321D79084A2}.RelWithDebInfo|x64.Build.0 = RelWithDebInfo|x64
		{EE26D999-AE5B-3DB8-8D26-1CCCB7CDC62F}.Debug|x64.ActiveCfg = Debug|x64
		{EE26D999-AE5B-3DB8-8D26-1CCCB7CDC62F}.Debug|x64.Build.0 = Debug|x64
		{EE26D999-AE5B-3DB8-8D26-1CCCB7CDC62F}.Release|x64.ActiveCfg = Release|x64
		{EE26D999-AE5B-3DB8-8D26-1CCCB7CDC62F}.Release|x64.Build.0 = Release|x64
		{EE26D999-AE5B-3DB8-8D26-1CCCB7CDC62F}.MinSizeRel|x64.ActiveCfg = MinSizeRel|x64
		{EE26D999-AE5B-3DB8-8D26-1CCCB7CDC62F}.MinSizeRel|x64.Build.0 = MinSizeRel|x64
		{EE26D999-AE5B-3DB8-8D26-1CCCB7CDC62F}.RelWithDebInfo|x64.ActiveCfg = RelWithDebInfo|x64
		{EE26D999-AE5B-3DB8-8D26-1CCCB7CDC62F}.RelWithDebInfo|x64.Build.0 = RelWithDebInfo|x64
		{742A5E2E-7EA6-3A41-80CE-D14FCF59E20B}.Debug|x64.ActiveCfg = Debug|x64
		{742A5E2E-7EA6-3A41-80CE-D14FCF59E20B}.Debug|x64.Build.0 = Debug|x64
		{742A5E2E-7EA6-3A41-80CE-D14FCF59E20B}.Release|x64.ActiveCfg = Release|x64
		{742A5E2E-7EA6-3A41-80CE-D14FCF59E20B}.Release|x64.Build.0 = Release|x64
		{742A5E2E-7EA6-3A41-80CE-D14FCF59E20B}.MinSizeRel|x64.ActiveCfg = MinSizeRel|x64
		{742A5E2E-7EA6-3A41-80CE-D14FCF59E20B}.MinSizeRel|x64.Build.0 = MinSizeRel|x64
		{742A5E2E-7EA6-3A41-80CE-D14FCF59E20B}.RelWithDebInfo|x64.ActiveCfg = RelWithDebInfo|x64
		{742A5E2E-7EA6-3A41-80CE-D14FCF59E20B}.RelWithDebInfo|x64.Build.0 = RelWithDebInfo|x64
		{7EE67049-47DB-33C7-99F3-88DC2CF1201A}.Debug|x64.ActiveCfg = Debug|x64
		{7EE67049-47DB-33C7-99F3-88DC2CF1201A}.Debug|x64.Build.0 = Debug|x64
		{7EE67049-47DB-33C7-99F3-88DC2CF1201A}.Release|x64.ActiveCfg = Release|x64
		{7EE67049-47DB-33C7-99F3-88DC2CF1201A}.Release|x64.Build.0 = Release|x64
		{7EE67049-47DB-33C7-99F3-88DC2CF1201A}.MinSizeRel|x64.ActiveCfg = MinSizeRel|x64
		{7EE67049-47DB-33C7-99F3-88DC2CF1201A}.MinSizeRel|x64.Build.0 = MinSizeRel|x64
		{7EE67049-47DB-33C7-99F3-88DC2CF1201A}.RelWithDebInfo|x64.ActiveCfg = RelWithDebInfo|x64
		{7EE67049-47DB-33C7-99F3-88DC2CF1201A}.RelWithDebInfo|x64.Build.0 = RelWithDebInfo|x64
		{88D3EF5E-DB11-39B6-92A7-7A56895E2DF1}.Debug|x64.ActiveCfg = Debug|x64
		{88D3EF5E-DB11-39B6-92A7-7A56895E2DF1}.Debug|x64.Build.0 = Debug|x64
		{88D3EF5E-DB11-39B6-92A7-7A56895E2DF1}.Release|x64.ActiveCfg = Release|x64
		{88D3EF5E-DB11-39B6-92A7-7A56895E2DF1}.Release|x64.Build.0 = Release|x64
		{88D3EF5E-DB11-39B6-92A7-7A56895E2DF1}.MinSizeRel|x64.ActiveCfg = MinSizeRel|x64
		{88D3EF5E-DB11-39B6-92A7-7A56895E2DF1}.MinSizeRel|x64.Build.0 = MinSizeRel|x64
		{88D3EF5E-DB11-39B6-92A7-7A56895E2DF1}.RelWithDebInfo|x64.ActiveCfg = RelWithDebInfo|x64
		{88D3EF5E-DB11-39B6-92A7-7A56895E2DF1}.RelWithDebInfo|x64.Build.0 = RelWithDebInfo|x64
		{EDC9E8A2-A86F-3509-8008-8ECA59DB5B94}.Debug|x64.ActiveCfg = Debug|x64
		{EDC9E8A2-A86F-3509-8008-8ECA59DB5B94}.Debug|x64.Build.0 = Debug|x64
		{EDC9E8A2-A86F-3509-8008-8ECA59DB5B94}.Release|x64.ActiveCfg = Release|x64
		{EDC9E8A2-A86F-3509-8008-8ECA59DB5B94}.Release|x64.Build.0 = Release|x64
		{EDC9E8A2-A86F-3509-8008-8ECA59DB5B94}.MinSizeRel|x64.ActiveCfg = MinSizeRel|x64
		{EDC9E8A2-A86F-3509-8008-8ECA59DB5B94}.MinSizeRel|x64.Build.0 = MinSizeRel|x64
		{EDC9E8A2-A86F-3509-8008-8ECA59DB5B94}.RelWithDebInfo|x64.ActiveCfg = RelWithDebInfo|x64
		{EDC9E8A2-A86F-3509-8008-8ECA59DB5B94}.RelWithDebInfo|x64.Build.0 = RelWithDebInfo|x64
		{B8E1ABA4-5A46-3D52-B8DC-067F60346E71}.Debug|x64.ActiveCfg = Debug|x64
		{B8E1ABA4-5A46-3D52-B8DC-067F60346E71}.Debug|x64.Build.0 = Debug|x64
		{B8E1ABA4-5A46-3D52-B8DC-067F60346E71}.Release|x64.ActiveCfg = Release|x64
		{B8E1ABA4-5A46-3D52-B8DC-067F60346E71}.Release|x64.Build.0 = Release|x64
		{B8E1ABA4-5A46-3D52-B8DC-067F60346E71}.MinSizeRel|x64.ActiveCfg = MinSizeRel|x64
		{B8E1ABA4-5A46-3D52-B8DC-067F60346E71}.MinSizeRel|x64.Build.0 = MinSizeRel|x64
		{B8E1ABA4-5A46-3D52-B8DC-067F60346E71}.RelWithDebInfo|x64.ActiveCfg = RelWithDebInfo|x64
		{B8E1ABA4-5A46-3D52-B8DC-067F60346E71}.RelWithDebInfo|x64.Build.0 = RelWithDebInfo|x64
		{0E41D812-7E32-3358-A5ED-771AC272DFDD}.Debug|x64.ActiveCfg = Debug|x64
		{0E41D812-7E32-3358-A5ED-771AC272DFDD}.Debug|x64.Build.0 = Debug|x64
		{0E41D812-7E32-3358-A5ED-771AC272DFDD}.Release|x64.ActiveCfg = Release|x64
		{0E41D812-7E32-3358-A5ED-771AC272DFDD}.Release|x64.Build.0 = Release|x64
		{0E41D812-7E32-3358-A5ED-771AC272DFDD}.MinSizeRel|x64.ActiveCfg = MinSizeRel|x64
		{0E41D812-7E32-3358-A5ED-771AC272DFDD}.MinSizeRel|x64.Build.0 = MinSizeRel|x64
		{0E41D812-7E32-3358-A5ED-771AC272DFDD}.RelWithDebInfo|x64.ActiveCfg = RelWithDebInfo|x64
		{0E41D812-7E32-3358-A5ED-771AC272DFDD}.RelWithDebInfo|x64.Build.0 = RelWithDebInfo|x64
		{C932210E-9D7F-3563-9D79-25A49BF48185}.Debug|x64.ActiveCfg = Debug|x64
		{C932210E-9D7F-3563-9D79-25A49BF48185}.Debug|x64.Build.0 = Debug|x64
		{C932210E-9D7F-3563-9D79-25A49BF48185}.Release|x64.ActiveCfg = Release|x64
		{C932210E-9D7F-3563-9D79-25A49BF48185}.Release|x64.Build.0 = Release|x64
		{C932210E-9D7F-3563-9D79-25A49BF48185}.MinSizeRel|x64.ActiveCfg = MinSizeRel|x64
		{C932210E-9D7F-3563-9D79-25A49BF48185}.MinSizeRel|x64.Build.0 = MinSizeRel|x64
		{C932210E-9D7F-3563-9D79-25A49BF48185}.RelWithDebInfo|x64.ActiveCfg = RelWithDebInfo|x64
		{C932210E-9D7F-3563-9D79-25A49BF48185}.RelWithDebInfo|x64.Build.0 = RelWithDebInfo|x64
	EndGlobalSection
	GlobalSection(ExtensibilityGlobals) = postSolution
		SolutionGuid = {6A1FF6CB-1C1B-3AFA-8E4D-F1C54C55B635}
	EndGlobalSection
	GlobalSection(ExtensibilityAddIns) = postSolution
	EndGlobalSection
EndGlobal
