
Microsoft Visual Studio Solution File, Format Version 12.00
# Visual Studio Version 17
Project("{8BC9CEB8-8B4A-11D0-8D11-00A0C91BC942}") = "ALL_BUILD", "ALL_BUILD.vcxproj", "{D64B344F-EEC8-3694-B368-C392B765391D}"
	ProjectSection(ProjectDependencies) = postProject
		{25DF73EC-F007-3E44-A90A-6E9B30231FED} = {25DF73EC-F007-3E44-A90A-6E9B30231FED}
		{EB7D3B70-0912-3767-AD01-FACD19D86C61} = {EB7D3B70-0912-3767-AD01-FACD19D86C61}
		{42E86B8C-0C0D-3FAA-9DDE-111043B40693} = {42E86B8C-0C0D-3FAA-9DDE-111043B40693}
		{10F897F1-37E1-3674-AEDE-9DDBCB9FFDB1} = {10F897F1-37E1-3674-AEDE-9DDBCB9FFDB1}
		{31F704B1-A751-39CC-B8FD-337774B0A406} = {31F704B1-A751-39CC-B8FD-337774B0A406}
		{F982EC43-8266-3D8C-9CC7-1118638F36A9} = {F982EC43-8266-3D8C-9CC7-1118638F36A9}
		{F5479A72-F396-3848-AD02-97E434879CAF} = {F5479A72-F396-3848-AD02-97E434879CAF}
		{2F316CB7-6DC3-3087-A891-31706CFF170F} = {2F316CB7-6DC3-3087-A891-31706CFF170F}
		{CCF2CF50-41CD-369B-AEDE-892BB60E9BCE} = {CCF2CF50-41CD-369B-AEDE-892BB60E9BCE}
		{A6FBAF60-9F8A-3969-9E5D-BC51855A0685} = {A6FBAF60-9F8A-3969-9E5D-BC51855A0685}
	EndProjectSection
EndProject
Project("{8BC9CEB8-8B4A-11D0-8D11-00A0C91BC942}") = "INSTALL", "INSTALL.vcxproj", "{C8CFA7C2-F522-3FFF-9F61-BFA5D8EC2244}"
	ProjectSection(ProjectDependencies) = postProject
		{D64B344F-EEC8-3694-B368-C392B765391D} = {D64B344F-EEC8-3694-B368-C392B765391D}
		{25DF73EC-F007-3E44-A90A-6E9B30231FED} = {25DF73EC-F007-3E44-A90A-6E9B30231FED}
	EndProjectSection
EndProject
Project("{8BC9CEB8-8B4A-11D0-8D11-00A0C91BC942}") = "PACKAGE", "PACKAGE.vcxproj", "{495BACC6-54C4-3A84-9DE8-97AD3D3D839A}"
	ProjectSection(ProjectDependencies) = postProject
		{D64B344F-EEC8-3694-B368-C392B765391D} = {D64B344F-EEC8-3694-B368-C392B765391D}
		{25DF73EC-F007-3E44-A90A-6E9B30231FED} = {25DF73EC-F007-3E44-A90A-6E9B30231FED}
	EndProjectSection
EndProject
Project("{8BC9CEB8-8B4A-11D0-8D11-00A0C91BC942}") = "ZERO_CHECK", "..\..\..\\ZERO_CHECK.vcxproj", "{25DF73EC-F007-3E44-A90A-6E9B30231FED}"
	ProjectSection(ProjectDependencies) = postProject
	EndProjectSection
EndProject
Project("{8BC9CEB8-8B4A-11D0-8D11-00A0C91BC942}") = "bcon-col-view", "bcon-col-view.vcxproj", "{EB7D3B70-0912-3767-AD01-FACD19D86C61}"
	ProjectSection(ProjectDependencies) = postProject
		{25DF73EC-F007-3E44-A90A-6E9B30231FED} = {25DF73EC-F007-3E44-A90A-6E9B30231FED}
		{2F316CB7-6DC3-3087-A891-31706CFF170F} = {2F316CB7-6DC3-3087-A891-31706CFF170F}
	EndProjectSection
EndProject
Project("{8BC9CEB8-8B4A-11D0-8D11-00A0C91BC942}") = "bcon-speed", "bcon-speed.vcxproj", "{42E86B8C-0C0D-3FAA-9DDE-111043B40693}"
	ProjectSection(ProjectDependencies) = postProject
		{25DF73EC-F007-3E44-A90A-6E9B30231FED} = {25DF73EC-F007-3E44-A90A-6E9B30231FED}
		{2F316CB7-6DC3-3087-A891-31706CFF170F} = {2F316CB7-6DC3-3087-A891-31706CFF170F}
	EndProjectSection
EndProject
Project("{8BC9CEB8-8B4A-11D0-8D11-00A0C91BC942}") = "bson-check-depth", "bson-check-depth.vcxproj", "{10F897F1-37E1-3674-AEDE-9DDBCB9FFDB1}"
	ProjectSection(ProjectDependencies) = postProject
		{25DF73EC-F007-3E44-A90A-6E9B30231FED} = {25DF73EC-F007-3E44-A90A-6E9B30231FED}
		{2F316CB7-6DC3-3087-A891-31706CFF170F} = {2F316CB7-6DC3-3087-A891-31706CFF170F}
	EndProjectSection
EndProject
Project("{8BC9CEB8-8B4A-11D0-8D11-00A0C91BC942}") = "bson-metrics", "bson-metrics.vcxproj", "{31F704B1-A751-39CC-B8FD-337774B0A406}"
	ProjectSection(ProjectDependencies) = postProject
		{25DF73EC-F007-3E44-A90A-6E9B30231FED} = {25DF73EC-F007-3E44-A90A-6E9B30231FED}
		{2F316CB7-6DC3-3087-A891-31706CFF170F} = {2F316CB7-6DC3-3087-A891-31706CFF170F}
	EndProjectSection
EndProject
Project("{8BC9CEB8-8B4A-11D0-8D11-00A0C91BC942}") = "bson-to-json", "bson-to-json.vcxproj", "{F982EC43-8266-3D8C-9CC7-1118638F36A9}"
	ProjectSection(ProjectDependencies) = postProject
		{25DF73EC-F007-3E44-A90A-6E9B30231FED} = {25DF73EC-F007-3E44-A90A-6E9B30231FED}
		{2F316CB7-6DC3-3087-A891-31706CFF170F} = {2F316CB7-6DC3-3087-A891-31706CFF170F}
	EndProjectSection
EndProject
Project("{8BC9CEB8-8B4A-11D0-8D11-00A0C91BC942}") = "bson-validate", "bson-validate.vcxproj", "{F5479A72-F396-3848-AD02-97E434879CAF}"
	ProjectSection(ProjectDependencies) = postProject
		{25DF73EC-F007-3E44-A90A-6E9B30231FED} = {25DF73EC-F007-3E44-A90A-6E9B30231FED}
		{2F316CB7-6DC3-3087-A891-31706CFF170F} = {2F316CB7-6DC3-3087-A891-31706CFF170F}
	EndProjectSection
EndProject
Project("{8BC9CEB8-8B4A-11D0-8D11-00A0C91BC942}") = "bson_shared", "bson_shared.vcxproj", "{2F316CB7-6DC3-3087-A891-31706CFF170F}"
	ProjectSection(ProjectDependencies) = postProject
		{25DF73EC-F007-3E44-A90A-6E9B30231FED} = {25DF73EC-F007-3E44-A90A-6E9B30231FED}
	EndProjectSection
EndProject
Project("{8BC9CEB8-8B4A-11D0-8D11-00A0C91BC942}") = "bson_static", "bson_static.vcxproj", "{CCF2CF50-41CD-369B-AEDE-892BB60E9BCE}"
	ProjectSection(ProjectDependencies) = postProject
		{25DF73EC-F007-3E44-A90A-6E9B30231FED} = {25DF73EC-F007-3E44-A90A-6E9B30231FED}
	EndProjectSection
EndProject
Project("{8BC9CEB8-8B4A-11D0-8D11-00A0C91BC942}") = "json-to-bson", "json-to-bson.vcxproj", "{A6FBAF60-9F8A-3969-9E5D-BC51855A0685}"
	ProjectSection(ProjectDependencies) = postProject
		{25DF73EC-F007-3E44-A90A-6E9B30231FED} = {25DF73EC-F007-3E44-A90A-6E9B30231FED}
		{2F316CB7-6DC3-3087-A891-31706CFF170F} = {2F316CB7-6DC3-3087-A891-31706CFF170F}
	EndProjectSection
EndProject
Global
	GlobalSection(SolutionConfigurationPlatforms) = preSolution
		Debug|x64 = Debug|x64
		Release|x64 = Release|x64
		MinSizeRel|x64 = MinSizeRel|x64
		RelWithDebInfo|x64 = RelWithDebInfo|x64
	EndGlobalSection
	GlobalSection(ProjectConfigurationPlatforms) = postSolution
		{D64B344F-EEC8-3694-B368-C392B765391D}.Debug|x64.ActiveCfg = Debug|x64
		{D64B344F-EEC8-3694-B368-C392B765391D}.Debug|x64.Build.0 = Debug|x64
		{D64B344F-EEC8-3694-B368-C392B765391D}.Release|x64.ActiveCfg = Release|x64
		{D64B344F-EEC8-3694-B368-C392B765391D}.Release|x64.Build.0 = Release|x64
		{D64B344F-EEC8-3694-B368-C392B765391D}.MinSizeRel|x64.ActiveCfg = MinSizeRel|x64
		{D64B344F-EEC8-3694-B368-C392B765391D}.MinSizeRel|x64.Build.0 = MinSizeRel|x64
		{D64B344F-EEC8-3694-B368-C392B765391D}.RelWithDebInfo|x64.ActiveCfg = RelWithDebInfo|x64
		{D64B344F-EEC8-3694-B368-C392B765391D}.RelWithDebInfo|x64.Build.0 = RelWithDebInfo|x64
		{C8CFA7C2-F522-3FFF-9F61-BFA5D8EC2244}.Debug|x64.ActiveCfg = Debug|x64
		{C8CFA7C2-F522-3FFF-9F61-BFA5D8EC2244}.Release|x64.ActiveCfg = Release|x64
		{C8CFA7C2-F522-3FFF-9F61-BFA5D8EC2244}.MinSizeRel|x64.ActiveCfg = MinSizeRel|x64
		{C8CFA7C2-F522-3FFF-9F61-BFA5D8EC2244}.RelWithDebInfo|x64.ActiveCfg = RelWithDebInfo|x64
		{495BACC6-54C4-3A84-9DE8-97AD3D3D839A}.Debug|x64.ActiveCfg = Debug|x64
		{495BACC6-54C4-3A84-9DE8-97AD3D3D839A}.Release|x64.ActiveCfg = Release|x64
		{495BACC6-54C4-3A84-9DE8-97AD3D3D839A}.MinSizeRel|x64.ActiveCfg = MinSizeRel|x64
		{495BACC6-54C4-3A84-9DE8-97AD3D3D839A}.RelWithDebInfo|x64.ActiveCfg = RelWithDebInfo|x64
		{25DF73EC-F007-3E44-A90A-6E9B30231FED}.Debug|x64.ActiveCfg = Debug|x64
		{25DF73EC-F007-3E44-A90A-6E9B30231FED}.Debug|x64.Build.0 = Debug|x64
		{25DF73EC-F007-3E44-A90A-6E9B30231FED}.Release|x64.ActiveCfg = Release|x64
		{25DF73EC-F007-3E44-A90A-6E9B30231FED}.Release|x64.Build.0 = Release|x64
		{25DF73EC-F007-3E44-A90A-6E9B30231FED}.MinSizeRel|x64.ActiveCfg = MinSizeRel|x64
		{25DF73EC-F007-3E44-A90A-6E9B30231FED}.MinSizeRel|x64.Build.0 = MinSizeRel|x64
		{25DF73EC-F007-3E44-A90A-6E9B30231FED}.RelWithDebInfo|x64.ActiveCfg = RelWithDebInfo|x64
		{25DF73EC-F007-3E44-A90A-6E9B30231FED}.RelWithDebInfo|x64.Build.0 = RelWithDebInfo|x64
		{EB7D3B70-0912-3767-AD01-FACD19D86C61}.Debug|x64.ActiveCfg = Debug|x64
		{EB7D3B70-0912-3767-AD01-FACD19D86C61}.Debug|x64.Build.0 = Debug|x64
		{EB7D3B70-0912-3767-AD01-FACD19D86C61}.Release|x64.ActiveCfg = Release|x64
		{EB7D3B70-0912-3767-AD01-FACD19D86C61}.Release|x64.Build.0 = Release|x64
		{EB7D3B70-0912-3767-AD01-FACD19D86C61}.MinSizeRel|x64.ActiveCfg = MinSizeRel|x64
		{EB7D3B70-0912-3767-AD01-FACD19D86C61}.MinSizeRel|x64.Build.0 = MinSizeRel|x64
		{EB7D3B70-0912-3767-AD01-FACD19D86C61}.RelWithDebInfo|x64.ActiveCfg = RelWithDebInfo|x64
		{EB7D3B70-0912-3767-AD01-FACD19D86C61}.RelWithDebInfo|x64.Build.0 = RelWithDebInfo|x64
		{42E86B8C-0C0D-3FAA-9DDE-111043B40693}.Debug|x64.ActiveCfg = Debug|x64
		{42E86B8C-0C0D-3FAA-9DDE-111043B40693}.Debug|x64.Build.0 = Debug|x64
		{42E86B8C-0C0D-3FAA-9DDE-111043B40693}.Release|x64.ActiveCfg = Release|x64
		{42E86B8C-0C0D-3FAA-9DDE-111043B40693}.Release|x64.Build.0 = Release|x64
		{42E86B8C-0C0D-3FAA-9DDE-111043B40693}.MinSizeRel|x64.ActiveCfg = MinSizeRel|x64
		{42E86B8C-0C0D-3FAA-9DDE-111043B40693}.MinSizeRel|x64.Build.0 = MinSizeRel|x64
		{42E86B8C-0C0D-3FAA-9DDE-111043B40693}.RelWithDebInfo|x64.ActiveCfg = RelWithDebInfo|x64
		{42E86B8C-0C0D-3FAA-9DDE-111043B40693}.RelWithDebInfo|x64.Build.0 = RelWithDebInfo|x64
		{10F897F1-37E1-3674-AEDE-9DDBCB9FFDB1}.Debug|x64.ActiveCfg = Debug|x64
		{10F897F1-37E1-3674-AEDE-9DDBCB9FFDB1}.Debug|x64.Build.0 = Debug|x64
		{10F897F1-37E1-3674-AEDE-9DDBCB9FFDB1}.Release|x64.ActiveCfg = Release|x64
		{10F897F1-37E1-3674-AEDE-9DDBCB9FFDB1}.Release|x64.Build.0 = Release|x64
		{10F897F1-37E1-3674-AEDE-9DDBCB9FFDB1}.MinSizeRel|x64.ActiveCfg = MinSizeRel|x64
		{10F897F1-37E1-3674-AEDE-9DDBCB9FFDB1}.MinSizeRel|x64.Build.0 = MinSizeRel|x64
		{10F897F1-37E1-3674-AEDE-9DDBCB9FFDB1}.RelWithDebInfo|x64.ActiveCfg = RelWithDebInfo|x64
		{10F897F1-37E1-3674-AEDE-9DDBCB9FFDB1}.RelWithDebInfo|x64.Build.0 = RelWithDebInfo|x64
		{31F704B1-A751-39CC-B8FD-337774B0A406}.Debug|x64.ActiveCfg = Debug|x64
		{31F704B1-A751-39CC-B8FD-337774B0A406}.Debug|x64.Build.0 = Debug|x64
		{31F704B1-A751-39CC-B8FD-337774B0A406}.Release|x64.ActiveCfg = Release|x64
		{31F704B1-A751-39CC-B8FD-337774B0A406}.Release|x64.Build.0 = Release|x64
		{31F704B1-A751-39CC-B8FD-337774B0A406}.MinSizeRel|x64.ActiveCfg = MinSizeRel|x64
		{31F704B1-A751-39CC-B8FD-337774B0A406}.MinSizeRel|x64.Build.0 = MinSizeRel|x64
		{31F704B1-A751-39CC-B8FD-337774B0A406}.RelWithDebInfo|x64.ActiveCfg = RelWithDebInfo|x64
		{31F704B1-A751-39CC-B8FD-337774B0A406}.RelWithDebInfo|x64.Build.0 = RelWithDebInfo|x64
		{F982EC43-8266-3D8C-9CC7-1118638F36A9}.Debug|x64.ActiveCfg = Debug|x64
		{F982EC43-8266-3D8C-9CC7-1118638F36A9}.Debug|x64.Build.0 = Debug|x64
		{F982EC43-8266-3D8C-9CC7-1118638F36A9}.Release|x64.ActiveCfg = Release|x64
		{F982EC43-8266-3D8C-9CC7-1118638F36A9}.Release|x64.Build.0 = Release|x64
		{F982EC43-8266-3D8C-9CC7-1118638F36A9}.MinSizeRel|x64.ActiveCfg = MinSizeRel|x64
		{F982EC43-8266-3D8C-9CC7-1118638F36A9}.MinSizeRel|x64.Build.0 = MinSizeRel|x64
		{F982EC43-8266-3D8C-9CC7-1118638F36A9}.RelWithDebInfo|x64.ActiveCfg = RelWithDebInfo|x64
		{F982EC43-8266-3D8C-9CC7-1118638F36A9}.RelWithDebInfo|x64.Build.0 = RelWithDebInfo|x64
		{F5479A72-F396-3848-AD02-97E434879CAF}.Debug|x64.ActiveCfg = Debug|x64
		{F5479A72-F396-3848-AD02-97E434879CAF}.Debug|x64.Build.0 = Debug|x64
		{F5479A72-F396-3848-AD02-97E434879CAF}.Release|x64.ActiveCfg = Release|x64
		{F5479A72-F396-3848-AD02-97E434879CAF}.Release|x64.Build.0 = Release|x64
		{F5479A72-F396-3848-AD02-97E434879CAF}.MinSizeRel|x64.ActiveCfg = MinSizeRel|x64
		{F5479A72-F396-3848-AD02-97E434879CAF}.MinSizeRel|x64.Build.0 = MinSizeRel|x64
		{F5479A72-F396-3848-AD02-97E434879CAF}.RelWithDebInfo|x64.ActiveCfg = RelWithDebInfo|x64
		{F5479A72-F396-3848-AD02-97E434879CAF}.RelWithDebInfo|x64.Build.0 = RelWithDebInfo|x64
		{2F316CB7-6DC3-3087-A891-31706CFF170F}.Debug|x64.ActiveCfg = Debug|x64
		{2F316CB7-6DC3-3087-A891-31706CFF170F}.Debug|x64.Build.0 = Debug|x64
		{2F316CB7-6DC3-3087-A891-31706CFF170F}.Release|x64.ActiveCfg = Release|x64
		{2F316CB7-6DC3-3087-A891-31706CFF170F}.Release|x64.Build.0 = Release|x64
		{2F316CB7-6DC3-3087-A891-31706CFF170F}.MinSizeRel|x64.ActiveCfg = MinSizeRel|x64
		{2F316CB7-6DC3-3087-A891-31706CFF170F}.MinSizeRel|x64.Build.0 = MinSizeRel|x64
		{2F316CB7-6DC3-3087-A891-31706CFF170F}.RelWithDebInfo|x64.ActiveCfg = RelWithDebInfo|x64
		{2F316CB7-6DC3-3087-A891-31706CFF170F}.RelWithDebInfo|x64.Build.0 = RelWithDebInfo|x64
		{CCF2CF50-41CD-369B-AEDE-892BB60E9BCE}.Debug|x64.ActiveCfg = Debug|x64
		{CCF2CF50-41CD-369B-AEDE-892BB60E9BCE}.Debug|x64.Build.0 = Debug|x64
		{CCF2CF50-41CD-369B-AEDE-892BB60E9BCE}.Release|x64.ActiveCfg = Release|x64
		{CCF2CF50-41CD-369B-AEDE-892BB60E9BCE}.Release|x64.Build.0 = Release|x64
		{CCF2CF50-41CD-369B-AEDE-892BB60E9BCE}.MinSizeRel|x64.ActiveCfg = MinSizeRel|x64
		{CCF2CF50-41CD-369B-AEDE-892BB60E9BCE}.MinSizeRel|x64.Build.0 = MinSizeRel|x64
		{CCF2CF50-41CD-369B-AEDE-892BB60E9BCE}.RelWithDebInfo|x64.ActiveCfg = RelWithDebInfo|x64
		{CCF2CF50-41CD-369B-AEDE-892BB60E9BCE}.RelWithDebInfo|x64.Build.0 = RelWithDebInfo|x64
		{A6FBAF60-9F8A-3969-9E5D-BC51855A0685}.Debug|x64.ActiveCfg = Debug|x64
		{A6FBAF60-9F8A-3969-9E5D-BC51855A0685}.Debug|x64.Build.0 = Debug|x64
		{A6FBAF60-9F8A-3969-9E5D-BC51855A0685}.Release|x64.ActiveCfg = Release|x64
		{A6FBAF60-9F8A-3969-9E5D-BC51855A0685}.Release|x64.Build.0 = Release|x64
		{A6FBAF60-9F8A-3969-9E5D-BC51855A0685}.MinSizeRel|x64.ActiveCfg = MinSizeRel|x64
		{A6FBAF60-9F8A-3969-9E5D-BC51855A0685}.MinSizeRel|x64.Build.0 = MinSizeRel|x64
		{A6FBAF60-9F8A-3969-9E5D-BC51855A0685}.RelWithDebInfo|x64.ActiveCfg = RelWithDebInfo|x64
		{A6FBAF60-9F8A-3969-9E5D-BC51855A0685}.RelWithDebInfo|x64.Build.0 = RelWithDebInfo|x64
	EndGlobalSection
	GlobalSection(ExtensibilityGlobals) = postSolution
		SolutionGuid = {B64DD42B-9E3E-39B6-B31D-1E02DB0F5B7B}
	EndGlobalSection
	GlobalSection(ExtensibilityAddIns) = postSolution
	EndGlobalSection
EndGlobal
