
Microsoft Visual Studio Solution File, Format Version 12.00
# Visual Studio Version 17
Project("{8BC9CEB8-8B4A-11D0-8D11-00A0C91BC942}") = "ALL_BUILD", "ALL_BUILD.vcxproj", "{D64B344F-EEC8-3694-B368-C392B765391D}"
	ProjectSection(ProjectDependencies) = postProject
		{25DF73EC-F007-3E44-A90A-6E9B30231FED} = {25DF73EC-F007-3E44-A90A-6E9B30231FED}
		{354C6337-CAC8-3FA4-8777-766DFB4038C9} = {354C6337-CAC8-3FA4-8777-766DFB4038C9}
		{03360E14-2124-3493-9F61-83E5993DED74} = {03360E14-2124-3493-9F61-83E5993DED74}
		{04953CDC-0B1C-3D70-8B46-6F914FE8005E} = {04953CDC-0B1C-3D70-8B46-6F914FE8005E}
		{0F3570B8-EAE9-3087-934F-0D132FFC9999} = {0F3570B8-EAE9-3087-934F-0D132FFC9999}
	EndProjectSection
EndProject
Project("{8BC9CEB8-8B4A-11D0-8D11-00A0C91BC942}") = "INSTALL", "INSTALL.vcxproj", "{C8CFA7C2-F522-3FFF-9F61-BFA5D8EC2244}"
	ProjectSection(ProjectDependencies) = postProject
		{D64B344F-EEC8-3694-B368-C392B765391D} = {D64B344F-EEC8-3694-B368-C392B765391D}
		{25DF73EC-F007-3E44-A90A-6E9B30231FED} = {25DF73EC-F007-3E44-A90A-6E9B30231FED}
	EndProjectSection
EndProject
Project("{8BC9CEB8-8B4A-11D0-8D11-00A0C91BC942}") = "PACKAGE", "PACKAGE.vcxproj", "{495BACC6-54C4-3A84-9DE8-97AD3D3D839A}"
	ProjectSection(ProjectDependencies) = postProject
		{D64B344F-EEC8-3694-B368-C392B765391D} = {D64B344F-EEC8-3694-B368-C392B765391D}
		{25DF73EC-F007-3E44-A90A-6E9B30231FED} = {25DF73EC-F007-3E44-A90A-6E9B30231FED}
	EndProjectSection
EndProject
Project("{8BC9CEB8-8B4A-11D0-8D11-00A0C91BC942}") = "ZERO_CHECK", "..\..\\ZERO_CHECK.vcxproj", "{25DF73EC-F007-3E44-A90A-6E9B30231FED}"
	ProjectSection(ProjectDependencies) = postProject
	EndProjectSection
EndProject
Project("{8BC9CEB8-8B4A-11D0-8D11-00A0C91BC942}") = "dcmdata", "..\dcmdata\libsrc\dcmdata.vcxproj", "{21920D71-B0E7-36DB-9E72-FFC77F6776B6}"
	ProjectSection(ProjectDependencies) = postProject
		{25DF73EC-F007-3E44-A90A-6E9B30231FED} = {25DF73EC-F007-3E44-A90A-6E9B30231FED}
		{0E41D812-7E32-3358-A5ED-771AC272DFDD} = {0E41D812-7E32-3358-A5ED-771AC272DFDD}
		{C932210E-9D7F-3563-9D79-25A49BF48185} = {C932210E-9D7F-3563-9D79-25A49BF48185}
	EndProjectSection
EndProject
Project("{8BC9CEB8-8B4A-11D0-8D11-00A0C91BC942}") = "dcmimgle", "..\dcmimgle\libsrc\dcmimgle.vcxproj", "{D3035629-2D29-3454-A2A4-4321D79084A2}"
	ProjectSection(ProjectDependencies) = postProject
		{25DF73EC-F007-3E44-A90A-6E9B30231FED} = {25DF73EC-F007-3E44-A90A-6E9B30231FED}
		{21920D71-B0E7-36DB-9E72-FFC77F6776B6} = {21920D71-B0E7-36DB-9E72-FFC77F6776B6}
		{0E41D812-7E32-3358-A5ED-771AC272DFDD} = {0E41D812-7E32-3358-A5ED-771AC272DFDD}
		{C932210E-9D7F-3563-9D79-25A49BF48185} = {C932210E-9D7F-3563-9D79-25A49BF48185}
	EndProjectSection
EndProject
Project("{8BC9CEB8-8B4A-11D0-8D11-00A0C91BC942}") = "dcmrt", "libsrc\dcmrt.vcxproj", "{354C6337-CAC8-3FA4-8777-766DFB4038C9}"
	ProjectSection(ProjectDependencies) = postProject
		{25DF73EC-F007-3E44-A90A-6E9B30231FED} = {25DF73EC-F007-3E44-A90A-6E9B30231FED}
		{21920D71-B0E7-36DB-9E72-FFC77F6776B6} = {21920D71-B0E7-36DB-9E72-FFC77F6776B6}
		{D3035629-2D29-3454-A2A4-4321D79084A2} = {D3035629-2D29-3454-A2A4-4321D79084A2}
		{0E41D812-7E32-3358-A5ED-771AC272DFDD} = {0E41D812-7E32-3358-A5ED-771AC272DFDD}
		{C932210E-9D7F-3563-9D79-25A49BF48185} = {C932210E-9D7F-3563-9D79-25A49BF48185}
	EndProjectSection
EndProject
Project("{8BC9CEB8-8B4A-11D0-8D11-00A0C91BC942}") = "dcmrt-test-exhaustive", "tests\dcmrt-test-exhaustive.vcxproj", "{5A7EEEF9-D644-3A82-8DC0-F22AD39DD4DE}"
	ProjectSection(ProjectDependencies) = postProject
		{25DF73EC-F007-3E44-A90A-6E9B30231FED} = {25DF73EC-F007-3E44-A90A-6E9B30231FED}
	EndProjectSection
EndProject
Project("{8BC9CEB8-8B4A-11D0-8D11-00A0C91BC942}") = "dcmrt_tests", "tests\dcmrt_tests.vcxproj", "{03360E14-2124-3493-9F61-83E5993DED74}"
	ProjectSection(ProjectDependencies) = postProject
		{25DF73EC-F007-3E44-A90A-6E9B30231FED} = {25DF73EC-F007-3E44-A90A-6E9B30231FED}
		{21920D71-B0E7-36DB-9E72-FFC77F6776B6} = {21920D71-B0E7-36DB-9E72-FFC77F6776B6}
		{D3035629-2D29-3454-A2A4-4321D79084A2} = {D3035629-2D29-3454-A2A4-4321D79084A2}
		{354C6337-CAC8-3FA4-8777-766DFB4038C9} = {354C6337-CAC8-3FA4-8777-766DFB4038C9}
		{0E41D812-7E32-3358-A5ED-771AC272DFDD} = {0E41D812-7E32-3358-A5ED-771AC272DFDD}
		{C932210E-9D7F-3563-9D79-25A49BF48185} = {C932210E-9D7F-3563-9D79-25A49BF48185}
	EndProjectSection
EndProject
Project("{8BC9CEB8-8B4A-11D0-8D11-00A0C91BC942}") = "drtdump", "apps\drtdump.vcxproj", "{04953CDC-0B1C-3D70-8B46-6F914FE8005E}"
	ProjectSection(ProjectDependencies) = postProject
		{25DF73EC-F007-3E44-A90A-6E9B30231FED} = {25DF73EC-F007-3E44-A90A-6E9B30231FED}
		{21920D71-B0E7-36DB-9E72-FFC77F6776B6} = {21920D71-B0E7-36DB-9E72-FFC77F6776B6}
		{D3035629-2D29-3454-A2A4-4321D79084A2} = {D3035629-2D29-3454-A2A4-4321D79084A2}
		{354C6337-CAC8-3FA4-8777-766DFB4038C9} = {354C6337-CAC8-3FA4-8777-766DFB4038C9}
		{0E41D812-7E32-3358-A5ED-771AC272DFDD} = {0E41D812-7E32-3358-A5ED-771AC272DFDD}
		{C932210E-9D7F-3563-9D79-25A49BF48185} = {C932210E-9D7F-3563-9D79-25A49BF48185}
	EndProjectSection
EndProject
Project("{8BC9CEB8-8B4A-11D0-8D11-00A0C91BC942}") = "drttest", "tests\drttest.vcxproj", "{0F3570B8-EAE9-3087-934F-0D132FFC9999}"
	ProjectSection(ProjectDependencies) = postProject
		{25DF73EC-F007-3E44-A90A-6E9B30231FED} = {25DF73EC-F007-3E44-A90A-6E9B30231FED}
		{21920D71-B0E7-36DB-9E72-FFC77F6776B6} = {21920D71-B0E7-36DB-9E72-FFC77F6776B6}
		{D3035629-2D29-3454-A2A4-4321D79084A2} = {D3035629-2D29-3454-A2A4-4321D79084A2}
		{354C6337-CAC8-3FA4-8777-766DFB4038C9} = {354C6337-CAC8-3FA4-8777-766DFB4038C9}
		{0E41D812-7E32-3358-A5ED-771AC272DFDD} = {0E41D812-7E32-3358-A5ED-771AC272DFDD}
		{C932210E-9D7F-3563-9D79-25A49BF48185} = {C932210E-9D7F-3563-9D79-25A49BF48185}
	EndProjectSection
EndProject
Project("{8BC9CEB8-8B4A-11D0-8D11-00A0C91BC942}") = "oflog", "..\oflog\libsrc\oflog.vcxproj", "{0E41D812-7E32-3358-A5ED-771AC272DFDD}"
	ProjectSection(ProjectDependencies) = postProject
		{25DF73EC-F007-3E44-A90A-6E9B30231FED} = {25DF73EC-F007-3E44-A90A-6E9B30231FED}
		{C932210E-9D7F-3563-9D79-25A49BF48185} = {C932210E-9D7F-3563-9D79-25A49BF48185}
	EndProjectSection
EndProject
Project("{8BC9CEB8-8B4A-11D0-8D11-00A0C91BC942}") = "ofstd", "..\ofstd\libsrc\ofstd.vcxproj", "{C932210E-9D7F-3563-9D79-25A49BF48185}"
	ProjectSection(ProjectDependencies) = postProject
		{25DF73EC-F007-3E44-A90A-6E9B30231FED} = {25DF73EC-F007-3E44-A90A-6E9B30231FED}
	EndProjectSection
EndProject
Global
	GlobalSection(SolutionConfigurationPlatforms) = preSolution
		Debug|x64 = Debug|x64
		Release|x64 = Release|x64
		MinSizeRel|x64 = MinSizeRel|x64
		RelWithDebInfo|x64 = RelWithDebInfo|x64
	EndGlobalSection
	GlobalSection(ProjectConfigurationPlatforms) = postSolution
		{D64B344F-EEC8-3694-B368-C392B765391D}.Debug|x64.ActiveCfg = Debug|x64
		{D64B344F-EEC8-3694-B368-C392B765391D}.Debug|x64.Build.0 = Debug|x64
		{D64B344F-EEC8-3694-B368-C392B765391D}.Release|x64.ActiveCfg = Release|x64
		{D64B344F-EEC8-3694-B368-C392B765391D}.Release|x64.Build.0 = Release|x64
		{D64B344F-EEC8-3694-B368-C392B765391D}.MinSizeRel|x64.ActiveCfg = MinSizeRel|x64
		{D64B344F-EEC8-3694-B368-C392B765391D}.MinSizeRel|x64.Build.0 = MinSizeRel|x64
		{D64B344F-EEC8-3694-B368-C392B765391D}.RelWithDebInfo|x64.ActiveCfg = RelWithDebInfo|x64
		{D64B344F-EEC8-3694-B368-C392B765391D}.RelWithDebInfo|x64.Build.0 = RelWithDebInfo|x64
		{C8CFA7C2-F522-3FFF-9F61-BFA5D8EC2244}.Debug|x64.ActiveCfg = Debug|x64
		{C8CFA7C2-F522-3FFF-9F61-BFA5D8EC2244}.Release|x64.ActiveCfg = Release|x64
		{C8CFA7C2-F522-3FFF-9F61-BFA5D8EC2244}.MinSizeRel|x64.ActiveCfg = MinSizeRel|x64
		{C8CFA7C2-F522-3FFF-9F61-BFA5D8EC2244}.RelWithDebInfo|x64.ActiveCfg = RelWithDebInfo|x64
		{495BACC6-54C4-3A84-9DE8-97AD3D3D839A}.Debug|x64.ActiveCfg = Debug|x64
		{495BACC6-54C4-3A84-9DE8-97AD3D3D839A}.Release|x64.ActiveCfg = Release|x64
		{495BACC6-54C4-3A84-9DE8-97AD3D3D839A}.MinSizeRel|x64.ActiveCfg = MinSizeRel|x64
		{495BACC6-54C4-3A84-9DE8-97AD3D3D839A}.RelWithDebInfo|x64.ActiveCfg = RelWithDebInfo|x64
		{25DF73EC-F007-3E44-A90A-6E9B30231FED}.Debug|x64.ActiveCfg = Debug|x64
		{25DF73EC-F007-3E44-A90A-6E9B30231FED}.Debug|x64.Build.0 = Debug|x64
		{25DF73EC-F007-3E44-A90A-6E9B30231FED}.Release|x64.ActiveCfg = Release|x64
		{25DF73EC-F007-3E44-A90A-6E9B30231FED}.Release|x64.Build.0 = Release|x64
		{25DF73EC-F007-3E44-A90A-6E9B30231FED}.MinSizeRel|x64.ActiveCfg = MinSizeRel|x64
		{25DF73EC-F007-3E44-A90A-6E9B30231FED}.MinSizeRel|x64.Build.0 = MinSizeRel|x64
		{25DF73EC-F007-3E44-A90A-6E9B30231FED}.RelWithDebInfo|x64.ActiveCfg = RelWithDebInfo|x64
		{25DF73EC-F007-3E44-A90A-6E9B30231FED}.RelWithDebInfo|x64.Build.0 = RelWithDebInfo|x64
		{21920D71-B0E7-36DB-9E72-FFC77F6776B6}.Debug|x64.ActiveCfg = Debug|x64
		{21920D71-B0E7-36DB-9E72-FFC77F6776B6}.Debug|x64.Build.0 = Debug|x64
		{21920D71-B0E7-36DB-9E72-FFC77F6776B6}.Release|x64.ActiveCfg = Release|x64
		{21920D71-B0E7-36DB-9E72-FFC77F6776B6}.Release|x64.Build.0 = Release|x64
		{21920D71-B0E7-36DB-9E72-FFC77F6776B6}.MinSizeRel|x64.ActiveCfg = MinSizeRel|x64
		{21920D71-B0E7-36DB-9E72-FFC77F6776B6}.MinSizeRel|x64.Build.0 = MinSizeRel|x64
		{21920D71-B0E7-36DB-9E72-FFC77F6776B6}.RelWithDebInfo|x64.ActiveCfg = RelWithDebInfo|x64
		{21920D71-B0E7-36DB-9E72-FFC77F6776B6}.RelWithDebInfo|x64.Build.0 = RelWithDebInfo|x64
		{D3035629-2D29-3454-A2A4-4321D79084A2}.Debug|x64.ActiveCfg = Debug|x64
		{D3035629-2D29-3454-A2A4-4321D79084A2}.Debug|x64.Build.0 = Debug|x64
		{D3035629-2D29-3454-A2A4-4321D79084A2}.Release|x64.ActiveCfg = Release|x64
		{D3035629-2D29-3454-A2A4-4321D79084A2}.Release|x64.Build.0 = Release|x64
		{D3035629-2D29-3454-A2A4-4321D79084A2}.MinSizeRel|x64.ActiveCfg = MinSizeRel|x64
		{D3035629-2D29-3454-A2A4-4321D79084A2}.MinSizeRel|x64.Build.0 = MinSizeRel|x64
		{D3035629-2D29-3454-A2A4-4321D79084A2}.RelWithDebInfo|x64.ActiveCfg = RelWithDebInfo|x64
		{D3035629-2D29-3454-A2A4-4321D79084A2}.RelWithDebInfo|x64.Build.0 = RelWithDebInfo|x64
		{354C6337-CAC8-3FA4-8777-766DFB4038C9}.Debug|x64.ActiveCfg = Debug|x64
		{354C6337-CAC8-3FA4-8777-766DFB4038C9}.Debug|x64.Build.0 = Debug|x64
		{354C6337-CAC8-3FA4-8777-766DFB4038C9}.Release|x64.ActiveCfg = Release|x64
		{354C6337-CAC8-3FA4-8777-766DFB4038C9}.Release|x64.Build.0 = Release|x64
		{354C6337-CAC8-3FA4-8777-766DFB4038C9}.MinSizeRel|x64.ActiveCfg = MinSizeRel|x64
		{354C6337-CAC8-3FA4-8777-766DFB4038C9}.MinSizeRel|x64.Build.0 = MinSizeRel|x64
		{354C6337-CAC8-3FA4-8777-766DFB4038C9}.RelWithDebInfo|x64.ActiveCfg = RelWithDebInfo|x64
		{354C6337-CAC8-3FA4-8777-766DFB4038C9}.RelWithDebInfo|x64.Build.0 = RelWithDebInfo|x64
		{5A7EEEF9-D644-3A82-8DC0-F22AD39DD4DE}.Debug|x64.ActiveCfg = Debug|x64
		{5A7EEEF9-D644-3A82-8DC0-F22AD39DD4DE}.Release|x64.ActiveCfg = Release|x64
		{5A7EEEF9-D644-3A82-8DC0-F22AD39DD4DE}.MinSizeRel|x64.ActiveCfg = MinSizeRel|x64
		{5A7EEEF9-D644-3A82-8DC0-F22AD39DD4DE}.RelWithDebInfo|x64.ActiveCfg = RelWithDebInfo|x64
		{03360E14-2124-3493-9F61-83E5993DED74}.Debug|x64.ActiveCfg = Debug|x64
		{03360E14-2124-3493-9F61-83E5993DED74}.Debug|x64.Build.0 = Debug|x64
		{03360E14-2124-3493-9F61-83E5993DED74}.Release|x64.ActiveCfg = Release|x64
		{03360E14-2124-3493-9F61-83E5993DED74}.Release|x64.Build.0 = Release|x64
		{03360E14-2124-3493-9F61-83E5993DED74}.MinSizeRel|x64.ActiveCfg = MinSizeRel|x64
		{03360E14-2124-3493-9F61-83E5993DED74}.MinSizeRel|x64.Build.0 = MinSizeRel|x64
		{03360E14-2124-3493-9F61-83E5993DED74}.RelWithDebInfo|x64.ActiveCfg = RelWithDebInfo|x64
		{03360E14-2124-3493-9F61-83E5993DED74}.RelWithDebInfo|x64.Build.0 = RelWithDebInfo|x64
		{04953CDC-0B1C-3D70-8B46-6F914FE8005E}.Debug|x64.ActiveCfg = Debug|x64
		{04953CDC-0B1C-3D70-8B46-6F914FE8005E}.Debug|x64.Build.0 = Debug|x64
		{04953CDC-0B1C-3D70-8B46-6F914FE8005E}.Release|x64.ActiveCfg = Release|x64
		{04953CDC-0B1C-3D70-8B46-6F914FE8005E}.Release|x64.Build.0 = Release|x64
		{04953CDC-0B1C-3D70-8B46-6F914FE8005E}.MinSizeRel|x64.ActiveCfg = MinSizeRel|x64
		{04953CDC-0B1C-3D70-8B46-6F914FE8005E}.MinSizeRel|x64.Build.0 = MinSizeRel|x64
		{04953CDC-0B1C-3D70-8B46-6F914FE8005E}.RelWithDebInfo|x64.ActiveCfg = RelWithDebInfo|x64
		{04953CDC-0B1C-3D70-8B46-6F914FE8005E}.RelWithDebInfo|x64.Build.0 = RelWithDebInfo|x64
		{0F3570B8-EAE9-3087-934F-0D132FFC9999}.Debug|x64.ActiveCfg = Debug|x64
		{0F3570B8-EAE9-3087-934F-0D132FFC9999}.Debug|x64.Build.0 = Debug|x64
		{0F3570B8-EAE9-3087-934F-0D132FFC9999}.Release|x64.ActiveCfg = Release|x64
		{0F3570B8-EAE9-3087-934F-0D132FFC9999}.Release|x64.Build.0 = Release|x64
		{0F3570B8-EAE9-3087-934F-0D132FFC9999}.MinSizeRel|x64.ActiveCfg = MinSizeRel|x64
		{0F3570B8-EAE9-3087-934F-0D132FFC9999}.MinSizeRel|x64.Build.0 = MinSizeRel|x64
		{0F3570B8-EAE9-3087-934F-0D132FFC9999}.RelWithDebInfo|x64.ActiveCfg = RelWithDebInfo|x64
		{0F3570B8-EAE9-3087-934F-0D132FFC9999}.RelWithDebInfo|x64.Build.0 = RelWithDebInfo|x64
		{0E41D812-7E32-3358-A5ED-771AC272DFDD}.Debug|x64.ActiveCfg = Debug|x64
		{0E41D812-7E32-3358-A5ED-771AC272DFDD}.Debug|x64.Build.0 = Debug|x64
		{0E41D812-7E32-3358-A5ED-771AC272DFDD}.Release|x64.ActiveCfg = Release|x64
		{0E41D812-7E32-3358-A5ED-771AC272DFDD}.Release|x64.Build.0 = Release|x64
		{0E41D812-7E32-3358-A5ED-771AC272DFDD}.MinSizeRel|x64.ActiveCfg = MinSizeRel|x64
		{0E41D812-7E32-3358-A5ED-771AC272DFDD}.MinSizeRel|x64.Build.0 = MinSizeRel|x64
		{0E41D812-7E32-3358-A5ED-771AC272DFDD}.RelWithDebInfo|x64.ActiveCfg = RelWithDebInfo|x64
		{0E41D812-7E32-3358-A5ED-771AC272DFDD}.RelWithDebInfo|x64.Build.0 = RelWithDebInfo|x64
		{C932210E-9D7F-3563-9D79-25A49BF48185}.Debug|x64.ActiveCfg = Debug|x64
		{C932210E-9D7F-3563-9D79-25A49BF48185}.Debug|x64.Build.0 = Debug|x64
		{C932210E-9D7F-3563-9D79-25A49BF48185}.Release|x64.ActiveCfg = Release|x64
		{C932210E-9D7F-3563-9D79-25A49BF48185}.Release|x64.Build.0 = Release|x64
		{C932210E-9D7F-3563-9D79-25A49BF48185}.MinSizeRel|x64.ActiveCfg = MinSizeRel|x64
		{C932210E-9D7F-3563-9D79-25A49BF48185}.MinSizeRel|x64.Build.0 = MinSizeRel|x64
		{C932210E-9D7F-3563-9D79-25A49BF48185}.RelWithDebInfo|x64.ActiveCfg = RelWithDebInfo|x64
		{C932210E-9D7F-3563-9D79-25A49BF48185}.RelWithDebInfo|x64.Build.0 = RelWithDebInfo|x64
	EndGlobalSection
	GlobalSection(ExtensibilityGlobals) = postSolution
		SolutionGuid = {E59C6263-9B9B-3188-99DD-530A12FB5D3F}
	EndGlobalSection
	GlobalSection(ExtensibilityAddIns) = postSolution
	EndGlobalSection
EndGlobal
